// !$*UTF8*$!
{
	archiveVersion = 1;
	classes = {
	};
	objectVersion = 56;
	objects = {

/* Begin PBXBuildFile section */
		9F0975E22AF590C10001C9E3 /* ButtomToolbar.swift in Sources */ = {isa = PBXBuildFile; fileRef = 9F0975E12AF590C10001C9E3 /* ButtomToolbar.swift */; };
		9F1019A52B2707AF0041CB7D /* OnAddList.swift in Sources */ = {isa = PBXBuildFile; fileRef = 9F1019A42B2707AF0041CB7D /* OnAddList.swift */; };
		9F1019A72B2710B10041CB7D /* InfoPopoverButton.swift in Sources */ = {isa = PBXBuildFile; fileRef = 9F1019A62B2710B10041CB7D /* InfoPopoverButton.swift */; };
		9F11D7942B22726B0050A3AD /* CopyableVocabularies.swift in Sources */ = {isa = PBXBuildFile; fileRef = 9F11D7932B22726B0050A3AD /* CopyableVocabularies.swift */; };
		9F11D7962B2274BC0050A3AD /* CuttableVocabularies.swift in Sources */ = {isa = PBXBuildFile; fileRef = 9F11D7952B2274BC0050A3AD /* CuttableVocabularies.swift */; };
		9F11D7982B22762C0050A3AD /* VocabulariesPasteDestination.swift in Sources */ = {isa = PBXBuildFile; fileRef = 9F11D7972B22762C0050A3AD /* VocabulariesPasteDestination.swift */; };
		9F23D9412B0BF53200C90BBB /* Array.swift in Sources */ = {isa = PBXBuildFile; fileRef = 9F23D9402B0BF53200C90BBB /* Array.swift */; };
		9F2767322B0525A900C99231 /* Vocabulary UTType.swift in Sources */ = {isa = PBXBuildFile; fileRef = 9F2767312B0525A900C99231 /* Vocabulary UTType.swift */; };
		9F46EFBC2AE81F5D0006E5F3 /* Tag.swift in Sources */ = {isa = PBXBuildFile; fileRef = 9F46EFBB2AE81F5D0006E5F3 /* Tag.swift */; };
		9F46EFBF2AE83C510006E5F3 /* ContentView.swift in Sources */ = {isa = PBXBuildFile; fileRef = 9F46EFBE2AE83C510006E5F3 /* ContentView.swift */; };
		9F46EFC12AE83EB90006E5F3 /* ListTableView.swift in Sources */ = {isa = PBXBuildFile; fileRef = 9F46EFC02AE83EB90006E5F3 /* ListTableView.swift */; };
		9F77411A2B1343DC00565B42 /* EditVocabularyView.swift in Sources */ = {isa = PBXBuildFile; fileRef = 9F7741192B1343DC00565B42 /* EditVocabularyView.swift */; };
		9F77411D2B13457A00565B42 /* VocabularyTextField.swift in Sources */ = {isa = PBXBuildFile; fileRef = 9F77411C2B13457A00565B42 /* VocabularyTextField.swift */; };
		9F77411F2B1345B200565B42 /* VocabularyToggle.swift in Sources */ = {isa = PBXBuildFile; fileRef = 9F77411E2B1345B200565B42 /* VocabularyToggle.swift */; };
		9F7741212B1345DA00565B42 /* WordGroupPicker.swift in Sources */ = {isa = PBXBuildFile; fileRef = 9F7741202B1345DA00565B42 /* WordGroupPicker.swift */; };
		9F7741232B1345F100565B42 /* TagMultiPicker.swift in Sources */ = {isa = PBXBuildFile; fileRef = 9F7741222B1345F100565B42 /* TagMultiPicker.swift */; };
		9F7741252B134AC600565B42 /* LearningLevelPicker.swift in Sources */ = {isa = PBXBuildFile; fileRef = 9F7741242B134AC500565B42 /* LearningLevelPicker.swift */; };
		9F7F6C432B168D75001B266A /* ModelContext.swift in Sources */ = {isa = PBXBuildFile; fileRef = 9F7F6C422B168D75001B266A /* ModelContext.swift */; };
		9F7F6C452B177E7D001B266A /* SidebarView.swift in Sources */ = {isa = PBXBuildFile; fileRef = 9F7F6C442B177E7D001B266A /* SidebarView.swift */; };
		9F7F6C472B1781E2001B266A /* Badge.swift in Sources */ = {isa = PBXBuildFile; fileRef = 9F7F6C462B1781E2001B266A /* Badge.swift */; };
		9F7F6C492B1784ED001B266A /* LearningStateInfoButton.swift in Sources */ = {isa = PBXBuildFile; fileRef = 9F7F6C482B1784ED001B266A /* LearningStateInfoButton.swift */; };
		9F7F6C4B2B178EC7001B266A /* DeletingConfirmationDialog.swift in Sources */ = {isa = PBXBuildFile; fileRef = 9F7F6C4A2B178EC7001B266A /* DeletingConfirmationDialog.swift */; };
		9F7F6C4D2B17A188001B266A /* TransferConvertable.swift in Sources */ = {isa = PBXBuildFile; fileRef = 9F7F6C4C2B17A188001B266A /* TransferConvertable.swift */; };
		9FC583162AE6F70900A56141 /* VocabloApp.swift in Sources */ = {isa = PBXBuildFile; fileRef = 9FC583152AE6F70900A56141 /* VocabloApp.swift */; };
		9FC5831A2AE6F70A00A56141 /* Assets.xcassets in Resources */ = {isa = PBXBuildFile; fileRef = 9FC583192AE6F70A00A56141 /* Assets.xcassets */; };
		9FC5831E2AE6F70A00A56141 /* Preview Assets.xcassets in Resources */ = {isa = PBXBuildFile; fileRef = 9FC5831D2AE6F70A00A56141 /* Preview Assets.xcassets */; };
		9FC583272AE7080E00A56141 /* VocabularyList.swift in Sources */ = {isa = PBXBuildFile; fileRef = 9FC583262AE7080E00A56141 /* VocabularyList.swift */; };
		9FC583292AE7085400A56141 /* Vocabulary.swift in Sources */ = {isa = PBXBuildFile; fileRef = 9FC583282AE7085400A56141 /* Vocabulary.swift */; };
		9FC5832B2AE7088B00A56141 /* WordGroup.swift in Sources */ = {isa = PBXBuildFile; fileRef = 9FC5832A2AE7088B00A56141 /* WordGroup.swift */; };
		9FDE39DB2B1E78E7000EC63E /* LearnView.swift in Sources */ = {isa = PBXBuildFile; fileRef = 9FDE39DA2B1E78E7000EC63E /* LearnView.swift */; };
		9FEAC8082B24D06100AA7133 /* VocabloScene.swift in Sources */ = {isa = PBXBuildFile; fileRef = 9FEAC8072B24D06100AA7133 /* VocabloScene.swift */; };
		9FEAC8132B26033A00AA7133 /* OnAddVocabulary.swift in Sources */ = {isa = PBXBuildFile; fileRef = 9FEAC8122B26033A00AA7133 /* OnAddVocabulary.swift */; };
		9FF01AAC2B152EB30038BEAE /* VocabularyListView.swift in Sources */ = {isa = PBXBuildFile; fileRef = 9FF01AAB2B152EB30038BEAE /* VocabularyListView.swift */; };
		9FF0F6A02B0401F400693857 /* VocabularyPack UTType.swift in Sources */ = {isa = PBXBuildFile; fileRef = 9FF0F69F2B0401F400693857 /* VocabularyPack UTType.swift */; };
		9FFB36182AED93A500E510CA /* Learnable.swift in Sources */ = {isa = PBXBuildFile; fileRef = 9FFB36172AED93A500E510CA /* Learnable.swift */; };
		9FFB361A2AED952C00E510CA /* LearningState.swift in Sources */ = {isa = PBXBuildFile; fileRef = 9FFB36192AED952C00E510CA /* LearningState.swift */; };
		9FFB361E2AED9AE300E510CA /* LearningView.swift in Sources */ = {isa = PBXBuildFile; fileRef = 9FFB361D2AED9AE300E510CA /* LearningView.swift */; };
		9FFB36222AF0427F00E510CA /* LearningLevel.swift in Sources */ = {isa = PBXBuildFile; fileRef = 9FFB36212AF0427F00E510CA /* LearningLevel.swift */; };
/* End PBXBuildFile section */

/* Begin PBXFileReference section */
		9F0975E12AF590C10001C9E3 /* ButtomToolbar.swift */ = {isa = PBXFileReference; lastKnownFileType = sourcecode.swift; path = ButtomToolbar.swift; sourceTree = "<group>"; };
		9F1019A42B2707AF0041CB7D /* OnAddList.swift */ = {isa = PBXFileReference; lastKnownFileType = sourcecode.swift; path = OnAddList.swift; sourceTree = "<group>"; };
		9F1019A62B2710B10041CB7D /* InfoPopoverButton.swift */ = {isa = PBXFileReference; lastKnownFileType = sourcecode.swift; path = InfoPopoverButton.swift; sourceTree = "<group>"; };
		9F11D7932B22726B0050A3AD /* CopyableVocabularies.swift */ = {isa = PBXFileReference; lastKnownFileType = sourcecode.swift; path = CopyableVocabularies.swift; sourceTree = "<group>"; };
		9F11D7952B2274BC0050A3AD /* CuttableVocabularies.swift */ = {isa = PBXFileReference; lastKnownFileType = sourcecode.swift; path = CuttableVocabularies.swift; sourceTree = "<group>"; };
		9F11D7972B22762C0050A3AD /* VocabulariesPasteDestination.swift */ = {isa = PBXFileReference; lastKnownFileType = sourcecode.swift; path = VocabulariesPasteDestination.swift; sourceTree = "<group>"; };
		9F23D9402B0BF53200C90BBB /* Array.swift */ = {isa = PBXFileReference; lastKnownFileType = sourcecode.swift; path = Array.swift; sourceTree = "<group>"; };
		9F2767312B0525A900C99231 /* Vocabulary UTType.swift */ = {isa = PBXFileReference; lastKnownFileType = sourcecode.swift; path = "Vocabulary UTType.swift"; sourceTree = "<group>"; };
		9F46EFBB2AE81F5D0006E5F3 /* Tag.swift */ = {isa = PBXFileReference; lastKnownFileType = sourcecode.swift; path = Tag.swift; sourceTree = "<group>"; };
		9F46EFBE2AE83C510006E5F3 /* ContentView.swift */ = {isa = PBXFileReference; lastKnownFileType = sourcecode.swift; path = ContentView.swift; sourceTree = "<group>"; };
		9F46EFC02AE83EB90006E5F3 /* ListTableView.swift */ = {isa = PBXFileReference; lastKnownFileType = sourcecode.swift; path = ListTableView.swift; sourceTree = "<group>"; };
		9F7741192B1343DC00565B42 /* EditVocabularyView.swift */ = {isa = PBXFileReference; lastKnownFileType = sourcecode.swift; path = EditVocabularyView.swift; sourceTree = "<group>"; };
		9F77411C2B13457A00565B42 /* VocabularyTextField.swift */ = {isa = PBXFileReference; lastKnownFileType = sourcecode.swift; path = VocabularyTextField.swift; sourceTree = "<group>"; };
		9F77411E2B1345B200565B42 /* VocabularyToggle.swift */ = {isa = PBXFileReference; lastKnownFileType = sourcecode.swift; path = VocabularyToggle.swift; sourceTree = "<group>"; };
		9F7741202B1345DA00565B42 /* WordGroupPicker.swift */ = {isa = PBXFileReference; lastKnownFileType = sourcecode.swift; path = WordGroupPicker.swift; sourceTree = "<group>"; };
		9F7741222B1345F100565B42 /* TagMultiPicker.swift */ = {isa = PBXFileReference; lastKnownFileType = sourcecode.swift; path = TagMultiPicker.swift; sourceTree = "<group>"; };
		9F7741242B134AC500565B42 /* LearningLevelPicker.swift */ = {isa = PBXFileReference; lastKnownFileType = sourcecode.swift; path = LearningLevelPicker.swift; sourceTree = "<group>"; };
		9F7F6C422B168D75001B266A /* ModelContext.swift */ = {isa = PBXFileReference; lastKnownFileType = sourcecode.swift; path = ModelContext.swift; sourceTree = "<group>"; };
		9F7F6C442B177E7D001B266A /* SidebarView.swift */ = {isa = PBXFileReference; lastKnownFileType = sourcecode.swift; path = SidebarView.swift; sourceTree = "<group>"; };
		9F7F6C462B1781E2001B266A /* Badge.swift */ = {isa = PBXFileReference; lastKnownFileType = sourcecode.swift; path = Badge.swift; sourceTree = "<group>"; };
		9F7F6C482B1784ED001B266A /* LearningStateInfoButton.swift */ = {isa = PBXFileReference; lastKnownFileType = sourcecode.swift; path = LearningStateInfoButton.swift; sourceTree = "<group>"; };
		9F7F6C4A2B178EC7001B266A /* DeletingConfirmationDialog.swift */ = {isa = PBXFileReference; lastKnownFileType = sourcecode.swift; path = DeletingConfirmationDialog.swift; sourceTree = "<group>"; };
		9F7F6C4C2B17A188001B266A /* TransferConvertable.swift */ = {isa = PBXFileReference; lastKnownFileType = sourcecode.swift; path = TransferConvertable.swift; sourceTree = "<group>"; };
		9FAF88472AEAE9E000D81CE0 /* Info.plist */ = {isa = PBXFileReference; lastKnownFileType = text.plist; path = Info.plist; sourceTree = "<group>"; };
		9FC583122AE6F70900A56141 /* Vocablo.app */ = {isa = PBXFileReference; explicitFileType = wrapper.application; includeInIndex = 0; path = Vocablo.app; sourceTree = BUILT_PRODUCTS_DIR; };
		9FC583152AE6F70900A56141 /* VocabloApp.swift */ = {isa = PBXFileReference; lastKnownFileType = sourcecode.swift; path = VocabloApp.swift; sourceTree = "<group>"; };
		9FC583192AE6F70A00A56141 /* Assets.xcassets */ = {isa = PBXFileReference; lastKnownFileType = folder.assetcatalog; path = Assets.xcassets; sourceTree = "<group>"; };
		9FC5831B2AE6F70A00A56141 /* Vocablo.entitlements */ = {isa = PBXFileReference; lastKnownFileType = text.plist.entitlements; path = Vocablo.entitlements; sourceTree = "<group>"; };
		9FC5831D2AE6F70A00A56141 /* Preview Assets.xcassets */ = {isa = PBXFileReference; lastKnownFileType = folder.assetcatalog; path = "Preview Assets.xcassets"; sourceTree = "<group>"; };
		9FC583262AE7080E00A56141 /* VocabularyList.swift */ = {isa = PBXFileReference; lastKnownFileType = sourcecode.swift; path = VocabularyList.swift; sourceTree = "<group>"; };
		9FC583282AE7085400A56141 /* Vocabulary.swift */ = {isa = PBXFileReference; lastKnownFileType = sourcecode.swift; path = Vocabulary.swift; sourceTree = "<group>"; };
		9FC5832A2AE7088B00A56141 /* WordGroup.swift */ = {isa = PBXFileReference; lastKnownFileType = sourcecode.swift; path = WordGroup.swift; sourceTree = "<group>"; };
		9FDE39DA2B1E78E7000EC63E /* LearnView.swift */ = {isa = PBXFileReference; lastKnownFileType = sourcecode.swift; path = LearnView.swift; sourceTree = "<group>"; };
		9FEAC8072B24D06100AA7133 /* VocabloScene.swift */ = {isa = PBXFileReference; lastKnownFileType = sourcecode.swift; path = VocabloScene.swift; sourceTree = "<group>"; };
		9FEAC8122B26033A00AA7133 /* OnAddVocabulary.swift */ = {isa = PBXFileReference; lastKnownFileType = sourcecode.swift; path = OnAddVocabulary.swift; sourceTree = "<group>"; };
		9FF01AAB2B152EB30038BEAE /* VocabularyListView.swift */ = {isa = PBXFileReference; lastKnownFileType = sourcecode.swift; path = VocabularyListView.swift; sourceTree = "<group>"; };
		9FF0F69F2B0401F400693857 /* VocabularyPack UTType.swift */ = {isa = PBXFileReference; lastKnownFileType = sourcecode.swift; path = "VocabularyPack UTType.swift"; sourceTree = "<group>"; };
		9FFB36172AED93A500E510CA /* Learnable.swift */ = {isa = PBXFileReference; lastKnownFileType = sourcecode.swift; path = Learnable.swift; sourceTree = "<group>"; };
		9FFB36192AED952C00E510CA /* LearningState.swift */ = {isa = PBXFileReference; lastKnownFileType = sourcecode.swift; path = LearningState.swift; sourceTree = "<group>"; };
		9FFB361D2AED9AE300E510CA /* LearningView.swift */ = {isa = PBXFileReference; lastKnownFileType = sourcecode.swift; path = LearningView.swift; sourceTree = "<group>"; };
		9FFB36212AF0427F00E510CA /* LearningLevel.swift */ = {isa = PBXFileReference; lastKnownFileType = sourcecode.swift; path = LearningLevel.swift; sourceTree = "<group>"; };
/* End PBXFileReference section */

/* Begin PBXFrameworksBuildPhase section */
		9FC5830F2AE6F70900A56141 /* Frameworks */ = {
			isa = PBXFrameworksBuildPhase;
			buildActionMask = 2147483647;
			files = (
			);
			runOnlyForDeploymentPostprocessing = 0;
		};
/* End PBXFrameworksBuildPhase section */

/* Begin PBXGroup section */
		9F0975E02AF590810001C9E3 /* view modifier */ = {
			isa = PBXGroup;
			children = (
				9F0975E12AF590C10001C9E3 /* ButtomToolbar.swift */,
				9F7F6C462B1781E2001B266A /* Badge.swift */,
				9F7F6C4A2B178EC7001B266A /* DeletingConfirmationDialog.swift */,
				9F11D7932B22726B0050A3AD /* CopyableVocabularies.swift */,
				9F11D7952B2274BC0050A3AD /* CuttableVocabularies.swift */,
				9F11D7972B22762C0050A3AD /* VocabulariesPasteDestination.swift */,
				9FEAC8122B26033A00AA7133 /* OnAddVocabulary.swift */,
				9F1019A42B2707AF0041CB7D /* OnAddList.swift */,
			);
			path = "view modifier";
			sourceTree = "<group>";
		};
		9F1C25292B17EA3900E407C1 /* archiev */ = {
			isa = PBXGroup;
			children = (
				9FFB361D2AED9AE300E510CA /* LearningView.swift */,
				9F46EFC02AE83EB90006E5F3 /* ListTableView.swift */,
			);
			path = archiev;
			sourceTree = "<group>";
		};
		9F23D93F2B0BF52800C90BBB /* extensions */ = {
			isa = PBXGroup;
			children = (
				9F23D9402B0BF53200C90BBB /* Array.swift */,
				9F7F6C422B168D75001B266A /* ModelContext.swift */,
			);
			path = extensions;
			sourceTree = "<group>";
		};
		9F46EFBD2AE823D20006E5F3 /* types */ = {
			isa = PBXGroup;
			children = (
				9FC5832A2AE7088B00A56141 /* WordGroup.swift */,
				9FFB36192AED952C00E510CA /* LearningState.swift */,
				9FFB36212AF0427F00E510CA /* LearningLevel.swift */,
				9FFB36172AED93A500E510CA /* Learnable.swift */,
				9F7F6C4C2B17A188001B266A /* TransferConvertable.swift */,
			);
			path = types;
			sourceTree = "<group>";
		};
		9F77411B2B13452D00565B42 /* view components */ = {
			isa = PBXGroup;
			children = (
				9F77411C2B13457A00565B42 /* VocabularyTextField.swift */,
				9F77411E2B1345B200565B42 /* VocabularyToggle.swift */,
				9F7741202B1345DA00565B42 /* WordGroupPicker.swift */,
				9F7741222B1345F100565B42 /* TagMultiPicker.swift */,
				9F7741242B134AC500565B42 /* LearningLevelPicker.swift */,
				9F7F6C482B1784ED001B266A /* LearningStateInfoButton.swift */,
				9F1019A62B2710B10041CB7D /* InfoPopoverButton.swift */,
			);
			path = "view components";
			sourceTree = "<group>";
		};
		9FC583092AE6F70900A56141 = {
			isa = PBXGroup;
			children = (
				9FC583142AE6F70900A56141 /* Vocablo */,
				9FC583132AE6F70900A56141 /* Products */,
			);
			sourceTree = "<group>";
		};
		9FC583132AE6F70900A56141 /* Products */ = {
			isa = PBXGroup;
			children = (
				9FC583122AE6F70900A56141 /* Vocablo.app */,
			);
			name = Products;
			sourceTree = "<group>";
		};
		9FC583142AE6F70900A56141 /* Vocablo */ = {
			isa = PBXGroup;
			children = (
				9FAF88472AEAE9E000D81CE0 /* Info.plist */,
				9FC583152AE6F70900A56141 /* VocabloApp.swift */,
				9FEAC8072B24D06100AA7133 /* VocabloScene.swift */,
				9FC583252AE707CB00A56141 /* ui */,
				9FC583242AE707C600A56141 /* data */,
				9F1C25292B17EA3900E407C1 /* archiev */,
				9FC583192AE6F70A00A56141 /* Assets.xcassets */,
				9FC5831B2AE6F70A00A56141 /* Vocablo.entitlements */,
				9FC5831C2AE6F70A00A56141 /* Preview Content */,
			);
			path = Vocablo;
			sourceTree = "<group>";
		};
		9FC5831C2AE6F70A00A56141 /* Preview Content */ = {
			isa = PBXGroup;
			children = (
				9FC5831D2AE6F70A00A56141 /* Preview Assets.xcassets */,
			);
			path = "Preview Content";
			sourceTree = "<group>";
		};
		9FC583242AE707C600A56141 /* data */ = {
			isa = PBXGroup;
			children = (
				9F23D93F2B0BF52800C90BBB /* extensions */,
				9FF0F69E2B0401E200693857 /* uttype */,
				9F46EFBD2AE823D20006E5F3 /* types */,
				9FC583262AE7080E00A56141 /* VocabularyList.swift */,
				9FC583282AE7085400A56141 /* Vocabulary.swift */,
				9F46EFBB2AE81F5D0006E5F3 /* Tag.swift */,
			);
			path = data;
			sourceTree = "<group>";
		};
		9FC583252AE707CB00A56141 /* ui */ = {
			isa = PBXGroup;
			children = (
				9F77411B2B13452D00565B42 /* view components */,
				9F0975E02AF590810001C9E3 /* view modifier */,
				9F46EFBE2AE83C510006E5F3 /* ContentView.swift */,
				9F7F6C442B177E7D001B266A /* SidebarView.swift */,
				9FF01AAB2B152EB30038BEAE /* VocabularyListView.swift */,
				9FDE39DA2B1E78E7000EC63E /* LearnView.swift */,
				9F7741192B1343DC00565B42 /* EditVocabularyView.swift */,
			);
			path = ui;
			sourceTree = "<group>";
		};
		9FF0F69E2B0401E200693857 /* uttype */ = {
			isa = PBXGroup;
			children = (
				9FF0F69F2B0401F400693857 /* VocabularyPack UTType.swift */,
				9F2767312B0525A900C99231 /* Vocabulary UTType.swift */,
			);
			path = uttype;
			sourceTree = "<group>";
		};
/* End PBXGroup section */

/* Begin PBXNativeTarget section */
		9FC583112AE6F70900A56141 /* Vocablo */ = {
			isa = PBXNativeTarget;
			buildConfigurationList = 9FC583212AE6F70A00A56141 /* Build configuration list for PBXNativeTarget "Vocablo" */;
			buildPhases = (
				9FC5830E2AE6F70900A56141 /* Sources */,
				9FC5830F2AE6F70900A56141 /* Frameworks */,
				9FC583102AE6F70900A56141 /* Resources */,
			);
			buildRules = (
			);
			dependencies = (
			);
			name = Vocablo;
			productName = Vocablo;
			productReference = 9FC583122AE6F70900A56141 /* Vocablo.app */;
			productType = "com.apple.product-type.application";
		};
/* End PBXNativeTarget section */

/* Begin PBXProject section */
		9FC5830A2AE6F70900A56141 /* Project object */ = {
			isa = PBXProject;
			attributes = {
				BuildIndependentTargetsInParallel = 1;
				LastSwiftUpdateCheck = 1500;
				LastUpgradeCheck = 1500;
				TargetAttributes = {
					9FC583112AE6F70900A56141 = {
						CreatedOnToolsVersion = 15.0.1;
					};
				};
			};
			buildConfigurationList = 9FC5830D2AE6F70900A56141 /* Build configuration list for PBXProject "Vocablo" */;
			compatibilityVersion = "Xcode 14.0";
			developmentRegion = en;
			hasScannedForEncodings = 0;
			knownRegions = (
				en,
				Base,
			);
			mainGroup = 9FC583092AE6F70900A56141;
			productRefGroup = 9FC583132AE6F70900A56141 /* Products */;
			projectDirPath = "";
			projectRoot = "";
			targets = (
				9FC583112AE6F70900A56141 /* Vocablo */,
			);
		};
/* End PBXProject section */

/* Begin PBXResourcesBuildPhase section */
		9FC583102AE6F70900A56141 /* Resources */ = {
			isa = PBXResourcesBuildPhase;
			buildActionMask = 2147483647;
			files = (
				9FC5831E2AE6F70A00A56141 /* Preview Assets.xcassets in Resources */,
				9FC5831A2AE6F70A00A56141 /* Assets.xcassets in Resources */,
			);
			runOnlyForDeploymentPostprocessing = 0;
		};
/* End PBXResourcesBuildPhase section */

/* Begin PBXSourcesBuildPhase section */
		9FC5830E2AE6F70900A56141 /* Sources */ = {
			isa = PBXSourcesBuildPhase;
			buildActionMask = 2147483647;
			files = (
				9FFB36222AF0427F00E510CA /* LearningLevel.swift in Sources */,
				9F46EFBC2AE81F5D0006E5F3 /* Tag.swift in Sources */,
				9F7741212B1345DA00565B42 /* WordGroupPicker.swift in Sources */,
				9F0975E22AF590C10001C9E3 /* ButtomToolbar.swift in Sources */,
				9F7741232B1345F100565B42 /* TagMultiPicker.swift in Sources */,
				9F7F6C492B1784ED001B266A /* LearningStateInfoButton.swift in Sources */,
				9FEAC8132B26033A00AA7133 /* OnAddVocabulary.swift in Sources */,
				9FEAC8082B24D06100AA7133 /* VocabloScene.swift in Sources */,
				9F46EFC12AE83EB90006E5F3 /* ListTableView.swift in Sources */,
				9FF0F6A02B0401F400693857 /* VocabularyPack UTType.swift in Sources */,
				9F7741252B134AC600565B42 /* LearningLevelPicker.swift in Sources */,
				9F1019A52B2707AF0041CB7D /* OnAddList.swift in Sources */,
				9F7F6C432B168D75001B266A /* ModelContext.swift in Sources */,
				9F7F6C4B2B178EC7001B266A /* DeletingConfirmationDialog.swift in Sources */,
				9FC5832B2AE7088B00A56141 /* WordGroup.swift in Sources */,
				9F11D7982B22762C0050A3AD /* VocabulariesPasteDestination.swift in Sources */,
				9F23D9412B0BF53200C90BBB /* Array.swift in Sources */,
				9FC583272AE7080E00A56141 /* VocabularyList.swift in Sources */,
				9FFB36182AED93A500E510CA /* Learnable.swift in Sources */,
				9FC583162AE6F70900A56141 /* VocabloApp.swift in Sources */,
				9F11D7962B2274BC0050A3AD /* CuttableVocabularies.swift in Sources */,
				9F7F6C4D2B17A188001B266A /* TransferConvertable.swift in Sources */,
				9FFB361E2AED9AE300E510CA /* LearningView.swift in Sources */,
				9F11D7942B22726B0050A3AD /* CopyableVocabularies.swift in Sources */,
				9F77411D2B13457A00565B42 /* VocabularyTextField.swift in Sources */,
				9F1019A72B2710B10041CB7D /* InfoPopoverButton.swift in Sources */,
				9F2767322B0525A900C99231 /* Vocabulary UTType.swift in Sources */,
				9F7F6C452B177E7D001B266A /* SidebarView.swift in Sources */,
				9F77411F2B1345B200565B42 /* VocabularyToggle.swift in Sources */,
				9F77411A2B1343DC00565B42 /* EditVocabularyView.swift in Sources */,
				9FC583292AE7085400A56141 /* Vocabulary.swift in Sources */,
				9F7F6C472B1781E2001B266A /* Badge.swift in Sources */,
				9FDE39DB2B1E78E7000EC63E /* LearnView.swift in Sources */,
				9F46EFBF2AE83C510006E5F3 /* ContentView.swift in Sources */,
				9FF01AAC2B152EB30038BEAE /* VocabularyListView.swift in Sources */,
				9FFB361A2AED952C00E510CA /* LearningState.swift in Sources */,
			);
			runOnlyForDeploymentPostprocessing = 0;
		};
/* End PBXSourcesBuildPhase section */

/* Begin XCBuildConfiguration section */
		9FC5831F2AE6F70A00A56141 /* Debug */ = {
			isa = XCBuildConfiguration;
			buildSettings = {
				ALWAYS_SEARCH_USER_PATHS = NO;
				ASSETCATALOG_COMPILER_GENERATE_SWIFT_ASSET_SYMBOL_EXTENSIONS = YES;
				CLANG_ANALYZER_NONNULL = YES;
				CLANG_ANALYZER_NUMBER_OBJECT_CONVERSION = YES_AGGRESSIVE;
				CLANG_CXX_LANGUAGE_STANDARD = "gnu++20";
				CLANG_ENABLE_MODULES = YES;
				CLANG_ENABLE_OBJC_ARC = YES;
				CLANG_ENABLE_OBJC_WEAK = YES;
				CLANG_WARN_BLOCK_CAPTURE_AUTORELEASING = YES;
				CLANG_WARN_BOOL_CONVERSION = YES;
				CLANG_WARN_COMMA = YES;
				CLANG_WARN_CONSTANT_CONVERSION = YES;
				CLANG_WARN_DEPRECATED_OBJC_IMPLEMENTATIONS = YES;
				CLANG_WARN_DIRECT_OBJC_ISA_USAGE = YES_ERROR;
				CLANG_WARN_DOCUMENTATION_COMMENTS = YES;
				CLANG_WARN_EMPTY_BODY = YES;
				CLANG_WARN_ENUM_CONVERSION = YES;
				CLANG_WARN_INFINITE_RECURSION = YES;
				CLANG_WARN_INT_CONVERSION = YES;
				CLANG_WARN_NON_LITERAL_NULL_CONVERSION = YES;
				CLANG_WARN_OBJC_IMPLICIT_RETAIN_SELF = YES;
				CLANG_WARN_OBJC_LITERAL_CONVERSION = YES;
				CLANG_WARN_OBJC_ROOT_CLASS = YES_ERROR;
				CLANG_WARN_QUOTED_INCLUDE_IN_FRAMEWORK_HEADER = YES;
				CLANG_WARN_RANGE_LOOP_ANALYSIS = YES;
				CLANG_WARN_STRICT_PROTOTYPES = YES;
				CLANG_WARN_SUSPICIOUS_MOVE = YES;
				CLANG_WARN_UNGUARDED_AVAILABILITY = YES_AGGRESSIVE;
				CLANG_WARN_UNREACHABLE_CODE = YES;
				CLANG_WARN__DUPLICATE_METHOD_MATCH = YES;
				COPY_PHASE_STRIP = NO;
				DEBUG_INFORMATION_FORMAT = dwarf;
				ENABLE_STRICT_OBJC_MSGSEND = YES;
				ENABLE_TESTABILITY = YES;
				ENABLE_USER_SCRIPT_SANDBOXING = YES;
				GCC_C_LANGUAGE_STANDARD = gnu17;
				GCC_DYNAMIC_NO_PIC = NO;
				GCC_NO_COMMON_BLOCKS = YES;
				GCC_OPTIMIZATION_LEVEL = 0;
				GCC_PREPROCESSOR_DEFINITIONS = (
					"DEBUG=1",
					"$(inherited)",
				);
				GCC_WARN_64_TO_32_BIT_CONVERSION = YES;
				GCC_WARN_ABOUT_RETURN_TYPE = YES_ERROR;
				GCC_WARN_UNDECLARED_SELECTOR = YES;
				GCC_WARN_UNINITIALIZED_AUTOS = YES_AGGRESSIVE;
				GCC_WARN_UNUSED_FUNCTION = YES;
				GCC_WARN_UNUSED_VARIABLE = YES;
				LOCALIZATION_PREFERS_STRING_CATALOGS = YES;
				MTL_ENABLE_DEBUG_INFO = INCLUDE_SOURCE;
				MTL_FAST_MATH = YES;
				ONLY_ACTIVE_ARCH = YES;
				SWIFT_ACTIVE_COMPILATION_CONDITIONS = "DEBUG $(inherited)";
				SWIFT_OPTIMIZATION_LEVEL = "-Onone";
			};
			name = Debug;
		};
		9FC583202AE6F70A00A56141 /* Release */ = {
			isa = XCBuildConfiguration;
			buildSettings = {
				ALWAYS_SEARCH_USER_PATHS = NO;
				ASSETCATALOG_COMPILER_GENERATE_SWIFT_ASSET_SYMBOL_EXTENSIONS = YES;
				CLANG_ANALYZER_NONNULL = YES;
				CLANG_ANALYZER_NUMBER_OBJECT_CONVERSION = YES_AGGRESSIVE;
				CLANG_CXX_LANGUAGE_STANDARD = "gnu++20";
				CLANG_ENABLE_MODULES = YES;
				CLANG_ENABLE_OBJC_ARC = YES;
				CLANG_ENABLE_OBJC_WEAK = YES;
				CLANG_WARN_BLOCK_CAPTURE_AUTORELEASING = YES;
				CLANG_WARN_BOOL_CONVERSION = YES;
				CLANG_WARN_COMMA = YES;
				CLANG_WARN_CONSTANT_CONVERSION = YES;
				CLANG_WARN_DEPRECATED_OBJC_IMPLEMENTATIONS = YES;
				CLANG_WARN_DIRECT_OBJC_ISA_USAGE = YES_ERROR;
				CLANG_WARN_DOCUMENTATION_COMMENTS = YES;
				CLANG_WARN_EMPTY_BODY = YES;
				CLANG_WARN_ENUM_CONVERSION = YES;
				CLANG_WARN_INFINITE_RECURSION = YES;
				CLANG_WARN_INT_CONVERSION = YES;
				CLANG_WARN_NON_LITERAL_NULL_CONVERSION = YES;
				CLANG_WARN_OBJC_IMPLICIT_RETAIN_SELF = YES;
				CLANG_WARN_OBJC_LITERAL_CONVERSION = YES;
				CLANG_WARN_OBJC_ROOT_CLASS = YES_ERROR;
				CLANG_WARN_QUOTED_INCLUDE_IN_FRAMEWORK_HEADER = YES;
				CLANG_WARN_RANGE_LOOP_ANALYSIS = YES;
				CLANG_WARN_STRICT_PROTOTYPES = YES;
				CLANG_WARN_SUSPICIOUS_MOVE = YES;
				CLANG_WARN_UNGUARDED_AVAILABILITY = YES_AGGRESSIVE;
				CLANG_WARN_UNREACHABLE_CODE = YES;
				CLANG_WARN__DUPLICATE_METHOD_MATCH = YES;
				COPY_PHASE_STRIP = NO;
				DEBUG_INFORMATION_FORMAT = "dwarf-with-dsym";
				ENABLE_NS_ASSERTIONS = NO;
				ENABLE_STRICT_OBJC_MSGSEND = YES;
				ENABLE_USER_SCRIPT_SANDBOXING = YES;
				GCC_C_LANGUAGE_STANDARD = gnu17;
				GCC_NO_COMMON_BLOCKS = YES;
				GCC_WARN_64_TO_32_BIT_CONVERSION = YES;
				GCC_WARN_ABOUT_RETURN_TYPE = YES_ERROR;
				GCC_WARN_UNDECLARED_SELECTOR = YES;
				GCC_WARN_UNINITIALIZED_AUTOS = YES_AGGRESSIVE;
				GCC_WARN_UNUSED_FUNCTION = YES;
				GCC_WARN_UNUSED_VARIABLE = YES;
				LOCALIZATION_PREFERS_STRING_CATALOGS = YES;
				MTL_ENABLE_DEBUG_INFO = NO;
				MTL_FAST_MATH = YES;
				SWIFT_COMPILATION_MODE = wholemodule;
			};
			name = Release;
		};
		9FC583222AE6F70A00A56141 /* Debug */ = {
			isa = XCBuildConfiguration;
			buildSettings = {
				ASSETCATALOG_COMPILER_APPICON_NAME = Appicon;
				ASSETCATALOG_COMPILER_GLOBAL_ACCENT_COLOR_NAME = AccentColor;
				CODE_SIGN_ENTITLEMENTS = Vocablo/Vocablo.entitlements;
				CODE_SIGN_STYLE = Automatic;
				CURRENT_PROJECT_VERSION = 1;
				DEVELOPMENT_ASSET_PATHS = "\"Vocablo/Preview Content\"";
				DEVELOPMENT_TEAM = 5B4LV69C8H;
				ENABLE_HARDENED_RUNTIME = YES;
				ENABLE_PREVIEWS = YES;
				GENERATE_INFOPLIST_FILE = YES;
				INFOPLIST_FILE = Vocablo/Info.plist;
				"INFOPLIST_KEY_UIApplicationSceneManifest_Generation[sdk=iphoneos*]" = YES;
				"INFOPLIST_KEY_UIApplicationSceneManifest_Generation[sdk=iphonesimulator*]" = YES;
				"INFOPLIST_KEY_UIApplicationSupportsIndirectInputEvents[sdk=iphoneos*]" = YES;
				"INFOPLIST_KEY_UIApplicationSupportsIndirectInputEvents[sdk=iphonesimulator*]" = YES;
				"INFOPLIST_KEY_UILaunchScreen_Generation[sdk=iphoneos*]" = YES;
				"INFOPLIST_KEY_UILaunchScreen_Generation[sdk=iphonesimulator*]" = YES;
				"INFOPLIST_KEY_UIStatusBarStyle[sdk=iphoneos*]" = UIStatusBarStyleDefault;
				"INFOPLIST_KEY_UIStatusBarStyle[sdk=iphonesimulator*]" = UIStatusBarStyleDefault;
				INFOPLIST_KEY_UISupportedInterfaceOrientations_iPad = "UIInterfaceOrientationPortrait UIInterfaceOrientationPortraitUpsideDown UIInterfaceOrientationLandscapeLeft UIInterfaceOrientationLandscapeRight";
				INFOPLIST_KEY_UISupportedInterfaceOrientations_iPhone = "UIInterfaceOrientationPortrait UIInterfaceOrientationLandscapeLeft UIInterfaceOrientationLandscapeRight";
				INFOPLIST_KEY_UISupportsDocumentBrowser = YES;
				IPHONEOS_DEPLOYMENT_TARGET = 17.0;
				LD_RUNPATH_SEARCH_PATHS = "@executable_path/Frameworks";
				"LD_RUNPATH_SEARCH_PATHS[sdk=macosx*]" = "@executable_path/../Frameworks";
				MACOSX_DEPLOYMENT_TARGET = 14.0;
				MARKETING_VERSION = 1.0;
				PRODUCT_BUNDLE_IDENTIFIER = com.marceljaeger.Vocablo;
				PRODUCT_NAME = "$(TARGET_NAME)";
				SDKROOT = auto;
				SUPPORTED_PLATFORMS = macosx;
				SUPPORTS_MACCATALYST = NO;
				SWIFT_EMIT_LOC_STRINGS = YES;
				SWIFT_VERSION = 5.0;
			};
			name = Debug;
		};
		9FC583232AE6F70A00A56141 /* Release */ = {
			isa = XCBuildConfiguration;
			buildSettings = {
				ASSETCATALOG_COMPILER_APPICON_NAME = Appicon;
				ASSETCATALOG_COMPILER_GLOBAL_ACCENT_COLOR_NAME = AccentColor;
				CODE_SIGN_ENTITLEMENTS = Vocablo/Vocablo.entitlements;
				CODE_SIGN_STYLE = Automatic;
				CURRENT_PROJECT_VERSION = 1;
				DEVELOPMENT_ASSET_PATHS = "\"Vocablo/Preview Content\"";
				DEVELOPMENT_TEAM = 5B4LV69C8H;
				ENABLE_HARDENED_RUNTIME = YES;
				ENABLE_PREVIEWS = YES;
				GENERATE_INFOPLIST_FILE = YES;
				INFOPLIST_FILE = Vocablo/Info.plist;
				"INFOPLIST_KEY_UIApplicationSceneManifest_Generation[sdk=iphoneos*]" = YES;
				"INFOPLIST_KEY_UIApplicationSceneManifest_Generation[sdk=iphonesimulator*]" = YES;
				"INFOPLIST_KEY_UIApplicationSupportsIndirectInputEvents[sdk=iphoneos*]" = YES;
				"INFOPLIST_KEY_UIApplicationSupportsIndirectInputEvents[sdk=iphonesimulator*]" = YES;
				"INFOPLIST_KEY_UILaunchScreen_Generation[sdk=iphoneos*]" = YES;
				"INFOPLIST_KEY_UILaunchScreen_Generation[sdk=iphonesimulator*]" = YES;
				"INFOPLIST_KEY_UIStatusBarStyle[sdk=iphoneos*]" = UIStatusBarStyleDefault;
				"INFOPLIST_KEY_UIStatusBarStyle[sdk=iphonesimulator*]" = UIStatusBarStyleDefault;
				INFOPLIST_KEY_UISupportedInterfaceOrientations_iPad = "UIInterfaceOrientationPortrait UIInterfaceOrientationPortraitUpsideDown UIInterfaceOrientationLandscapeLeft UIInterfaceOrientationLandscapeRight";
				INFOPLIST_KEY_UISupportedInterfaceOrientations_iPhone = "UIInterfaceOrientationPortrait UIInterfaceOrientationLandscapeLeft UIInterfaceOrientationLandscapeRight";
				INFOPLIST_KEY_UISupportsDocumentBrowser = YES;
				IPHONEOS_DEPLOYMENT_TARGET = 17.0;
				LD_RUNPATH_SEARCH_PATHS = "@executable_path/Frameworks";
				"LD_RUNPATH_SEARCH_PATHS[sdk=macosx*]" = "@executable_path/../Frameworks";
				MACOSX_DEPLOYMENT_TARGET = 14.0;
				MARKETING_VERSION = 1.0;
				PRODUCT_BUNDLE_IDENTIFIER = com.marceljaeger.Vocablo;
				PRODUCT_NAME = "$(TARGET_NAME)";
				SDKROOT = auto;
				SUPPORTED_PLATFORMS = macosx;
				SUPPORTS_MACCATALYST = NO;
				SWIFT_EMIT_LOC_STRINGS = YES;
				SWIFT_VERSION = 5.0;
			};
			name = Release;
		};
/* End XCBuildConfiguration section */

/* Begin XCConfigurationList section */
		9FC5830D2AE6F70900A56141 /* Build configuration list for PBXProject "Vocablo" */ = {
			isa = XCConfigurationList;
			buildConfigurations = (
				9FC5831F2AE6F70A00A56141 /* Debug */,
				9FC583202AE6F70A00A56141 /* Release */,
			);
			defaultConfigurationIsVisible = 0;
			defaultConfigurationName = Release;
		};
		9FC583212AE6F70A00A56141 /* Build configuration list for PBXNativeTarget "Vocablo" */ = {
			isa = XCConfigurationList;
			buildConfigurations = (
				9FC583222AE6F70A00A56141 /* Debug */,
				9FC583232AE6F70A00A56141 /* Release */,
			);
			defaultConfigurationIsVisible = 0;
			defaultConfigurationName = Release;
		};
/* End XCConfigurationList section */
	};
	rootObject = 9FC5830A2AE6F70900A56141 /* Project object */;
}
