// !$*UTF8*$!
{
	archiveVersion = 1;
	classes = {
	};
	objectVersion = 56;
	objects = {

/* Begin PBXBuildFile section */
		9F13D96C2B62B96000DEBDDF /* Documentation.docc in Sources */ = {isa = PBXBuildFile; fileRef = 9F13D96B2B62B96000DEBDDF /* Documentation.docc */; };
		9F1B256F2BE8EB3400A6EC89 /* Vocabulary.swift in Sources */ = {isa = PBXBuildFile; fileRef = 9F1B256E2BE8EB3400A6EC89 /* Vocabulary.swift */; };
		9F1B25712BE8F23200A6EC89 /* Deck.swift in Sources */ = {isa = PBXBuildFile; fileRef = 9F1B25702BE8F23200A6EC89 /* Deck.swift */; };
		9F1C01ED2BF3550B00C0CDBF /* ModalPresentationModel.swift in Sources */ = {isa = PBXBuildFile; fileRef = 9F1C01EC2BF3550B00C0CDBF /* ModalPresentationModel.swift */; };
		9F1C01EF2BF392E900C0CDBF /* DeckDetailSheetModifier.swift in Sources */ = {isa = PBXBuildFile; fileRef = 9F1C01EE2BF392E900C0CDBF /* DeckDetailSheetModifier.swift */; };
		9F1C01F12BF3944400C0CDBF /* DeckDetailForm.swift in Sources */ = {isa = PBXBuildFile; fileRef = 9F1C01F02BF3944400C0CDBF /* DeckDetailForm.swift */; };
		9F1C01F32BF3E55C00C0CDBF /* VocabularyDetailSheetModifier.swift in Sources */ = {isa = PBXBuildFile; fileRef = 9F1C01F22BF3E55C00C0CDBF /* VocabularyDetailSheetModifier.swift */; };
		9F23D9412B0BF53200C90BBB /* Array.swift in Sources */ = {isa = PBXBuildFile; fileRef = 9F23D9402B0BF53200C90BBB /* Array.swift */; };
		9F2767322B0525A900C99231 /* UTType +ext.swift in Sources */ = {isa = PBXBuildFile; fileRef = 9F2767312B0525A900C99231 /* UTType +ext.swift */; };
		9F323B552B95F54800A88947 /* WindowGroupScene.swift in Sources */ = {isa = PBXBuildFile; fileRef = 9F323B542B95F54800A88947 /* WindowGroupScene.swift */; };
		9F323B572B9605A400A88947 /* SetWordGroupMenu.swift in Sources */ = {isa = PBXBuildFile; fileRef = 9F323B562B9605A400A88947 /* SetWordGroupMenu.swift */; };
		9F323B592B96081E00A88947 /* ResetDeckButton.swift in Sources */ = {isa = PBXBuildFile; fileRef = 9F323B582B96081E00A88947 /* ResetDeckButton.swift */; };
		9F323B5B2B960A4E00A88947 /* DeleteDeckButton.swift in Sources */ = {isa = PBXBuildFile; fileRef = 9F323B5A2B960A4E00A88947 /* DeleteDeckButton.swift */; };
		9F323B5E2B97513C00A88947 /* OpenEditVocabularyViewButton.swift in Sources */ = {isa = PBXBuildFile; fileRef = 9F323B5D2B97513C00A88947 /* OpenEditVocabularyViewButton.swift */; };
		9F323B612B9756F500A88947 /* SelectedDeckValueFocusedKey.swift in Sources */ = {isa = PBXBuildFile; fileRef = 9F323B602B9756F500A88947 /* SelectedDeckValueFocusedKey.swift */; };
		9F323B632B97572F00A88947 /* SelectedVocabularies.swift in Sources */ = {isa = PBXBuildFile; fileRef = 9F323B622B97572F00A88947 /* SelectedVocabularies.swift */; };
		9F3482662B9F718400C8CBD2 /* CopyableVocabulariesModifier.swift in Sources */ = {isa = PBXBuildFile; fileRef = 9F3482652B9F718400C8CBD2 /* CopyableVocabulariesModifier.swift */; };
		9F3482682B9F71A400C8CBD2 /* CuttableVocabulariesModifier.swift in Sources */ = {isa = PBXBuildFile; fileRef = 9F3482672B9F71A400C8CBD2 /* CuttableVocabulariesModifier.swift */; };
		9F34826A2B9F72D500C8CBD2 /* PasteVocabulariesModifier.swift in Sources */ = {isa = PBXBuildFile; fileRef = 9F3482692B9F72D500C8CBD2 /* PasteVocabulariesModifier.swift */; };
		9F46EFBC2AE81F5D0006E5F3 /* SchemaV1 Tag.swift in Sources */ = {isa = PBXBuildFile; fileRef = 9F46EFBB2AE81F5D0006E5F3 /* SchemaV1 Tag.swift */; };
		9F4A08082BB1B537009F47CE /* LearningValueFocusedValue.swift in Sources */ = {isa = PBXBuildFile; fileRef = 9F4A08072BB1B537009F47CE /* LearningValueFocusedValue.swift */; };
		9F4A080A2BB1B72C009F47CE /* IsAnswerVisibleFocusedValue.swift in Sources */ = {isa = PBXBuildFile; fileRef = 9F4A08092BB1B72C009F47CE /* IsAnswerVisibleFocusedValue.swift */; };
		9F4A080F2BB1CAE9009F47CE /* LearningContextView.swift in Sources */ = {isa = PBXBuildFile; fileRef = 9F4A080E2BB1CAE9009F47CE /* LearningContextView.swift */; };
		9F4A08112BB1CB0F009F47CE /* NewWordLabel.swift in Sources */ = {isa = PBXBuildFile; fileRef = 9F4A08102BB1CB0F009F47CE /* NewWordLabel.swift */; };
		9F4A08132BB1CB24009F47CE /* FeedbackView.swift in Sources */ = {isa = PBXBuildFile; fileRef = 9F4A08122BB1CB24009F47CE /* FeedbackView.swift */; };
		9F4A08152BB1CB63009F47CE /* LeftWordsTextView.swift in Sources */ = {isa = PBXBuildFile; fileRef = 9F4A08142BB1CB63009F47CE /* LeftWordsTextView.swift */; };
		9F4A08172BB1CB77009F47CE /* QuestionMarkButton.swift in Sources */ = {isa = PBXBuildFile; fileRef = 9F4A08162BB1CB77009F47CE /* QuestionMarkButton.swift */; };
		9F4A08192BB1CB89009F47CE /* ShowAnswerButton.swift in Sources */ = {isa = PBXBuildFile; fileRef = 9F4A08182BB1CB89009F47CE /* ShowAnswerButton.swift */; };
		9F4A081B2BB1CBA3009F47CE /* AnswerTrueButton.swift in Sources */ = {isa = PBXBuildFile; fileRef = 9F4A081A2BB1CBA3009F47CE /* AnswerTrueButton.swift */; };
		9F4A081D2BB1CBB5009F47CE /* AnswerFalseButton.swift in Sources */ = {isa = PBXBuildFile; fileRef = 9F4A081C2BB1CBB5009F47CE /* AnswerFalseButton.swift */; };
		9F56C16E2B504CEB0013442E /* LearningServiceTests.swift in Sources */ = {isa = PBXBuildFile; fileRef = 9F56C16D2B504CEB0013442E /* LearningServiceTests.swift */; };
		9F6084EF2BA0A1A700E2E6A2 /* Copyable.swift in Sources */ = {isa = PBXBuildFile; fileRef = 9F6084EE2BA0A1A700E2E6A2 /* Copyable.swift */; };
		9F6084F22BA0B43D00E2E6A2 /* DecksSortingKey.swift in Sources */ = {isa = PBXBuildFile; fileRef = 9F6084F12BA0B43D00E2E6A2 /* DecksSortingKey.swift */; };
		9F6084F42BA0B44300E2E6A2 /* VocabularySortingKey.swift in Sources */ = {isa = PBXBuildFile; fileRef = 9F6084F32BA0B44300E2E6A2 /* VocabularySortingKey.swift */; };
		9F6084F62BA0C06300E2E6A2 /* SortingOrder.swift in Sources */ = {isa = PBXBuildFile; fileRef = 9F6084F52BA0C06300E2E6A2 /* SortingOrder.swift */; };
		9F6084F82BA0C09900E2E6A2 /* DecksSortingPicker.swift in Sources */ = {isa = PBXBuildFile; fileRef = 9F6084F72BA0C09900E2E6A2 /* DecksSortingPicker.swift */; };
		9F6084FA2BA1B7E700E2E6A2 /* AppStorageKeys.swift in Sources */ = {isa = PBXBuildFile; fileRef = 9F6084F92BA1B7E700E2E6A2 /* AppStorageKeys.swift */; };
		9F6084FC2BA1B8E000E2E6A2 /* VocabularySortingPicker.swift in Sources */ = {isa = PBXBuildFile; fileRef = 9F6084FB2BA1B8E000E2E6A2 /* VocabularySortingPicker.swift */; };
		9F6084FE2BA1BC6100E2E6A2 /* SortDescriptor +ext.swift in Sources */ = {isa = PBXBuildFile; fileRef = 9F6084FD2BA1BC6100E2E6A2 /* SortDescriptor +ext.swift */; };
		9F6085002BA1BE8100E2E6A2 /* Bool +ext.swift in Sources */ = {isa = PBXBuildFile; fileRef = 9F6084FF2BA1BE8100E2E6A2 /* Bool +ext.swift */; };
		9F6085022BA1DE9100E2E6A2 /* VocabularyQueryView.swift in Sources */ = {isa = PBXBuildFile; fileRef = 9F6085012BA1DE9100E2E6A2 /* VocabularyQueryView.swift */; };
		9F6085052BA9C46D00E2E6A2 /* OnAddingVocabularySubject.swift in Sources */ = {isa = PBXBuildFile; fileRef = 9F6085042BA9C46D00E2E6A2 /* OnAddingVocabularySubject.swift */; };
		9F6085072BA9C65B00E2E6A2 /* OnReceiveControlActiveStateModifier.swift in Sources */ = {isa = PBXBuildFile; fileRef = 9F6085062BA9C65B00E2E6A2 /* OnReceiveControlActiveStateModifier.swift */; };
		9F6085092BAAF74300E2E6A2 /* VocabulariesDestination.swift in Sources */ = {isa = PBXBuildFile; fileRef = 9F6085082BAAF74300E2E6A2 /* VocabulariesDestination.swift */; };
		9F60850B2BAAF89D00E2E6A2 /* LearningNavigationModel.swift in Sources */ = {isa = PBXBuildFile; fileRef = 9F60850A2BAAF89D00E2E6A2 /* LearningNavigationModel.swift */; };
		9F60850D2BAAFB0F00E2E6A2 /* LearnVocabulariesButton.swift in Sources */ = {isa = PBXBuildFile; fileRef = 9F60850C2BAAFB0F00E2E6A2 /* LearnVocabulariesButton.swift */; };
		9F60850F2BAB23F500E2E6A2 /* FetchDescriptor learnig +ext.swift in Sources */ = {isa = PBXBuildFile; fileRef = 9F60850E2BAB23F500E2E6A2 /* FetchDescriptor learnig +ext.swift */; };
		9F6085122BAB256C00E2E6A2 /* LearningService.swift in Sources */ = {isa = PBXBuildFile; fileRef = 9F6085112BAB256C00E2E6A2 /* LearningService.swift */; };
		9F6085142BAC663600E2E6A2 /* LearningDestination.swift in Sources */ = {isa = PBXBuildFile; fileRef = 9F6085132BAC663600E2E6A2 /* LearningDestination.swift */; };
		9F6085162BAC68B600E2E6A2 /* LearningValueView.swift in Sources */ = {isa = PBXBuildFile; fileRef = 9F6085152BAC68B600E2E6A2 /* LearningValueView.swift */; };
		9F6085182BAC833100E2E6A2 /* LearningNavigationDestinationModifier.swift in Sources */ = {isa = PBXBuildFile; fileRef = 9F6085172BAC833100E2E6A2 /* LearningNavigationDestinationModifier.swift */; };
		9F66361C2B83811C008C7980 /* FetchDescriptor +ext.swift in Sources */ = {isa = PBXBuildFile; fileRef = 9F66361B2B83811C008C7980 /* FetchDescriptor +ext.swift */; };
		9F6C1B172B4C58D1008717D5 /* ModelContextTests.swift in Sources */ = {isa = PBXBuildFile; fileRef = 9F6C1B162B4C58D1008717D5 /* ModelContextTests.swift */; };
		9F7741252B134AC600565B42 /* LearningLevelPicker.swift in Sources */ = {isa = PBXBuildFile; fileRef = 9F7741242B134AC500565B42 /* LearningLevelPicker.swift */; };
		9F79B8B62BE399B500C226D7 /* VocabularyDetailForm.swift in Sources */ = {isa = PBXBuildFile; fileRef = 9F79B8B52BE399B500C226D7 /* VocabularyDetailForm.swift */; };
		9F7F6C432B168D75001B266A /* ModelContext.swift in Sources */ = {isa = PBXBuildFile; fileRef = 9F7F6C422B168D75001B266A /* ModelContext.swift */; };
		9F7FBC8F2B2BB7BC0033EBAC /* WelcomeSheet.swift in Sources */ = {isa = PBXBuildFile; fileRef = 9F7FBC8E2B2BB7BC0033EBAC /* WelcomeSheet.swift */; };
		9F7FBC942B2CFBB60033EBAC /* IndexCard.swift in Sources */ = {isa = PBXBuildFile; fileRef = 9F7FBC932B2CFBB60033EBAC /* IndexCard.swift */; };
		9F9491142B3323B20018AF4C /* Date.swift in Sources */ = {isa = PBXBuildFile; fileRef = 9F9491132B3323B20018AF4C /* Date.swift */; };
		9FA13F4D2BC691C5005419A0 /* SelectedDeckValueEnvironmentKey.swift in Sources */ = {isa = PBXBuildFile; fileRef = 9FA13F4C2BC691C5005419A0 /* SelectedDeckValueEnvironmentKey.swift */; };
		9FA13F4F2BC6B7CD005419A0 /* LearningVocabulariesCountBadgeModifier.swift in Sources */ = {isa = PBXBuildFile; fileRef = 9FA13F4E2BC6B7CD005419A0 /* LearningVocabulariesCountBadgeModifier.swift */; };
		9FA72C9A2B8F8A5000246E76 /* ContentNavigationView.swift in Sources */ = {isa = PBXBuildFile; fileRef = 9FA72C992B8F8A5000246E76 /* ContentNavigationView.swift */; };
		9FA72C9C2B8F8C2D00246E76 /* Sidebar.swift in Sources */ = {isa = PBXBuildFile; fileRef = 9FA72C9B2B8F8C2D00246E76 /* Sidebar.swift */; };
		9FA72C9E2B90B3F900246E76 /* Detail.swift in Sources */ = {isa = PBXBuildFile; fileRef = 9FA72C9D2B90B3F900246E76 /* Detail.swift */; };
		9FA72CA02B90B96600246E76 /* VocabularyRow.swift in Sources */ = {isa = PBXBuildFile; fileRef = 9FA72C9F2B90B96600246E76 /* VocabularyRow.swift */; };
		9FA72CA22B90DC2600246E76 /* DeckListView.swift in Sources */ = {isa = PBXBuildFile; fileRef = 9FA72CA12B90DC2600246E76 /* DeckListView.swift */; };
		9FA72CA52B90DD6800246E76 /* DeckRow.swift in Sources */ = {isa = PBXBuildFile; fileRef = 9FA72CA42B90DD6800246E76 /* DeckRow.swift */; };
		9FA72CA82B90EDDF00246E76 /* DeckSelectingValue.swift in Sources */ = {isa = PBXBuildFile; fileRef = 9FA72CA72B90EDDF00246E76 /* DeckSelectingValue.swift */; };
		9FA72CAA2B90EE2D00246E76 /* LearningCommands.swift in Sources */ = {isa = PBXBuildFile; fileRef = 9FA72CA92B90EE2D00246E76 /* LearningCommands.swift */; };
		9FA72CAC2B921D8F00246E76 /* String +ext.swift in Sources */ = {isa = PBXBuildFile; fileRef = 9FA72CAB2B921D8F00246E76 /* String +ext.swift */; };
		9FA72CB12B92211700246E76 /* WordGroupPicker.swift in Sources */ = {isa = PBXBuildFile; fileRef = 9FA72CB02B92211700246E76 /* WordGroupPicker.swift */; };
		9FA72CB72B92294600246E76 /* VocabularyCommands.swift in Sources */ = {isa = PBXBuildFile; fileRef = 9FA72CB62B92294600246E76 /* VocabularyCommands.swift */; };
		9FA72CB92B92295200246E76 /* DeckCommands.swift in Sources */ = {isa = PBXBuildFile; fileRef = 9FA72CB82B92295200246E76 /* DeckCommands.swift */; };
		9FA72CBF2B92383C00246E76 /* SetVocabularyToLearnButton.swift in Sources */ = {isa = PBXBuildFile; fileRef = 9FA72CBE2B92383C00246E76 /* SetVocabularyToLearnButton.swift */; };
		9FA72CC12B9239E800246E76 /* ResetVocabulariesButton.swift in Sources */ = {isa = PBXBuildFile; fileRef = 9FA72CC02B9239E800246E76 /* ResetVocabulariesButton.swift */; };
		9FA72CC32B923AA300246E76 /* DeleteVocabulariesButton.swift in Sources */ = {isa = PBXBuildFile; fileRef = 9FA72CC22B923AA300246E76 /* DeleteVocabulariesButton.swift */; };
		9FA72CC52B923CE200246E76 /* LastRepetitionDatePicker.swift in Sources */ = {isa = PBXBuildFile; fileRef = 9FA72CC42B923CE200246E76 /* LastRepetitionDatePicker.swift */; };
		9FA72CC72B923EBE00246E76 /* ResetLearningStateButton.swift in Sources */ = {isa = PBXBuildFile; fileRef = 9FA72CC62B923EBE00246E76 /* ResetLearningStateButton.swift */; };
		9FA72CC92B9240E200246E76 /* AddNewDeckButton.swift in Sources */ = {isa = PBXBuildFile; fileRef = 9FA72CC82B9240E200246E76 /* AddNewDeckButton.swift */; };
		9FAE26E32B35BA9F0023E5C4 /* AppVersionManager.swift in Sources */ = {isa = PBXBuildFile; fileRef = 9FAE26E22B35BA9F0023E5C4 /* AppVersionManager.swift */; };
		9FC583162AE6F70900A56141 /* VocabloApp.swift in Sources */ = {isa = PBXBuildFile; fileRef = 9FC583152AE6F70900A56141 /* VocabloApp.swift */; };
		9FC5831A2AE6F70A00A56141 /* Assets.xcassets in Resources */ = {isa = PBXBuildFile; fileRef = 9FC583192AE6F70A00A56141 /* Assets.xcassets */; };
		9FC5831E2AE6F70A00A56141 /* Preview Assets.xcassets in Resources */ = {isa = PBXBuildFile; fileRef = 9FC5831D2AE6F70A00A56141 /* Preview Assets.xcassets */; };
		9FC583272AE7080E00A56141 /* SchemaV1 VocabularyList.swift in Sources */ = {isa = PBXBuildFile; fileRef = 9FC583262AE7080E00A56141 /* SchemaV1 VocabularyList.swift */; };
		9FC583292AE7085400A56141 /* SchemaV1 Vocabulary.swift in Sources */ = {isa = PBXBuildFile; fileRef = 9FC583282AE7085400A56141 /* SchemaV1 Vocabulary.swift */; };
		9FC5832B2AE7088B00A56141 /* WordGroup.swift in Sources */ = {isa = PBXBuildFile; fileRef = 9FC5832A2AE7088B00A56141 /* WordGroup.swift */; };
		9FDB9CE02B3723CC00646B67 /* SchemaV1.swift in Sources */ = {isa = PBXBuildFile; fileRef = 9FDB9CDF2B3723CC00646B67 /* SchemaV1.swift */; };
		9FEDFF122B7B9D6300728D7C /* SearchingText.swift in Sources */ = {isa = PBXBuildFile; fileRef = 9FEDFF112B7B9D6300728D7C /* SearchingText.swift */; };
		9FF746222B98941300118E47 /* DeckListViewContextMenu.swift in Sources */ = {isa = PBXBuildFile; fileRef = 9FF746212B98941300118E47 /* DeckListViewContextMenu.swift */; };
		9FF746242B98942D00118E47 /* DeckListViewToolbar.swift in Sources */ = {isa = PBXBuildFile; fileRef = 9FF746232B98942D00118E47 /* DeckListViewToolbar.swift */; };
		9FF78ED12B481718006F6756 /* ModelContainer.swift in Sources */ = {isa = PBXBuildFile; fileRef = 9FF78ED02B481718006F6756 /* ModelContainer.swift */; };
		9FF78ED82B484B7D006F6756 /* Set.swift in Sources */ = {isa = PBXBuildFile; fileRef = 9FF78ED72B484B7D006F6756 /* Set.swift */; };
		9FFB36182AED93A500E510CA /* Learnable.swift in Sources */ = {isa = PBXBuildFile; fileRef = 9FFB36172AED93A500E510CA /* Learnable.swift */; };
		9FFB361A2AED952C00E510CA /* LearningState.swift in Sources */ = {isa = PBXBuildFile; fileRef = 9FFB36192AED952C00E510CA /* LearningState.swift */; };
		9FFB36222AF0427F00E510CA /* LearningLevel.swift in Sources */ = {isa = PBXBuildFile; fileRef = 9FFB36212AF0427F00E510CA /* LearningLevel.swift */; };
/* End PBXBuildFile section */

/* Begin PBXContainerItemProxy section */
		9F6C1B112B4C584F008717D5 /* PBXContainerItemProxy */ = {
			isa = PBXContainerItemProxy;
			containerPortal = 9FC5830A2AE6F70900A56141 /* Project object */;
			proxyType = 1;
			remoteGlobalIDString = 9FC583112AE6F70900A56141;
			remoteInfo = Vocablo;
		};
/* End PBXContainerItemProxy section */

/* Begin PBXFileReference section */
		9F13D96B2B62B96000DEBDDF /* Documentation.docc */ = {isa = PBXFileReference; lastKnownFileType = folder.documentationcatalog; path = Documentation.docc; sourceTree = "<group>"; };
		9F1B256E2BE8EB3400A6EC89 /* Vocabulary.swift */ = {isa = PBXFileReference; lastKnownFileType = sourcecode.swift; path = Vocabulary.swift; sourceTree = "<group>"; };
		9F1B25702BE8F23200A6EC89 /* Deck.swift */ = {isa = PBXFileReference; lastKnownFileType = sourcecode.swift; path = Deck.swift; sourceTree = "<group>"; };
		9F1C01EC2BF3550B00C0CDBF /* ModalPresentationModel.swift */ = {isa = PBXFileReference; lastKnownFileType = sourcecode.swift; path = ModalPresentationModel.swift; sourceTree = "<group>"; };
		9F1C01EE2BF392E900C0CDBF /* DeckDetailSheetModifier.swift */ = {isa = PBXFileReference; lastKnownFileType = sourcecode.swift; path = DeckDetailSheetModifier.swift; sourceTree = "<group>"; };
		9F1C01F02BF3944400C0CDBF /* DeckDetailForm.swift */ = {isa = PBXFileReference; lastKnownFileType = sourcecode.swift; path = DeckDetailForm.swift; sourceTree = "<group>"; };
		9F1C01F22BF3E55C00C0CDBF /* VocabularyDetailSheetModifier.swift */ = {isa = PBXFileReference; lastKnownFileType = sourcecode.swift; path = VocabularyDetailSheetModifier.swift; sourceTree = "<group>"; };
		9F23D9402B0BF53200C90BBB /* Array.swift */ = {isa = PBXFileReference; lastKnownFileType = sourcecode.swift; path = Array.swift; sourceTree = "<group>"; };
		9F2767312B0525A900C99231 /* UTType +ext.swift */ = {isa = PBXFileReference; lastKnownFileType = sourcecode.swift; path = "UTType +ext.swift"; sourceTree = "<group>"; };
		9F323B542B95F54800A88947 /* WindowGroupScene.swift */ = {isa = PBXFileReference; lastKnownFileType = sourcecode.swift; path = WindowGroupScene.swift; sourceTree = "<group>"; };
		9F323B562B9605A400A88947 /* SetWordGroupMenu.swift */ = {isa = PBXFileReference; lastKnownFileType = sourcecode.swift; path = SetWordGroupMenu.swift; sourceTree = "<group>"; };
		9F323B582B96081E00A88947 /* ResetDeckButton.swift */ = {isa = PBXFileReference; lastKnownFileType = sourcecode.swift; path = ResetDeckButton.swift; sourceTree = "<group>"; };
		9F323B5A2B960A4E00A88947 /* DeleteDeckButton.swift */ = {isa = PBXFileReference; lastKnownFileType = sourcecode.swift; path = DeleteDeckButton.swift; sourceTree = "<group>"; };
		9F323B5D2B97513C00A88947 /* OpenEditVocabularyViewButton.swift */ = {isa = PBXFileReference; lastKnownFileType = sourcecode.swift; path = OpenEditVocabularyViewButton.swift; sourceTree = "<group>"; };
		9F323B602B9756F500A88947 /* SelectedDeckValueFocusedKey.swift */ = {isa = PBXFileReference; lastKnownFileType = sourcecode.swift; path = SelectedDeckValueFocusedKey.swift; sourceTree = "<group>"; };
		9F323B622B97572F00A88947 /* SelectedVocabularies.swift */ = {isa = PBXFileReference; lastKnownFileType = sourcecode.swift; path = SelectedVocabularies.swift; sourceTree = "<group>"; };
		9F3482652B9F718400C8CBD2 /* CopyableVocabulariesModifier.swift */ = {isa = PBXFileReference; lastKnownFileType = sourcecode.swift; path = CopyableVocabulariesModifier.swift; sourceTree = "<group>"; };
		9F3482672B9F71A400C8CBD2 /* CuttableVocabulariesModifier.swift */ = {isa = PBXFileReference; lastKnownFileType = sourcecode.swift; path = CuttableVocabulariesModifier.swift; sourceTree = "<group>"; };
		9F3482692B9F72D500C8CBD2 /* PasteVocabulariesModifier.swift */ = {isa = PBXFileReference; lastKnownFileType = sourcecode.swift; path = PasteVocabulariesModifier.swift; sourceTree = "<group>"; };
		9F46EFBB2AE81F5D0006E5F3 /* SchemaV1 Tag.swift */ = {isa = PBXFileReference; lastKnownFileType = sourcecode.swift; path = "SchemaV1 Tag.swift"; sourceTree = "<group>"; };
		9F4A08072BB1B537009F47CE /* LearningValueFocusedValue.swift */ = {isa = PBXFileReference; lastKnownFileType = sourcecode.swift; path = LearningValueFocusedValue.swift; sourceTree = "<group>"; };
		9F4A08092BB1B72C009F47CE /* IsAnswerVisibleFocusedValue.swift */ = {isa = PBXFileReference; lastKnownFileType = sourcecode.swift; path = IsAnswerVisibleFocusedValue.swift; sourceTree = "<group>"; };
		9F4A080E2BB1CAE9009F47CE /* LearningContextView.swift */ = {isa = PBXFileReference; lastKnownFileType = sourcecode.swift; path = LearningContextView.swift; sourceTree = "<group>"; };
		9F4A08102BB1CB0F009F47CE /* NewWordLabel.swift */ = {isa = PBXFileReference; lastKnownFileType = sourcecode.swift; path = NewWordLabel.swift; sourceTree = "<group>"; };
		9F4A08122BB1CB24009F47CE /* FeedbackView.swift */ = {isa = PBXFileReference; lastKnownFileType = sourcecode.swift; path = FeedbackView.swift; sourceTree = "<group>"; };
		9F4A08142BB1CB63009F47CE /* LeftWordsTextView.swift */ = {isa = PBXFileReference; lastKnownFileType = sourcecode.swift; path = LeftWordsTextView.swift; sourceTree = "<group>"; };
		9F4A08162BB1CB77009F47CE /* QuestionMarkButton.swift */ = {isa = PBXFileReference; lastKnownFileType = sourcecode.swift; path = QuestionMarkButton.swift; sourceTree = "<group>"; };
		9F4A08182BB1CB89009F47CE /* ShowAnswerButton.swift */ = {isa = PBXFileReference; lastKnownFileType = sourcecode.swift; path = ShowAnswerButton.swift; sourceTree = "<group>"; };
		9F4A081A2BB1CBA3009F47CE /* AnswerTrueButton.swift */ = {isa = PBXFileReference; lastKnownFileType = sourcecode.swift; path = AnswerTrueButton.swift; sourceTree = "<group>"; };
		9F4A081C2BB1CBB5009F47CE /* AnswerFalseButton.swift */ = {isa = PBXFileReference; lastKnownFileType = sourcecode.swift; path = AnswerFalseButton.swift; sourceTree = "<group>"; };
		9F56C16D2B504CEB0013442E /* LearningServiceTests.swift */ = {isa = PBXFileReference; lastKnownFileType = sourcecode.swift; path = LearningServiceTests.swift; sourceTree = "<group>"; };
		9F6084EE2BA0A1A700E2E6A2 /* Copyable.swift */ = {isa = PBXFileReference; lastKnownFileType = sourcecode.swift; path = Copyable.swift; sourceTree = "<group>"; };
		9F6084F12BA0B43D00E2E6A2 /* DecksSortingKey.swift */ = {isa = PBXFileReference; lastKnownFileType = sourcecode.swift; path = DecksSortingKey.swift; sourceTree = "<group>"; };
		9F6084F32BA0B44300E2E6A2 /* VocabularySortingKey.swift */ = {isa = PBXFileReference; lastKnownFileType = sourcecode.swift; path = VocabularySortingKey.swift; sourceTree = "<group>"; };
		9F6084F52BA0C06300E2E6A2 /* SortingOrder.swift */ = {isa = PBXFileReference; lastKnownFileType = sourcecode.swift; path = SortingOrder.swift; sourceTree = "<group>"; };
		9F6084F72BA0C09900E2E6A2 /* DecksSortingPicker.swift */ = {isa = PBXFileReference; lastKnownFileType = sourcecode.swift; path = DecksSortingPicker.swift; sourceTree = "<group>"; };
		9F6084F92BA1B7E700E2E6A2 /* AppStorageKeys.swift */ = {isa = PBXFileReference; lastKnownFileType = sourcecode.swift; path = AppStorageKeys.swift; sourceTree = "<group>"; };
		9F6084FB2BA1B8E000E2E6A2 /* VocabularySortingPicker.swift */ = {isa = PBXFileReference; lastKnownFileType = sourcecode.swift; path = VocabularySortingPicker.swift; sourceTree = "<group>"; };
		9F6084FD2BA1BC6100E2E6A2 /* SortDescriptor +ext.swift */ = {isa = PBXFileReference; lastKnownFileType = sourcecode.swift; path = "SortDescriptor +ext.swift"; sourceTree = "<group>"; };
		9F6084FF2BA1BE8100E2E6A2 /* Bool +ext.swift */ = {isa = PBXFileReference; lastKnownFileType = sourcecode.swift; path = "Bool +ext.swift"; sourceTree = "<group>"; };
		9F6085012BA1DE9100E2E6A2 /* VocabularyQueryView.swift */ = {isa = PBXFileReference; lastKnownFileType = sourcecode.swift; path = VocabularyQueryView.swift; sourceTree = "<group>"; };
		9F6085042BA9C46D00E2E6A2 /* OnAddingVocabularySubject.swift */ = {isa = PBXFileReference; lastKnownFileType = sourcecode.swift; path = OnAddingVocabularySubject.swift; sourceTree = "<group>"; };
		9F6085062BA9C65B00E2E6A2 /* OnReceiveControlActiveStateModifier.swift */ = {isa = PBXFileReference; lastKnownFileType = sourcecode.swift; path = OnReceiveControlActiveStateModifier.swift; sourceTree = "<group>"; };
		9F6085082BAAF74300E2E6A2 /* VocabulariesDestination.swift */ = {isa = PBXFileReference; lastKnownFileType = sourcecode.swift; path = VocabulariesDestination.swift; sourceTree = "<group>"; };
		9F60850A2BAAF89D00E2E6A2 /* LearningNavigationModel.swift */ = {isa = PBXFileReference; lastKnownFileType = sourcecode.swift; path = LearningNavigationModel.swift; sourceTree = "<group>"; };
		9F60850C2BAAFB0F00E2E6A2 /* LearnVocabulariesButton.swift */ = {isa = PBXFileReference; lastKnownFileType = sourcecode.swift; path = LearnVocabulariesButton.swift; sourceTree = "<group>"; };
		9F60850E2BAB23F500E2E6A2 /* FetchDescriptor learnig +ext.swift */ = {isa = PBXFileReference; lastKnownFileType = sourcecode.swift; path = "FetchDescriptor learnig +ext.swift"; sourceTree = "<group>"; };
		9F6085112BAB256C00E2E6A2 /* LearningService.swift */ = {isa = PBXFileReference; lastKnownFileType = sourcecode.swift; path = LearningService.swift; sourceTree = "<group>"; };
		9F6085132BAC663600E2E6A2 /* LearningDestination.swift */ = {isa = PBXFileReference; lastKnownFileType = sourcecode.swift; path = LearningDestination.swift; sourceTree = "<group>"; };
		9F6085152BAC68B600E2E6A2 /* LearningValueView.swift */ = {isa = PBXFileReference; lastKnownFileType = sourcecode.swift; path = LearningValueView.swift; sourceTree = "<group>"; };
		9F6085172BAC833100E2E6A2 /* LearningNavigationDestinationModifier.swift */ = {isa = PBXFileReference; lastKnownFileType = sourcecode.swift; path = LearningNavigationDestinationModifier.swift; sourceTree = "<group>"; };
		9F66361B2B83811C008C7980 /* FetchDescriptor +ext.swift */ = {isa = PBXFileReference; lastKnownFileType = sourcecode.swift; path = "FetchDescriptor +ext.swift"; sourceTree = "<group>"; };
		9F6C1B0D2B4C584F008717D5 /* VocabloTests.xctest */ = {isa = PBXFileReference; explicitFileType = wrapper.cfbundle; includeInIndex = 0; path = VocabloTests.xctest; sourceTree = BUILT_PRODUCTS_DIR; };
		9F6C1B162B4C58D1008717D5 /* ModelContextTests.swift */ = {isa = PBXFileReference; lastKnownFileType = sourcecode.swift; path = ModelContextTests.swift; sourceTree = "<group>"; };
		9F7741242B134AC500565B42 /* LearningLevelPicker.swift */ = {isa = PBXFileReference; lastKnownFileType = sourcecode.swift; path = LearningLevelPicker.swift; sourceTree = "<group>"; };
		9F79B8B52BE399B500C226D7 /* VocabularyDetailForm.swift */ = {isa = PBXFileReference; lastKnownFileType = sourcecode.swift; path = VocabularyDetailForm.swift; sourceTree = "<group>"; };
		9F7F6C422B168D75001B266A /* ModelContext.swift */ = {isa = PBXFileReference; lastKnownFileType = sourcecode.swift; path = ModelContext.swift; sourceTree = "<group>"; };
		9F7FBC8E2B2BB7BC0033EBAC /* WelcomeSheet.swift */ = {isa = PBXFileReference; lastKnownFileType = sourcecode.swift; path = WelcomeSheet.swift; sourceTree = "<group>"; };
		9F7FBC932B2CFBB60033EBAC /* IndexCard.swift */ = {isa = PBXFileReference; lastKnownFileType = sourcecode.swift; path = IndexCard.swift; sourceTree = "<group>"; };
		9F9491132B3323B20018AF4C /* Date.swift */ = {isa = PBXFileReference; lastKnownFileType = sourcecode.swift; path = Date.swift; sourceTree = "<group>"; };
		9FA13F4C2BC691C5005419A0 /* SelectedDeckValueEnvironmentKey.swift */ = {isa = PBXFileReference; lastKnownFileType = sourcecode.swift; path = SelectedDeckValueEnvironmentKey.swift; sourceTree = "<group>"; };
		9FA13F4E2BC6B7CD005419A0 /* LearningVocabulariesCountBadgeModifier.swift */ = {isa = PBXFileReference; lastKnownFileType = sourcecode.swift; path = LearningVocabulariesCountBadgeModifier.swift; sourceTree = "<group>"; };
		9FA72C992B8F8A5000246E76 /* ContentNavigationView.swift */ = {isa = PBXFileReference; lastKnownFileType = sourcecode.swift; path = ContentNavigationView.swift; sourceTree = "<group>"; };
		9FA72C9B2B8F8C2D00246E76 /* Sidebar.swift */ = {isa = PBXFileReference; lastKnownFileType = sourcecode.swift; path = Sidebar.swift; sourceTree = "<group>"; };
		9FA72C9D2B90B3F900246E76 /* Detail.swift */ = {isa = PBXFileReference; lastKnownFileType = sourcecode.swift; path = Detail.swift; sourceTree = "<group>"; };
		9FA72C9F2B90B96600246E76 /* VocabularyRow.swift */ = {isa = PBXFileReference; lastKnownFileType = sourcecode.swift; path = VocabularyRow.swift; sourceTree = "<group>"; };
		9FA72CA12B90DC2600246E76 /* DeckListView.swift */ = {isa = PBXFileReference; lastKnownFileType = sourcecode.swift; path = DeckListView.swift; sourceTree = "<group>"; };
		9FA72CA42B90DD6800246E76 /* DeckRow.swift */ = {isa = PBXFileReference; lastKnownFileType = sourcecode.swift; path = DeckRow.swift; sourceTree = "<group>"; };
		9FA72CA72B90EDDF00246E76 /* DeckSelectingValue.swift */ = {isa = PBXFileReference; lastKnownFileType = sourcecode.swift; path = DeckSelectingValue.swift; sourceTree = "<group>"; };
		9FA72CA92B90EE2D00246E76 /* LearningCommands.swift */ = {isa = PBXFileReference; lastKnownFileType = sourcecode.swift; path = LearningCommands.swift; sourceTree = "<group>"; };
		9FA72CAB2B921D8F00246E76 /* String +ext.swift */ = {isa = PBXFileReference; lastKnownFileType = sourcecode.swift; path = "String +ext.swift"; sourceTree = "<group>"; };
		9FA72CB02B92211700246E76 /* WordGroupPicker.swift */ = {isa = PBXFileReference; lastKnownFileType = sourcecode.swift; path = WordGroupPicker.swift; sourceTree = "<group>"; };
		9FA72CB62B92294600246E76 /* VocabularyCommands.swift */ = {isa = PBXFileReference; lastKnownFileType = sourcecode.swift; path = VocabularyCommands.swift; sourceTree = "<group>"; };
		9FA72CB82B92295200246E76 /* DeckCommands.swift */ = {isa = PBXFileReference; lastKnownFileType = sourcecode.swift; path = DeckCommands.swift; sourceTree = "<group>"; };
		9FA72CBE2B92383C00246E76 /* SetVocabularyToLearnButton.swift */ = {isa = PBXFileReference; lastKnownFileType = sourcecode.swift; path = SetVocabularyToLearnButton.swift; sourceTree = "<group>"; };
		9FA72CC02B9239E800246E76 /* ResetVocabulariesButton.swift */ = {isa = PBXFileReference; lastKnownFileType = sourcecode.swift; path = ResetVocabulariesButton.swift; sourceTree = "<group>"; };
		9FA72CC22B923AA300246E76 /* DeleteVocabulariesButton.swift */ = {isa = PBXFileReference; lastKnownFileType = sourcecode.swift; path = DeleteVocabulariesButton.swift; sourceTree = "<group>"; };
		9FA72CC42B923CE200246E76 /* LastRepetitionDatePicker.swift */ = {isa = PBXFileReference; lastKnownFileType = sourcecode.swift; path = LastRepetitionDatePicker.swift; sourceTree = "<group>"; };
		9FA72CC62B923EBE00246E76 /* ResetLearningStateButton.swift */ = {isa = PBXFileReference; lastKnownFileType = sourcecode.swift; path = ResetLearningStateButton.swift; sourceTree = "<group>"; };
		9FA72CC82B9240E200246E76 /* AddNewDeckButton.swift */ = {isa = PBXFileReference; lastKnownFileType = sourcecode.swift; path = AddNewDeckButton.swift; sourceTree = "<group>"; };
		9FAE26E22B35BA9F0023E5C4 /* AppVersionManager.swift */ = {isa = PBXFileReference; lastKnownFileType = sourcecode.swift; path = AppVersionManager.swift; sourceTree = "<group>"; };
		9FAF88472AEAE9E000D81CE0 /* Info.plist */ = {isa = PBXFileReference; lastKnownFileType = text.plist; path = Info.plist; sourceTree = "<group>"; };
		9FC583122AE6F70900A56141 /* Vocablo.app */ = {isa = PBXFileReference; explicitFileType = wrapper.application; includeInIndex = 0; path = Vocablo.app; sourceTree = BUILT_PRODUCTS_DIR; };
		9FC583152AE6F70900A56141 /* VocabloApp.swift */ = {isa = PBXFileReference; lastKnownFileType = sourcecode.swift; path = VocabloApp.swift; sourceTree = "<group>"; };
		9FC583192AE6F70A00A56141 /* Assets.xcassets */ = {isa = PBXFileReference; lastKnownFileType = folder.assetcatalog; path = Assets.xcassets; sourceTree = "<group>"; };
		9FC5831B2AE6F70A00A56141 /* Vocablo.entitlements */ = {isa = PBXFileReference; lastKnownFileType = text.plist.entitlements; path = Vocablo.entitlements; sourceTree = "<group>"; };
		9FC5831D2AE6F70A00A56141 /* Preview Assets.xcassets */ = {isa = PBXFileReference; lastKnownFileType = folder.assetcatalog; path = "Preview Assets.xcassets"; sourceTree = "<group>"; };
		9FC583262AE7080E00A56141 /* SchemaV1 VocabularyList.swift */ = {isa = PBXFileReference; lastKnownFileType = sourcecode.swift; path = "SchemaV1 VocabularyList.swift"; sourceTree = "<group>"; };
		9FC583282AE7085400A56141 /* SchemaV1 Vocabulary.swift */ = {isa = PBXFileReference; lastKnownFileType = sourcecode.swift; path = "SchemaV1 Vocabulary.swift"; sourceTree = "<group>"; };
		9FC5832A2AE7088B00A56141 /* WordGroup.swift */ = {isa = PBXFileReference; lastKnownFileType = sourcecode.swift; path = WordGroup.swift; sourceTree = "<group>"; };
		9FDB9CDF2B3723CC00646B67 /* SchemaV1.swift */ = {isa = PBXFileReference; lastKnownFileType = sourcecode.swift; path = SchemaV1.swift; sourceTree = "<group>"; };
		9FEDFF112B7B9D6300728D7C /* SearchingText.swift */ = {isa = PBXFileReference; lastKnownFileType = sourcecode.swift; path = SearchingText.swift; sourceTree = "<group>"; };
		9FF746212B98941300118E47 /* DeckListViewContextMenu.swift */ = {isa = PBXFileReference; lastKnownFileType = sourcecode.swift; path = DeckListViewContextMenu.swift; sourceTree = "<group>"; };
		9FF746232B98942D00118E47 /* DeckListViewToolbar.swift */ = {isa = PBXFileReference; lastKnownFileType = sourcecode.swift; path = DeckListViewToolbar.swift; sourceTree = "<group>"; };
		9FF78ED02B481718006F6756 /* ModelContainer.swift */ = {isa = PBXFileReference; lastKnownFileType = sourcecode.swift; path = ModelContainer.swift; sourceTree = "<group>"; };
		9FF78ED72B484B7D006F6756 /* Set.swift */ = {isa = PBXFileReference; lastKnownFileType = sourcecode.swift; path = Set.swift; sourceTree = "<group>"; };
		9FFB36172AED93A500E510CA /* Learnable.swift */ = {isa = PBXFileReference; lastKnownFileType = sourcecode.swift; path = Learnable.swift; sourceTree = "<group>"; };
		9FFB36192AED952C00E510CA /* LearningState.swift */ = {isa = PBXFileReference; lastKnownFileType = sourcecode.swift; path = LearningState.swift; sourceTree = "<group>"; };
		9FFB36212AF0427F00E510CA /* LearningLevel.swift */ = {isa = PBXFileReference; lastKnownFileType = sourcecode.swift; path = LearningLevel.swift; sourceTree = "<group>"; };
/* End PBXFileReference section */

/* Begin PBXFrameworksBuildPhase section */
		9F6C1B0A2B4C584F008717D5 /* Frameworks */ = {
			isa = PBXFrameworksBuildPhase;
			buildActionMask = 2147483647;
			files = (
			);
			runOnlyForDeploymentPostprocessing = 0;
		};
		9FC5830F2AE6F70900A56141 /* Frameworks */ = {
			isa = PBXFrameworksBuildPhase;
			buildActionMask = 2147483647;
			files = (
			);
			runOnlyForDeploymentPostprocessing = 0;
		};
/* End PBXFrameworksBuildPhase section */

/* Begin PBXGroup section */
		9F1B256C2BE8EB1100A6EC89 /* schema 1 */ = {
			isa = PBXGroup;
			children = (
				9FDB9CDF2B3723CC00646B67 /* SchemaV1.swift */,
				9FC583262AE7080E00A56141 /* SchemaV1 VocabularyList.swift */,
				9FC583282AE7085400A56141 /* SchemaV1 Vocabulary.swift */,
				9F46EFBB2AE81F5D0006E5F3 /* SchemaV1 Tag.swift */,
			);
			path = "schema 1";
			sourceTree = "<group>";
		};
		9F1B256D2BE8EB2200A6EC89 /* schema 2 */ = {
			isa = PBXGroup;
			children = (
				9F1B256E2BE8EB3400A6EC89 /* Vocabulary.swift */,
				9F1B25702BE8F23200A6EC89 /* Deck.swift */,
			);
			path = "schema 2";
			sourceTree = "<group>";
		};
		9F323B5C2B96170200A88947 /* list controls */ = {
			isa = PBXGroup;
			children = (
				9FA72CC82B9240E200246E76 /* AddNewDeckButton.swift */,
				9F323B582B96081E00A88947 /* ResetDeckButton.swift */,
				9F323B5A2B960A4E00A88947 /* DeleteDeckButton.swift */,
				9F6084F72BA0C09900E2E6A2 /* DecksSortingPicker.swift */,
				9F6084FB2BA1B8E000E2E6A2 /* VocabularySortingPicker.swift */,
			);
			path = "list controls";
			sourceTree = "<group>";
		};
		9F323B5F2B9756DB00A88947 /* focused values */ = {
			isa = PBXGroup;
			children = (
				9F323B602B9756F500A88947 /* SelectedDeckValueFocusedKey.swift */,
				9F323B622B97572F00A88947 /* SelectedVocabularies.swift */,
			);
			path = "focused values";
			sourceTree = "<group>";
		};
		9F4A080B2BB1CA6F009F47CE /* data */ = {
			isa = PBXGroup;
			children = (
				9F60850E2BAB23F500E2E6A2 /* FetchDescriptor learnig +ext.swift */,
				9FFB36172AED93A500E510CA /* Learnable.swift */,
				9F7FBC932B2CFBB60033EBAC /* IndexCard.swift */,
				9FFB36212AF0427F00E510CA /* LearningLevel.swift */,
				9FFB36192AED952C00E510CA /* LearningState.swift */,
			);
			path = data;
			sourceTree = "<group>";
		};
		9F4A080C2BB1CA94009F47CE /* focused values */ = {
			isa = PBXGroup;
			children = (
				9F4A08092BB1B72C009F47CE /* IsAnswerVisibleFocusedValue.swift */,
				9F4A08072BB1B537009F47CE /* LearningValueFocusedValue.swift */,
			);
			path = "focused values";
			sourceTree = "<group>";
		};
		9F4A080D2BB1CAA2009F47CE /* views */ = {
			isa = PBXGroup;
			children = (
				9F6085152BAC68B600E2E6A2 /* LearningValueView.swift */,
				9F4A080E2BB1CAE9009F47CE /* LearningContextView.swift */,
				9F4A08122BB1CB24009F47CE /* FeedbackView.swift */,
				9F4A08102BB1CB0F009F47CE /* NewWordLabel.swift */,
				9F4A08142BB1CB63009F47CE /* LeftWordsTextView.swift */,
				9F4A08162BB1CB77009F47CE /* QuestionMarkButton.swift */,
				9F4A08182BB1CB89009F47CE /* ShowAnswerButton.swift */,
				9F4A081A2BB1CBA3009F47CE /* AnswerTrueButton.swift */,
				9F4A081C2BB1CBB5009F47CE /* AnswerFalseButton.swift */,
			);
			path = views;
			sourceTree = "<group>";
		};
		9F6084ED2BA0A19600E2E6A2 /* protocols */ = {
			isa = PBXGroup;
			children = (
				9F6084EE2BA0A1A700E2E6A2 /* Copyable.swift */,
			);
			path = protocols;
			sourceTree = "<group>";
		};
		9F6085032BA9C45000E2E6A2 /* environment values */ = {
			isa = PBXGroup;
			children = (
				9F6085042BA9C46D00E2E6A2 /* OnAddingVocabularySubject.swift */,
				9FEDFF112B7B9D6300728D7C /* SearchingText.swift */,
				9FA13F4C2BC691C5005419A0 /* SelectedDeckValueEnvironmentKey.swift */,
			);
			path = "environment values";
			sourceTree = "<group>";
		};
		9F6085102BAB244200E2E6A2 /* learning service */ = {
			isa = PBXGroup;
			children = (
				9F6085112BAB256C00E2E6A2 /* LearningService.swift */,
				9F4A080B2BB1CA6F009F47CE /* data */,
				9F4A080C2BB1CA94009F47CE /* focused values */,
				9F4A080D2BB1CAA2009F47CE /* views */,
			);
			path = "learning service";
			sourceTree = "<group>";
		};
		9F6C1B0E2B4C584F008717D5 /* VocabloTests */ = {
			isa = PBXGroup;
			children = (
				9F56C16D2B504CEB0013442E /* LearningServiceTests.swift */,
				9F6C1B162B4C58D1008717D5 /* ModelContextTests.swift */,
			);
			path = VocabloTests;
			sourceTree = "<group>";
		};
		9FA72C8B2B8F88EF00246E76 /* navigation */ = {
			isa = PBXGroup;
			children = (
				9FA72C992B8F8A5000246E76 /* ContentNavigationView.swift */,
				9FA72C9B2B8F8C2D00246E76 /* Sidebar.swift */,
				9FA72C9D2B90B3F900246E76 /* Detail.swift */,
				9F6085082BAAF74300E2E6A2 /* VocabulariesDestination.swift */,
				9F6085132BAC663600E2E6A2 /* LearningDestination.swift */,
			);
			path = navigation;
			sourceTree = "<group>";
		};
		9FA72C8C2B8F88F400246E76 /* ui */ = {
			isa = PBXGroup;
			children = (
				9FC583152AE6F70900A56141 /* VocabloApp.swift */,
				9F323B542B95F54800A88947 /* WindowGroupScene.swift */,
				9FA72CB82B92295200246E76 /* DeckCommands.swift */,
				9FA72CB62B92294600246E76 /* VocabularyCommands.swift */,
				9FA72CA92B90EE2D00246E76 /* LearningCommands.swift */,
				9F7FBC8E2B2BB7BC0033EBAC /* WelcomeSheet.swift */,
				9FAE26E22B35BA9F0023E5C4 /* AppVersionManager.swift */,
				9FA72C8B2B8F88EF00246E76 /* navigation */,
				9FA72C942B8F89E800246E76 /* views */,
				9F323B5C2B96170200A88947 /* list controls */,
				9FA72CAF2B92210B00246E76 /* vocabulary controls */,
				9FA72C962B8F8A0800246E76 /* modifiers */,
				9F6085032BA9C45000E2E6A2 /* environment values */,
				9F323B5F2B9756DB00A88947 /* focused values */,
				9FA72CA62B90EDC700246E76 /* helpers */,
			);
			path = ui;
			sourceTree = "<group>";
		};
		9FA72C8D2B8F890300246E76 /* data */ = {
			isa = PBXGroup;
			children = (
				9FA72C952B8F89F700246E76 /* models */,
				9FE2433F2BA0745900116C97 /* types */,
				9FA72C932B8F89CD00246E76 /* extensions */,
			);
			path = data;
			sourceTree = "<group>";
		};
		9FA72C8E2B8F895E00246E76 /* services */ = {
			isa = PBXGroup;
			children = (
				9F6085102BAB244200E2E6A2 /* learning service */,
			);
			path = services;
			sourceTree = "<group>";
		};
		9FA72C8F2B8F896800246E76 /* extensions */ = {
			isa = PBXGroup;
			children = (
				9FA72CAB2B921D8F00246E76 /* String +ext.swift */,
				9F23D9402B0BF53200C90BBB /* Array.swift */,
				9FF78ED72B484B7D006F6756 /* Set.swift */,
				9F9491132B3323B20018AF4C /* Date.swift */,
				9F6084FF2BA1BE8100E2E6A2 /* Bool +ext.swift */,
				9F2767312B0525A900C99231 /* UTType +ext.swift */,
			);
			path = extensions;
			sourceTree = "<group>";
		};
		9FA72C902B8F896F00246E76 /* utilitites */ = {
			isa = PBXGroup;
			children = (
				9F6084ED2BA0A19600E2E6A2 /* protocols */,
				9FA72C8F2B8F896800246E76 /* extensions */,
			);
			path = utilitites;
			sourceTree = "<group>";
		};
		9FA72C932B8F89CD00246E76 /* extensions */ = {
			isa = PBXGroup;
			children = (
				9FF78ED02B481718006F6756 /* ModelContainer.swift */,
				9F7F6C422B168D75001B266A /* ModelContext.swift */,
				9F6084FD2BA1BC6100E2E6A2 /* SortDescriptor +ext.swift */,
				9F66361B2B83811C008C7980 /* FetchDescriptor +ext.swift */,
			);
			path = extensions;
			sourceTree = "<group>";
		};
		9FA72C942B8F89E800246E76 /* views */ = {
			isa = PBXGroup;
			children = (
				9FA72CA42B90DD6800246E76 /* DeckRow.swift */,
				9FA72CA12B90DC2600246E76 /* DeckListView.swift */,
				9FF746212B98941300118E47 /* DeckListViewContextMenu.swift */,
				9FF746232B98942D00118E47 /* DeckListViewToolbar.swift */,
				9FA72C9F2B90B96600246E76 /* VocabularyRow.swift */,
				9F79B8B52BE399B500C226D7 /* VocabularyDetailForm.swift */,
				9F6085012BA1DE9100E2E6A2 /* VocabularyQueryView.swift */,
				9F1C01F02BF3944400C0CDBF /* DeckDetailForm.swift */,
			);
			path = views;
			sourceTree = "<group>";
		};
		9FA72C952B8F89F700246E76 /* models */ = {
			isa = PBXGroup;
			children = (
				9F1B256C2BE8EB1100A6EC89 /* schema 1 */,
				9F1B256D2BE8EB2200A6EC89 /* schema 2 */,
			);
			path = models;
			sourceTree = "<group>";
		};
		9FA72C962B8F8A0800246E76 /* modifiers */ = {
			isa = PBXGroup;
			children = (
				9F3482652B9F718400C8CBD2 /* CopyableVocabulariesModifier.swift */,
				9F3482672B9F71A400C8CBD2 /* CuttableVocabulariesModifier.swift */,
				9F3482692B9F72D500C8CBD2 /* PasteVocabulariesModifier.swift */,
				9F6085062BA9C65B00E2E6A2 /* OnReceiveControlActiveStateModifier.swift */,
				9F6085172BAC833100E2E6A2 /* LearningNavigationDestinationModifier.swift */,
				9FA13F4E2BC6B7CD005419A0 /* LearningVocabulariesCountBadgeModifier.swift */,
				9F1C01EE2BF392E900C0CDBF /* DeckDetailSheetModifier.swift */,
				9F1C01F22BF3E55C00C0CDBF /* VocabularyDetailSheetModifier.swift */,
			);
			path = modifiers;
			sourceTree = "<group>";
		};
		9FA72CA62B90EDC700246E76 /* helpers */ = {
			isa = PBXGroup;
			children = (
				9F6084F92BA1B7E700E2E6A2 /* AppStorageKeys.swift */,
				9FA72CA72B90EDDF00246E76 /* DeckSelectingValue.swift */,
				9F60850A2BAAF89D00E2E6A2 /* LearningNavigationModel.swift */,
				9F1C01EC2BF3550B00C0CDBF /* ModalPresentationModel.swift */,
			);
			path = helpers;
			sourceTree = "<group>";
		};
		9FA72CAF2B92210B00246E76 /* vocabulary controls */ = {
			isa = PBXGroup;
			children = (
				9FA72CC02B9239E800246E76 /* ResetVocabulariesButton.swift */,
				9FA72CC22B923AA300246E76 /* DeleteVocabulariesButton.swift */,
				9FA72CB02B92211700246E76 /* WordGroupPicker.swift */,
				9F323B562B9605A400A88947 /* SetWordGroupMenu.swift */,
				9FA72CC62B923EBE00246E76 /* ResetLearningStateButton.swift */,
				9F7741242B134AC500565B42 /* LearningLevelPicker.swift */,
				9FA72CBE2B92383C00246E76 /* SetVocabularyToLearnButton.swift */,
				9FA72CC42B923CE200246E76 /* LastRepetitionDatePicker.swift */,
				9F323B5D2B97513C00A88947 /* OpenEditVocabularyViewButton.swift */,
				9F60850C2BAAFB0F00E2E6A2 /* LearnVocabulariesButton.swift */,
			);
			path = "vocabulary controls";
			sourceTree = "<group>";
		};
		9FC583092AE6F70900A56141 = {
			isa = PBXGroup;
			children = (
				9FC583142AE6F70900A56141 /* Vocablo */,
				9F6C1B0E2B4C584F008717D5 /* VocabloTests */,
				9FC583132AE6F70900A56141 /* Products */,
			);
			sourceTree = "<group>";
		};
		9FC583132AE6F70900A56141 /* Products */ = {
			isa = PBXGroup;
			children = (
				9FC583122AE6F70900A56141 /* Vocablo.app */,
				9F6C1B0D2B4C584F008717D5 /* VocabloTests.xctest */,
			);
			name = Products;
			sourceTree = "<group>";
		};
		9FC583142AE6F70900A56141 /* Vocablo */ = {
			isa = PBXGroup;
			children = (
				9FA72C8C2B8F88F400246E76 /* ui */,
				9FA72C8D2B8F890300246E76 /* data */,
				9FA72C8E2B8F895E00246E76 /* services */,
				9FA72C902B8F896F00246E76 /* utilitites */,
				9FAF88472AEAE9E000D81CE0 /* Info.plist */,
				9FC583192AE6F70A00A56141 /* Assets.xcassets */,
				9F13D96B2B62B96000DEBDDF /* Documentation.docc */,
				9FC5831B2AE6F70A00A56141 /* Vocablo.entitlements */,
				9FC5831C2AE6F70A00A56141 /* Preview Content */,
			);
			path = Vocablo;
			sourceTree = "<group>";
		};
		9FC5831C2AE6F70A00A56141 /* Preview Content */ = {
			isa = PBXGroup;
			children = (
				9FC5831D2AE6F70A00A56141 /* Preview Assets.xcassets */,
			);
			path = "Preview Content";
			sourceTree = "<group>";
		};
		9FE2433F2BA0745900116C97 /* types */ = {
			isa = PBXGroup;
			children = (
				9FC5832A2AE7088B00A56141 /* WordGroup.swift */,
				9F6084F12BA0B43D00E2E6A2 /* DecksSortingKey.swift */,
				9F6084F32BA0B44300E2E6A2 /* VocabularySortingKey.swift */,
				9F6084F52BA0C06300E2E6A2 /* SortingOrder.swift */,
			);
			path = types;
			sourceTree = "<group>";
		};
/* End PBXGroup section */

/* Begin PBXNativeTarget section */
		9F6C1B0C2B4C584F008717D5 /* VocabloTests */ = {
			isa = PBXNativeTarget;
			buildConfigurationList = 9F6C1B152B4C584F008717D5 /* Build configuration list for PBXNativeTarget "VocabloTests" */;
			buildPhases = (
				9F6C1B092B4C584F008717D5 /* Sources */,
				9F6C1B0A2B4C584F008717D5 /* Frameworks */,
				9F6C1B0B2B4C584F008717D5 /* Resources */,
			);
			buildRules = (
			);
			dependencies = (
				9F6C1B122B4C584F008717D5 /* PBXTargetDependency */,
			);
			name = VocabloTests;
			productName = VocabloTests;
			productReference = 9F6C1B0D2B4C584F008717D5 /* VocabloTests.xctest */;
			productType = "com.apple.product-type.bundle.unit-test";
		};
		9FC583112AE6F70900A56141 /* Vocablo */ = {
			isa = PBXNativeTarget;
			buildConfigurationList = 9FC583212AE6F70A00A56141 /* Build configuration list for PBXNativeTarget "Vocablo" */;
			buildPhases = (
				9FC5830E2AE6F70900A56141 /* Sources */,
				9FC5830F2AE6F70900A56141 /* Frameworks */,
				9FC583102AE6F70900A56141 /* Resources */,
			);
			buildRules = (
			);
			dependencies = (
			);
			name = Vocablo;
			productName = Vocablo;
			productReference = 9FC583122AE6F70900A56141 /* Vocablo.app */;
			productType = "com.apple.product-type.application";
		};
/* End PBXNativeTarget section */

/* Begin PBXProject section */
		9FC5830A2AE6F70900A56141 /* Project object */ = {
			isa = PBXProject;
			attributes = {
				BuildIndependentTargetsInParallel = 1;
				LastSwiftUpdateCheck = 1510;
				LastUpgradeCheck = 1500;
				TargetAttributes = {
					9F6C1B0C2B4C584F008717D5 = {
						CreatedOnToolsVersion = 15.1;
						TestTargetID = 9FC583112AE6F70900A56141;
					};
					9FC583112AE6F70900A56141 = {
						CreatedOnToolsVersion = 15.0.1;
					};
				};
			};
			buildConfigurationList = 9FC5830D2AE6F70900A56141 /* Build configuration list for PBXProject "Vocablo" */;
			compatibilityVersion = "Xcode 14.0";
			developmentRegion = en;
			hasScannedForEncodings = 0;
			knownRegions = (
				en,
				Base,
			);
			mainGroup = 9FC583092AE6F70900A56141;
			productRefGroup = 9FC583132AE6F70900A56141 /* Products */;
			projectDirPath = "";
			projectRoot = "";
			targets = (
				9FC583112AE6F70900A56141 /* Vocablo */,
				9F6C1B0C2B4C584F008717D5 /* VocabloTests */,
			);
		};
/* End PBXProject section */

/* Begin PBXResourcesBuildPhase section */
		9F6C1B0B2B4C584F008717D5 /* Resources */ = {
			isa = PBXResourcesBuildPhase;
			buildActionMask = 2147483647;
			files = (
			);
			runOnlyForDeploymentPostprocessing = 0;
		};
		9FC583102AE6F70900A56141 /* Resources */ = {
			isa = PBXResourcesBuildPhase;
			buildActionMask = 2147483647;
			files = (
				9FC5831E2AE6F70A00A56141 /* Preview Assets.xcassets in Resources */,
				9FC5831A2AE6F70A00A56141 /* Assets.xcassets in Resources */,
			);
			runOnlyForDeploymentPostprocessing = 0;
		};
/* End PBXResourcesBuildPhase section */

/* Begin PBXSourcesBuildPhase section */
		9F6C1B092B4C584F008717D5 /* Sources */ = {
			isa = PBXSourcesBuildPhase;
			buildActionMask = 2147483647;
			files = (
				9F56C16E2B504CEB0013442E /* LearningServiceTests.swift in Sources */,
				9F6C1B172B4C58D1008717D5 /* ModelContextTests.swift in Sources */,
			);
			runOnlyForDeploymentPostprocessing = 0;
		};
		9FC5830E2AE6F70900A56141 /* Sources */ = {
			isa = PBXSourcesBuildPhase;
			buildActionMask = 2147483647;
			files = (
				9F66361C2B83811C008C7980 /* FetchDescriptor +ext.swift in Sources */,
				9FFB36222AF0427F00E510CA /* LearningLevel.swift in Sources */,
				9F6085092BAAF74300E2E6A2 /* VocabulariesDestination.swift in Sources */,
				9F323B632B97572F00A88947 /* SelectedVocabularies.swift in Sources */,
				9F6085142BAC663600E2E6A2 /* LearningDestination.swift in Sources */,
				9F46EFBC2AE81F5D0006E5F3 /* SchemaV1 Tag.swift in Sources */,
				9F7FBC8F2B2BB7BC0033EBAC /* WelcomeSheet.swift in Sources */,
				9F6084F22BA0B43D00E2E6A2 /* DecksSortingKey.swift in Sources */,
				9F6085122BAB256C00E2E6A2 /* LearningService.swift in Sources */,
				9F1C01ED2BF3550B00C0CDBF /* ModalPresentationModel.swift in Sources */,
				9F323B5E2B97513C00A88947 /* OpenEditVocabularyViewButton.swift in Sources */,
				9F1B256F2BE8EB3400A6EC89 /* Vocabulary.swift in Sources */,
				9F6084F62BA0C06300E2E6A2 /* SortingOrder.swift in Sources */,
				9F3482682B9F71A400C8CBD2 /* CuttableVocabulariesModifier.swift in Sources */,
				9F6084F82BA0C09900E2E6A2 /* DecksSortingPicker.swift in Sources */,
				9F323B592B96081E00A88947 /* ResetDeckButton.swift in Sources */,
				9FA72CAC2B921D8F00246E76 /* String +ext.swift in Sources */,
				9FA72CAA2B90EE2D00246E76 /* LearningCommands.swift in Sources */,
				9FA72CC52B923CE200246E76 /* LastRepetitionDatePicker.swift in Sources */,
				9F4A081B2BB1CBA3009F47CE /* AnswerTrueButton.swift in Sources */,
				9F7741252B134AC600565B42 /* LearningLevelPicker.swift in Sources */,
				9FF78ED12B481718006F6756 /* ModelContainer.swift in Sources */,
				9F6084FA2BA1B7E700E2E6A2 /* AppStorageKeys.swift in Sources */,
				9F4A08172BB1CB77009F47CE /* QuestionMarkButton.swift in Sources */,
				9F6085162BAC68B600E2E6A2 /* LearningValueView.swift in Sources */,
				9FA72CA22B90DC2600246E76 /* DeckListView.swift in Sources */,
				9FA72C9A2B8F8A5000246E76 /* ContentNavigationView.swift in Sources */,
				9F6084F42BA0B44300E2E6A2 /* VocabularySortingKey.swift in Sources */,
				9F7F6C432B168D75001B266A /* ModelContext.swift in Sources */,
				9FA72CB92B92295200246E76 /* DeckCommands.swift in Sources */,
				9F6085072BA9C65B00E2E6A2 /* OnReceiveControlActiveStateModifier.swift in Sources */,
				9FC5832B2AE7088B00A56141 /* WordGroup.swift in Sources */,
				9F4A08082BB1B537009F47CE /* LearningValueFocusedValue.swift in Sources */,
				9F6085052BA9C46D00E2E6A2 /* OnAddingVocabularySubject.swift in Sources */,
				9F6085002BA1BE8100E2E6A2 /* Bool +ext.swift in Sources */,
				9F323B612B9756F500A88947 /* SelectedDeckValueFocusedKey.swift in Sources */,
				9FA72CC92B9240E200246E76 /* AddNewDeckButton.swift in Sources */,
				9F9491142B3323B20018AF4C /* Date.swift in Sources */,
				9F4A08132BB1CB24009F47CE /* FeedbackView.swift in Sources */,
				9F1C01F32BF3E55C00C0CDBF /* VocabularyDetailSheetModifier.swift in Sources */,
				9F23D9412B0BF53200C90BBB /* Array.swift in Sources */,
				9F60850D2BAAFB0F00E2E6A2 /* LearnVocabulariesButton.swift in Sources */,
				9FC583272AE7080E00A56141 /* SchemaV1 VocabularyList.swift in Sources */,
				9F4A081D2BB1CBB5009F47CE /* AnswerFalseButton.swift in Sources */,
				9F60850F2BAB23F500E2E6A2 /* FetchDescriptor learnig +ext.swift in Sources */,
				9FA72CC72B923EBE00246E76 /* ResetLearningStateButton.swift in Sources */,
				9FDB9CE02B3723CC00646B67 /* SchemaV1.swift in Sources */,
				9FFB36182AED93A500E510CA /* Learnable.swift in Sources */,
				9F6084FE2BA1BC6100E2E6A2 /* SortDescriptor +ext.swift in Sources */,
				9F6085182BAC833100E2E6A2 /* LearningNavigationDestinationModifier.swift in Sources */,
				9FA13F4D2BC691C5005419A0 /* SelectedDeckValueEnvironmentKey.swift in Sources */,
				9FAE26E32B35BA9F0023E5C4 /* AppVersionManager.swift in Sources */,
				9FC583162AE6F70900A56141 /* VocabloApp.swift in Sources */,
				9FA72CB72B92294600246E76 /* VocabularyCommands.swift in Sources */,
				9FA72CC32B923AA300246E76 /* DeleteVocabulariesButton.swift in Sources */,
				9FA72CC12B9239E800246E76 /* ResetVocabulariesButton.swift in Sources */,
				9F6085022BA1DE9100E2E6A2 /* VocabularyQueryView.swift in Sources */,
				9FA72C9C2B8F8C2D00246E76 /* Sidebar.swift in Sources */,
				9F4A080F2BB1CAE9009F47CE /* LearningContextView.swift in Sources */,
				9F323B552B95F54800A88947 /* WindowGroupScene.swift in Sources */,
				9F1C01F12BF3944400C0CDBF /* DeckDetailForm.swift in Sources */,
				9FF746222B98941300118E47 /* DeckListViewContextMenu.swift in Sources */,
				9F1C01EF2BF392E900C0CDBF /* DeckDetailSheetModifier.swift in Sources */,
				9FA72CA52B90DD6800246E76 /* DeckRow.swift in Sources */,
				9F4A08112BB1CB0F009F47CE /* NewWordLabel.swift in Sources */,
				9F2767322B0525A900C99231 /* UTType +ext.swift in Sources */,
				9FEDFF122B7B9D6300728D7C /* SearchingText.swift in Sources */,
				9F4A08152BB1CB63009F47CE /* LeftWordsTextView.swift in Sources */,
				9FA72CB12B92211700246E76 /* WordGroupPicker.swift in Sources */,
				9FA72C9E2B90B3F900246E76 /* Detail.swift in Sources */,
				9F7FBC942B2CFBB60033EBAC /* IndexCard.swift in Sources */,
				9F6084FC2BA1B8E000E2E6A2 /* VocabularySortingPicker.swift in Sources */,
				9FA72CA02B90B96600246E76 /* VocabularyRow.swift in Sources */,
				9F1B25712BE8F23200A6EC89 /* Deck.swift in Sources */,
				9FC583292AE7085400A56141 /* SchemaV1 Vocabulary.swift in Sources */,
				9F4A080A2BB1B72C009F47CE /* IsAnswerVisibleFocusedValue.swift in Sources */,
				9F60850B2BAAF89D00E2E6A2 /* LearningNavigationModel.swift in Sources */,
				9F323B5B2B960A4E00A88947 /* DeleteDeckButton.swift in Sources */,
				9F6084EF2BA0A1A700E2E6A2 /* Copyable.swift in Sources */,
				9FA72CA82B90EDDF00246E76 /* DeckSelectingValue.swift in Sources */,
				9F3482662B9F718400C8CBD2 /* CopyableVocabulariesModifier.swift in Sources */,
				9FA13F4F2BC6B7CD005419A0 /* LearningVocabulariesCountBadgeModifier.swift in Sources */,
				9F4A08192BB1CB89009F47CE /* ShowAnswerButton.swift in Sources */,
				9F79B8B62BE399B500C226D7 /* VocabularyDetailForm.swift in Sources */,
				9F13D96C2B62B96000DEBDDF /* Documentation.docc in Sources */,
				9FA72CBF2B92383C00246E76 /* SetVocabularyToLearnButton.swift in Sources */,
				9F323B572B9605A400A88947 /* SetWordGroupMenu.swift in Sources */,
				9F34826A2B9F72D500C8CBD2 /* PasteVocabulariesModifier.swift in Sources */,
				9FF78ED82B484B7D006F6756 /* Set.swift in Sources */,
				9FF746242B98942D00118E47 /* DeckListViewToolbar.swift in Sources */,
				9FFB361A2AED952C00E510CA /* LearningState.swift in Sources */,
			);
			runOnlyForDeploymentPostprocessing = 0;
		};
/* End PBXSourcesBuildPhase section */

/* Begin PBXTargetDependency section */
		9F6C1B122B4C584F008717D5 /* PBXTargetDependency */ = {
			isa = PBXTargetDependency;
			target = 9FC583112AE6F70900A56141 /* Vocablo */;
			targetProxy = 9F6C1B112B4C584F008717D5 /* PBXContainerItemProxy */;
		};
/* End PBXTargetDependency section */

/* Begin XCBuildConfiguration section */
		9F6C1B132B4C584F008717D5 /* Debug */ = {
			isa = XCBuildConfiguration;
			buildSettings = {
				BUNDLE_LOADER = "$(TEST_HOST)";
				CODE_SIGN_STYLE = Automatic;
				CURRENT_PROJECT_VERSION = 1;
				DEVELOPMENT_TEAM = 5B4LV69C8H;
				GENERATE_INFOPLIST_FILE = YES;
				MACOSX_DEPLOYMENT_TARGET = 14.2;
				MARKETING_VERSION = 1.0;
				PRODUCT_BUNDLE_IDENTIFIER = com.marceljaeger.VocabloTests;
				PRODUCT_NAME = "$(TARGET_NAME)";
				SDKROOT = macosx;
				SWIFT_EMIT_LOC_STRINGS = NO;
				SWIFT_VERSION = 5.0;
				TEST_HOST = "$(BUILT_PRODUCTS_DIR)/Vocablo.app/$(BUNDLE_EXECUTABLE_FOLDER_PATH)/Vocablo";
			};
			name = Debug;
		};
		9F6C1B142B4C584F008717D5 /* Release */ = {
			isa = XCBuildConfiguration;
			buildSettings = {
				BUNDLE_LOADER = "$(TEST_HOST)";
				CODE_SIGN_STYLE = Automatic;
				CURRENT_PROJECT_VERSION = 1;
				DEVELOPMENT_TEAM = 5B4LV69C8H;
				GENERATE_INFOPLIST_FILE = YES;
				MACOSX_DEPLOYMENT_TARGET = 14.2;
				MARKETING_VERSION = 1.0;
				PRODUCT_BUNDLE_IDENTIFIER = com.marceljaeger.VocabloTests;
				PRODUCT_NAME = "$(TARGET_NAME)";
				SDKROOT = macosx;
				SWIFT_EMIT_LOC_STRINGS = NO;
				SWIFT_VERSION = 5.0;
				TEST_HOST = "$(BUILT_PRODUCTS_DIR)/Vocablo.app/$(BUNDLE_EXECUTABLE_FOLDER_PATH)/Vocablo";
			};
			name = Release;
		};
		9FC5831F2AE6F70A00A56141 /* Debug */ = {
			isa = XCBuildConfiguration;
			buildSettings = {
				ALWAYS_SEARCH_USER_PATHS = NO;
				ASSETCATALOG_COMPILER_GENERATE_SWIFT_ASSET_SYMBOL_EXTENSIONS = YES;
				CLANG_ANALYZER_NONNULL = YES;
				CLANG_ANALYZER_NUMBER_OBJECT_CONVERSION = YES_AGGRESSIVE;
				CLANG_CXX_LANGUAGE_STANDARD = "gnu++20";
				CLANG_ENABLE_MODULES = YES;
				CLANG_ENABLE_OBJC_ARC = YES;
				CLANG_ENABLE_OBJC_WEAK = YES;
				CLANG_WARN_BLOCK_CAPTURE_AUTORELEASING = YES;
				CLANG_WARN_BOOL_CONVERSION = YES;
				CLANG_WARN_COMMA = YES;
				CLANG_WARN_CONSTANT_CONVERSION = YES;
				CLANG_WARN_DEPRECATED_OBJC_IMPLEMENTATIONS = YES;
				CLANG_WARN_DIRECT_OBJC_ISA_USAGE = YES_ERROR;
				CLANG_WARN_DOCUMENTATION_COMMENTS = YES;
				CLANG_WARN_EMPTY_BODY = YES;
				CLANG_WARN_ENUM_CONVERSION = YES;
				CLANG_WARN_INFINITE_RECURSION = YES;
				CLANG_WARN_INT_CONVERSION = YES;
				CLANG_WARN_NON_LITERAL_NULL_CONVERSION = YES;
				CLANG_WARN_OBJC_IMPLICIT_RETAIN_SELF = YES;
				CLANG_WARN_OBJC_LITERAL_CONVERSION = YES;
				CLANG_WARN_OBJC_ROOT_CLASS = YES_ERROR;
				CLANG_WARN_QUOTED_INCLUDE_IN_FRAMEWORK_HEADER = YES;
				CLANG_WARN_RANGE_LOOP_ANALYSIS = YES;
				CLANG_WARN_STRICT_PROTOTYPES = YES;
				CLANG_WARN_SUSPICIOUS_MOVE = YES;
				CLANG_WARN_UNGUARDED_AVAILABILITY = YES_AGGRESSIVE;
				CLANG_WARN_UNREACHABLE_CODE = YES;
				CLANG_WARN__DUPLICATE_METHOD_MATCH = YES;
				COPY_PHASE_STRIP = NO;
				DEBUG_INFORMATION_FORMAT = dwarf;
				ENABLE_STRICT_OBJC_MSGSEND = YES;
				ENABLE_TESTABILITY = YES;
				ENABLE_USER_SCRIPT_SANDBOXING = YES;
				GCC_C_LANGUAGE_STANDARD = gnu17;
				GCC_DYNAMIC_NO_PIC = NO;
				GCC_NO_COMMON_BLOCKS = YES;
				GCC_OPTIMIZATION_LEVEL = 0;
				GCC_PREPROCESSOR_DEFINITIONS = (
					"DEBUG=1",
					"$(inherited)",
				);
				GCC_WARN_64_TO_32_BIT_CONVERSION = YES;
				GCC_WARN_ABOUT_RETURN_TYPE = YES_ERROR;
				GCC_WARN_UNDECLARED_SELECTOR = YES;
				GCC_WARN_UNINITIALIZED_AUTOS = YES_AGGRESSIVE;
				GCC_WARN_UNUSED_FUNCTION = YES;
				GCC_WARN_UNUSED_VARIABLE = YES;
				LOCALIZATION_PREFERS_STRING_CATALOGS = YES;
				MTL_ENABLE_DEBUG_INFO = INCLUDE_SOURCE;
				MTL_FAST_MATH = YES;
				ONLY_ACTIVE_ARCH = YES;
				SWIFT_ACTIVE_COMPILATION_CONDITIONS = "DEBUG $(inherited)";
				SWIFT_OPTIMIZATION_LEVEL = "-Onone";
			};
			name = Debug;
		};
		9FC583202AE6F70A00A56141 /* Release */ = {
			isa = XCBuildConfiguration;
			buildSettings = {
				ALWAYS_SEARCH_USER_PATHS = NO;
				ASSETCATALOG_COMPILER_GENERATE_SWIFT_ASSET_SYMBOL_EXTENSIONS = YES;
				CLANG_ANALYZER_NONNULL = YES;
				CLANG_ANALYZER_NUMBER_OBJECT_CONVERSION = YES_AGGRESSIVE;
				CLANG_CXX_LANGUAGE_STANDARD = "gnu++20";
				CLANG_ENABLE_MODULES = YES;
				CLANG_ENABLE_OBJC_ARC = YES;
				CLANG_ENABLE_OBJC_WEAK = YES;
				CLANG_WARN_BLOCK_CAPTURE_AUTORELEASING = YES;
				CLANG_WARN_BOOL_CONVERSION = YES;
				CLANG_WARN_COMMA = YES;
				CLANG_WARN_CONSTANT_CONVERSION = YES;
				CLANG_WARN_DEPRECATED_OBJC_IMPLEMENTATIONS = YES;
				CLANG_WARN_DIRECT_OBJC_ISA_USAGE = YES_ERROR;
				CLANG_WARN_DOCUMENTATION_COMMENTS = YES;
				CLANG_WARN_EMPTY_BODY = YES;
				CLANG_WARN_ENUM_CONVERSION = YES;
				CLANG_WARN_INFINITE_RECURSION = YES;
				CLANG_WARN_INT_CONVERSION = YES;
				CLANG_WARN_NON_LITERAL_NULL_CONVERSION = YES;
				CLANG_WARN_OBJC_IMPLICIT_RETAIN_SELF = YES;
				CLANG_WARN_OBJC_LITERAL_CONVERSION = YES;
				CLANG_WARN_OBJC_ROOT_CLASS = YES_ERROR;
				CLANG_WARN_QUOTED_INCLUDE_IN_FRAMEWORK_HEADER = YES;
				CLANG_WARN_RANGE_LOOP_ANALYSIS = YES;
				CLANG_WARN_STRICT_PROTOTYPES = YES;
				CLANG_WARN_SUSPICIOUS_MOVE = YES;
				CLANG_WARN_UNGUARDED_AVAILABILITY = YES_AGGRESSIVE;
				CLANG_WARN_UNREACHABLE_CODE = YES;
				CLANG_WARN__DUPLICATE_METHOD_MATCH = YES;
				COPY_PHASE_STRIP = NO;
				DEBUG_INFORMATION_FORMAT = "dwarf-with-dsym";
				ENABLE_NS_ASSERTIONS = NO;
				ENABLE_STRICT_OBJC_MSGSEND = YES;
				ENABLE_USER_SCRIPT_SANDBOXING = YES;
				GCC_C_LANGUAGE_STANDARD = gnu17;
				GCC_NO_COMMON_BLOCKS = YES;
				GCC_WARN_64_TO_32_BIT_CONVERSION = YES;
				GCC_WARN_ABOUT_RETURN_TYPE = YES_ERROR;
				GCC_WARN_UNDECLARED_SELECTOR = YES;
				GCC_WARN_UNINITIALIZED_AUTOS = YES_AGGRESSIVE;
				GCC_WARN_UNUSED_FUNCTION = YES;
				GCC_WARN_UNUSED_VARIABLE = YES;
				LOCALIZATION_PREFERS_STRING_CATALOGS = YES;
				MTL_ENABLE_DEBUG_INFO = NO;
				MTL_FAST_MATH = YES;
				SWIFT_COMPILATION_MODE = wholemodule;
			};
			name = Release;
		};
		9FC583222AE6F70A00A56141 /* Debug */ = {
			isa = XCBuildConfiguration;
			buildSettings = {
				ASSETCATALOG_COMPILER_APPICON_NAME = Appicon;
				ASSETCATALOG_COMPILER_GLOBAL_ACCENT_COLOR_NAME = AccentColor;
				CODE_SIGN_ENTITLEMENTS = Vocablo/Vocablo.entitlements;
				CODE_SIGN_IDENTITY = "Apple Development";
				CODE_SIGN_STYLE = Automatic;
				CURRENT_PROJECT_VERSION = 1;
				DEVELOPMENT_ASSET_PATHS = "\"Vocablo/Preview Content\"";
				DEVELOPMENT_TEAM = 5B4LV69C8H;
				ENABLE_HARDENED_RUNTIME = YES;
				ENABLE_PREVIEWS = YES;
				GENERATE_INFOPLIST_FILE = YES;
				INFOPLIST_FILE = Vocablo/Info.plist;
				"INFOPLIST_KEY_UIApplicationSceneManifest_Generation[sdk=iphoneos*]" = YES;
				"INFOPLIST_KEY_UIApplicationSceneManifest_Generation[sdk=iphonesimulator*]" = YES;
				"INFOPLIST_KEY_UIApplicationSupportsIndirectInputEvents[sdk=iphoneos*]" = YES;
				"INFOPLIST_KEY_UIApplicationSupportsIndirectInputEvents[sdk=iphonesimulator*]" = YES;
				"INFOPLIST_KEY_UILaunchScreen_Generation[sdk=iphoneos*]" = YES;
				"INFOPLIST_KEY_UILaunchScreen_Generation[sdk=iphonesimulator*]" = YES;
				"INFOPLIST_KEY_UIStatusBarStyle[sdk=iphoneos*]" = UIStatusBarStyleDefault;
				"INFOPLIST_KEY_UIStatusBarStyle[sdk=iphonesimulator*]" = UIStatusBarStyleDefault;
				INFOPLIST_KEY_UISupportedInterfaceOrientations_iPad = "UIInterfaceOrientationPortrait UIInterfaceOrientationPortraitUpsideDown UIInterfaceOrientationLandscapeLeft UIInterfaceOrientationLandscapeRight";
				INFOPLIST_KEY_UISupportedInterfaceOrientations_iPhone = "UIInterfaceOrientationPortrait UIInterfaceOrientationLandscapeLeft UIInterfaceOrientationLandscapeRight";
				INFOPLIST_KEY_UISupportsDocumentBrowser = YES;
				IPHONEOS_DEPLOYMENT_TARGET = 17.0;
				LD_RUNPATH_SEARCH_PATHS = "@executable_path/Frameworks";
				"LD_RUNPATH_SEARCH_PATHS[sdk=macosx*]" = "@executable_path/../Frameworks";
				MACOSX_DEPLOYMENT_TARGET = 14.2;
				MARKETING_VERSION = 0.7;
				PRODUCT_BUNDLE_IDENTIFIER = com.marceljaeger.Vocablo;
				PRODUCT_NAME = "$(TARGET_NAME)";
				PROVISIONING_PROFILE_SPECIFIER = "";
				SDKROOT = auto;
				SUPPORTED_PLATFORMS = macosx;
				SUPPORTS_MACCATALYST = NO;
				SWIFT_EMIT_LOC_STRINGS = YES;
				SWIFT_STRICT_CONCURRENCY = complete;
				SWIFT_VERSION = 5.0;
			};
			name = Debug;
		};
		9FC583232AE6F70A00A56141 /* Release */ = {
			isa = XCBuildConfiguration;
			buildSettings = {
				ASSETCATALOG_COMPILER_APPICON_NAME = Appicon;
				ASSETCATALOG_COMPILER_GLOBAL_ACCENT_COLOR_NAME = AccentColor;
				CODE_SIGN_ENTITLEMENTS = Vocablo/Vocablo.entitlements;
				CODE_SIGN_IDENTITY = "Apple Development";
				CODE_SIGN_STYLE = Automatic;
				CURRENT_PROJECT_VERSION = 1;
				DEVELOPMENT_ASSET_PATHS = "\"Vocablo/Preview Content\"";
				DEVELOPMENT_TEAM = 5B4LV69C8H;
				ENABLE_HARDENED_RUNTIME = YES;
				ENABLE_PREVIEWS = YES;
				GENERATE_INFOPLIST_FILE = YES;
				INFOPLIST_FILE = Vocablo/Info.plist;
				"INFOPLIST_KEY_UIApplicationSceneManifest_Generation[sdk=iphoneos*]" = YES;
				"INFOPLIST_KEY_UIApplicationSceneManifest_Generation[sdk=iphonesimulator*]" = YES;
				"INFOPLIST_KEY_UIApplicationSupportsIndirectInputEvents[sdk=iphoneos*]" = YES;
				"INFOPLIST_KEY_UIApplicationSupportsIndirectInputEvents[sdk=iphonesimulator*]" = YES;
				"INFOPLIST_KEY_UILaunchScreen_Generation[sdk=iphoneos*]" = YES;
				"INFOPLIST_KEY_UILaunchScreen_Generation[sdk=iphonesimulator*]" = YES;
				"INFOPLIST_KEY_UIStatusBarStyle[sdk=iphoneos*]" = UIStatusBarStyleDefault;
				"INFOPLIST_KEY_UIStatusBarStyle[sdk=iphonesimulator*]" = UIStatusBarStyleDefault;
				INFOPLIST_KEY_UISupportedInterfaceOrientations_iPad = "UIInterfaceOrientationPortrait UIInterfaceOrientationPortraitUpsideDown UIInterfaceOrientationLandscapeLeft UIInterfaceOrientationLandscapeRight";
				INFOPLIST_KEY_UISupportedInterfaceOrientations_iPhone = "UIInterfaceOrientationPortrait UIInterfaceOrientationLandscapeLeft UIInterfaceOrientationLandscapeRight";
				INFOPLIST_KEY_UISupportsDocumentBrowser = YES;
				IPHONEOS_DEPLOYMENT_TARGET = 17.0;
				LD_RUNPATH_SEARCH_PATHS = "@executable_path/Frameworks";
				"LD_RUNPATH_SEARCH_PATHS[sdk=macosx*]" = "@executable_path/../Frameworks";
				MACOSX_DEPLOYMENT_TARGET = 14.2;
				MARKETING_VERSION = 0.7;
				PRODUCT_BUNDLE_IDENTIFIER = com.marceljaeger.Vocablo;
				PRODUCT_NAME = "$(TARGET_NAME)";
				PROVISIONING_PROFILE_SPECIFIER = "";
				SDKROOT = auto;
				SUPPORTED_PLATFORMS = macosx;
				SUPPORTS_MACCATALYST = NO;
				SWIFT_EMIT_LOC_STRINGS = YES;
				SWIFT_STRICT_CONCURRENCY = complete;
				SWIFT_VERSION = 5.0;
			};
			name = Release;
		};
/* End XCBuildConfiguration section */

/* Begin XCConfigurationList section */
		9F6C1B152B4C584F008717D5 /* Build configuration list for PBXNativeTarget "VocabloTests" */ = {
			isa = XCConfigurationList;
			buildConfigurations = (
				9F6C1B132B4C584F008717D5 /* Debug */,
				9F6C1B142B4C584F008717D5 /* Release */,
			);
			defaultConfigurationIsVisible = 0;
			defaultConfigurationName = Release;
		};
		9FC5830D2AE6F70900A56141 /* Build configuration list for PBXProject "Vocablo" */ = {
			isa = XCConfigurationList;
			buildConfigurations = (
				9FC5831F2AE6F70A00A56141 /* Debug */,
				9FC583202AE6F70A00A56141 /* Release */,
			);
			defaultConfigurationIsVisible = 0;
			defaultConfigurationName = Release;
		};
		9FC583212AE6F70A00A56141 /* Build configuration list for PBXNativeTarget "Vocablo" */ = {
			isa = XCConfigurationList;
			buildConfigurations = (
				9FC583222AE6F70A00A56141 /* Debug */,
				9FC583232AE6F70A00A56141 /* Release */,
			);
			defaultConfigurationIsVisible = 0;
			defaultConfigurationName = Release;
		};
/* End XCConfigurationList section */
	};
	rootObject = 9FC5830A2AE6F70900A56141 /* Project object */;
}
