// !$*UTF8*$!
{
	archiveVersion = 1;
	classes = {
	};
	objectVersion = 56;
	objects = {

/* Begin PBXBuildFile section */
		9F0975E22AF590C10001C9E3 /* ButtomToolbar.swift in Sources */ = {isa = PBXBuildFile; fileRef = 9F0975E12AF590C10001C9E3 /* ButtomToolbar.swift */; };
		9F1019A72B2710B10041CB7D /* LearningStateExplenationPopoverButton.swift in Sources */ = {isa = PBXBuildFile; fileRef = 9F1019A62B2710B10041CB7D /* LearningStateExplenationPopoverButton.swift */; };
		9F11D7942B22726B0050A3AD /* CopyableVocabularies.swift in Sources */ = {isa = PBXBuildFile; fileRef = 9F11D7932B22726B0050A3AD /* CopyableVocabularies.swift */; };
		9F11D7962B2274BC0050A3AD /* CuttableVocabularies.swift in Sources */ = {isa = PBXBuildFile; fileRef = 9F11D7952B2274BC0050A3AD /* CuttableVocabularies.swift */; };
		9F11D7982B22762C0050A3AD /* VocabulariesPasteDestination.swift in Sources */ = {isa = PBXBuildFile; fileRef = 9F11D7972B22762C0050A3AD /* VocabulariesPasteDestination.swift */; };
		9F13D95E2B5FD9B900DEBDDF /* ActionReactingService.swift in Sources */ = {isa = PBXBuildFile; fileRef = 9F13D95D2B5FD9B900DEBDDF /* ActionReactingService.swift */; };
		9F13D9602B5FD9FF00DEBDDF /* ActionPublisher.swift in Sources */ = {isa = PBXBuildFile; fileRef = 9F13D95F2B5FD9FF00DEBDDF /* ActionPublisher.swift */; };
		9F13D9622B5FDE0600DEBDDF /* onActionViewModifier.swift in Sources */ = {isa = PBXBuildFile; fileRef = 9F13D9612B5FDE0600DEBDDF /* onActionViewModifier.swift */; };
		9F13D9642B5FDE2E00DEBDDF /* ActionReactingService EnvrionmentKey.swift in Sources */ = {isa = PBXBuildFile; fileRef = 9F13D9632B5FDE2E00DEBDDF /* ActionReactingService EnvrionmentKey.swift */; };
		9F13D9662B60038200DEBDDF /* onAction.swift in Sources */ = {isa = PBXBuildFile; fileRef = 9F13D9652B60038200DEBDDF /* onAction.swift */; };
		9F13D9682B60045D00DEBDDF /* AddingVocabularPublisher.swift in Sources */ = {isa = PBXBuildFile; fileRef = 9F13D9672B60045D00DEBDDF /* AddingVocabularPublisher.swift */; };
		9F13D96A2B6005FF00DEBDDF /* AddingVocabularyListPublisher.swift in Sources */ = {isa = PBXBuildFile; fileRef = 9F13D9692B6005FF00DEBDDF /* AddingVocabularyListPublisher.swift */; };
		9F13D96C2B62B96000DEBDDF /* Documentation.docc in Sources */ = {isa = PBXBuildFile; fileRef = 9F13D96B2B62B96000DEBDDF /* Documentation.docc */; };
		9F1949BA2B73D51200E28B9B /* ListSelectionSet.swift in Sources */ = {isa = PBXBuildFile; fileRef = 9F1949B92B73D51200E28B9B /* ListSelectionSet.swift */; };
		9F1949BC2B73D52C00E28B9B /* ListSelectionValue.swift in Sources */ = {isa = PBXBuildFile; fileRef = 9F1949BB2B73D52C00E28B9B /* ListSelectionValue.swift */; };
		9F23D9412B0BF53200C90BBB /* Array.swift in Sources */ = {isa = PBXBuildFile; fileRef = 9F23D9402B0BF53200C90BBB /* Array.swift */; };
		9F2767322B0525A900C99231 /* Vocabulary UTType.swift in Sources */ = {isa = PBXBuildFile; fileRef = 9F2767312B0525A900C99231 /* Vocabulary UTType.swift */; };
		9F2935EB2B5A81D90016A413 /* VocabularyListDetailView.swift in Sources */ = {isa = PBXBuildFile; fileRef = 9F2935EA2B5A81D90016A413 /* VocabularyListDetailView.swift */; };
		9F323B552B95F54800A88947 /* WindowGroupScene.swift in Sources */ = {isa = PBXBuildFile; fileRef = 9F323B542B95F54800A88947 /* WindowGroupScene.swift */; };
		9F323B572B9605A400A88947 /* SetWordGroupMenu.swift in Sources */ = {isa = PBXBuildFile; fileRef = 9F323B562B9605A400A88947 /* SetWordGroupMenu.swift */; };
		9F323B592B96081E00A88947 /* ResetListButton.swift in Sources */ = {isa = PBXBuildFile; fileRef = 9F323B582B96081E00A88947 /* ResetListButton.swift */; };
		9F323B5B2B960A4E00A88947 /* DeleteListButton.swift in Sources */ = {isa = PBXBuildFile; fileRef = 9F323B5A2B960A4E00A88947 /* DeleteListButton.swift */; };
		9F323B5E2B97513C00A88947 /* OpenEditVocabularyViewButton.swift in Sources */ = {isa = PBXBuildFile; fileRef = 9F323B5D2B97513C00A88947 /* OpenEditVocabularyViewButton.swift */; };
		9F323B612B9756F500A88947 /* SelectedList.swift in Sources */ = {isa = PBXBuildFile; fileRef = 9F323B602B9756F500A88947 /* SelectedList.swift */; };
		9F323B632B97572F00A88947 /* SelectedVocabularies.swift in Sources */ = {isa = PBXBuildFile; fileRef = 9F323B622B97572F00A88947 /* SelectedVocabularies.swift */; };
		9F334D9C2B2BA9E40004AAC9 /* VocabulariesListView.swift in Sources */ = {isa = PBXBuildFile; fileRef = 9F334D9B2B2BA9E40004AAC9 /* VocabulariesListView.swift */; };
		9F334D9E2B2BAADD0004AAC9 /* VocabularyItem.swift in Sources */ = {isa = PBXBuildFile; fileRef = 9F334D9D2B2BAADD0004AAC9 /* VocabularyItem.swift */; };
		9F3482662B9F718400C8CBD2 /* CopyableVocabulariesModifier.swift in Sources */ = {isa = PBXBuildFile; fileRef = 9F3482652B9F718400C8CBD2 /* CopyableVocabulariesModifier.swift */; };
		9F3482682B9F71A400C8CBD2 /* CuttableVocabulariesModifier.swift in Sources */ = {isa = PBXBuildFile; fileRef = 9F3482672B9F71A400C8CBD2 /* CuttableVocabulariesModifier.swift */; };
		9F34826A2B9F72D500C8CBD2 /* PasteVocabulariesModifier.swift in Sources */ = {isa = PBXBuildFile; fileRef = 9F3482692B9F72D500C8CBD2 /* PasteVocabulariesModifier.swift */; };
		9F3C66B72B2A572B00E75793 /* LinkUndoManager.swift in Sources */ = {isa = PBXBuildFile; fileRef = 9F3C66B62B2A572B00E75793 /* LinkUndoManager.swift */; };
		9F46EFBC2AE81F5D0006E5F3 /* SchemaV1 Tag.swift in Sources */ = {isa = PBXBuildFile; fileRef = 9F46EFBB2AE81F5D0006E5F3 /* SchemaV1 Tag.swift */; };
		9F46EFBF2AE83C510006E5F3 /* ContentView.swift in Sources */ = {isa = PBXBuildFile; fileRef = 9F46EFBE2AE83C510006E5F3 /* ContentView.swift */; };
		9F46EFC12AE83EB90006E5F3 /* ListTableView.swift in Sources */ = {isa = PBXBuildFile; fileRef = 9F46EFC02AE83EB90006E5F3 /* ListTableView.swift */; };
		9F56C16E2B504CEB0013442E /* LearningValueManagerTests.swift in Sources */ = {isa = PBXBuildFile; fileRef = 9F56C16D2B504CEB0013442E /* LearningValueManagerTests.swift */; };
		9F66361C2B83811C008C7980 /* FetchDescriptor +ext.swift in Sources */ = {isa = PBXBuildFile; fileRef = 9F66361B2B83811C008C7980 /* FetchDescriptor +ext.swift */; };
		9F66361E2B838405008C7980 /* VocabularyList +ext.swift in Sources */ = {isa = PBXBuildFile; fileRef = 9F66361D2B838405008C7980 /* VocabularyList +ext.swift */; };
		9F6636202B839026008C7980 /* Optional.swift in Sources */ = {isa = PBXBuildFile; fileRef = 9F66361F2B839026008C7980 /* Optional.swift */; };
		9F6636222B839C7B008C7980 /* Vocabulary +ext.swift in Sources */ = {isa = PBXBuildFile; fileRef = 9F6636212B839C7B008C7980 /* Vocabulary +ext.swift */; };
		9F6C1B102B4C584F008717D5 /* LearningValueTests.swift in Sources */ = {isa = PBXBuildFile; fileRef = 9F6C1B0F2B4C584F008717D5 /* LearningValueTests.swift */; };
		9F6C1B172B4C58D1008717D5 /* ModelContextTests.swift in Sources */ = {isa = PBXBuildFile; fileRef = 9F6C1B162B4C58D1008717D5 /* ModelContextTests.swift */; };
		9F77411A2B1343DC00565B42 /* EditVocabularyView OLD.swift in Sources */ = {isa = PBXBuildFile; fileRef = 9F7741192B1343DC00565B42 /* EditVocabularyView OLD.swift */; };
		9F7741212B1345DA00565B42 /* WordGroupPicker OLD.swift in Sources */ = {isa = PBXBuildFile; fileRef = 9F7741202B1345DA00565B42 /* WordGroupPicker OLD.swift */; };
		9F7741232B1345F100565B42 /* TagMultiPicker.swift in Sources */ = {isa = PBXBuildFile; fileRef = 9F7741222B1345F100565B42 /* TagMultiPicker.swift */; };
		9F7741252B134AC600565B42 /* LearningLevelPicker.swift in Sources */ = {isa = PBXBuildFile; fileRef = 9F7741242B134AC500565B42 /* LearningLevelPicker.swift */; };
		9F7F6C432B168D75001B266A /* ModelContext.swift in Sources */ = {isa = PBXBuildFile; fileRef = 9F7F6C422B168D75001B266A /* ModelContext.swift */; };
		9F7F6C452B177E7D001B266A /* SidebarView.swift in Sources */ = {isa = PBXBuildFile; fileRef = 9F7F6C442B177E7D001B266A /* SidebarView.swift */; };
		9F7F6C472B1781E2001B266A /* Badge.swift in Sources */ = {isa = PBXBuildFile; fileRef = 9F7F6C462B1781E2001B266A /* Badge.swift */; };
		9F7F6C4D2B17A188001B266A /* TransferConvertable.swift in Sources */ = {isa = PBXBuildFile; fileRef = 9F7F6C4C2B17A188001B266A /* TransferConvertable.swift */; };
		9F7FBC8F2B2BB7BC0033EBAC /* WelcomeSheet.swift in Sources */ = {isa = PBXBuildFile; fileRef = 9F7FBC8E2B2BB7BC0033EBAC /* WelcomeSheet.swift */; };
		9F7FBC912B2CFB760033EBAC /* OpacityBool.swift in Sources */ = {isa = PBXBuildFile; fileRef = 9F7FBC902B2CFB760033EBAC /* OpacityBool.swift */; };
		9F7FBC942B2CFBB60033EBAC /* LearningValue.swift in Sources */ = {isa = PBXBuildFile; fileRef = 9F7FBC932B2CFBB60033EBAC /* LearningValue.swift */; };
		9F7FBC962B2CFE710033EBAC /* LearningValueManager.swift in Sources */ = {isa = PBXBuildFile; fileRef = 9F7FBC952B2CFE710033EBAC /* LearningValueManager.swift */; };
		9F7FBC982B2CFF790033EBAC /* SettingsScene.swift in Sources */ = {isa = PBXBuildFile; fileRef = 9F7FBC972B2CFF790033EBAC /* SettingsScene.swift */; };
		9F9491142B3323B20018AF4C /* Date.swift in Sources */ = {isa = PBXBuildFile; fileRef = 9F9491132B3323B20018AF4C /* Date.swift */; };
		9F9BD2292B83AC0A009DE663 /* FetchDescriptor +ext for Duplcates .swift in Sources */ = {isa = PBXBuildFile; fileRef = 9F9BD2282B83AC0A009DE663 /* FetchDescriptor +ext for Duplcates .swift */; };
		9FA72C9A2B8F8A5000246E76 /* ContentNavigationView.swift in Sources */ = {isa = PBXBuildFile; fileRef = 9FA72C992B8F8A5000246E76 /* ContentNavigationView.swift */; };
		9FA72C9C2B8F8C2D00246E76 /* Sidebar.swift in Sources */ = {isa = PBXBuildFile; fileRef = 9FA72C9B2B8F8C2D00246E76 /* Sidebar.swift */; };
		9FA72C9E2B90B3F900246E76 /* Detail.swift in Sources */ = {isa = PBXBuildFile; fileRef = 9FA72C9D2B90B3F900246E76 /* Detail.swift */; };
		9FA72CA02B90B96600246E76 /* VocabularyRow.swift in Sources */ = {isa = PBXBuildFile; fileRef = 9FA72C9F2B90B96600246E76 /* VocabularyRow.swift */; };
		9FA72CA22B90DC2600246E76 /* VocabularyListView.swift in Sources */ = {isa = PBXBuildFile; fileRef = 9FA72CA12B90DC2600246E76 /* VocabularyListView.swift */; };
		9FA72CA52B90DD6800246E76 /* VocabularyListRow.swift in Sources */ = {isa = PBXBuildFile; fileRef = 9FA72CA42B90DD6800246E76 /* VocabularyListRow.swift */; };
		9FA72CA82B90EDDF00246E76 /* ListSelectingValue.swift in Sources */ = {isa = PBXBuildFile; fileRef = 9FA72CA72B90EDDF00246E76 /* ListSelectingValue.swift */; };
		9FA72CAA2B90EE2D00246E76 /* LearningCommands.swift in Sources */ = {isa = PBXBuildFile; fileRef = 9FA72CA92B90EE2D00246E76 /* LearningCommands.swift */; };
		9FA72CAC2B921D8F00246E76 /* String +ext.swift in Sources */ = {isa = PBXBuildFile; fileRef = 9FA72CAB2B921D8F00246E76 /* String +ext.swift */; };
		9FA72CAE2B921FB600246E76 /* EditVocabularyView.swift in Sources */ = {isa = PBXBuildFile; fileRef = 9FA72CAD2B921FB600246E76 /* EditVocabularyView.swift */; };
		9FA72CB12B92211700246E76 /* WordGroupPicker.swift in Sources */ = {isa = PBXBuildFile; fileRef = 9FA72CB02B92211700246E76 /* WordGroupPicker.swift */; };
		9FA72CB72B92294600246E76 /* VocabularyCommands.swift in Sources */ = {isa = PBXBuildFile; fileRef = 9FA72CB62B92294600246E76 /* VocabularyCommands.swift */; };
		9FA72CB92B92295200246E76 /* ListCommands.swift in Sources */ = {isa = PBXBuildFile; fileRef = 9FA72CB82B92295200246E76 /* ListCommands.swift */; };
		9FA72CBB2B9236E900246E76 /* AddNewVocabularyButton.swift in Sources */ = {isa = PBXBuildFile; fileRef = 9FA72CBA2B9236E900246E76 /* AddNewVocabularyButton.swift */; };
		9FA72CBF2B92383C00246E76 /* SetVocabularyToLearnButton.swift in Sources */ = {isa = PBXBuildFile; fileRef = 9FA72CBE2B92383C00246E76 /* SetVocabularyToLearnButton.swift */; };
		9FA72CC12B9239E800246E76 /* ResetVocabulariesButton.swift in Sources */ = {isa = PBXBuildFile; fileRef = 9FA72CC02B9239E800246E76 /* ResetVocabulariesButton.swift */; };
		9FA72CC32B923AA300246E76 /* DeleteVocabulariesButton.swift in Sources */ = {isa = PBXBuildFile; fileRef = 9FA72CC22B923AA300246E76 /* DeleteVocabulariesButton.swift */; };
		9FA72CC52B923CE200246E76 /* LastRepetitionDatePicker.swift in Sources */ = {isa = PBXBuildFile; fileRef = 9FA72CC42B923CE200246E76 /* LastRepetitionDatePicker.swift */; };
		9FA72CC72B923EBE00246E76 /* ResetLearningStateButton.swift in Sources */ = {isa = PBXBuildFile; fileRef = 9FA72CC62B923EBE00246E76 /* ResetLearningStateButton.swift */; };
		9FA72CC92B9240E200246E76 /* AddNewListButton.swift in Sources */ = {isa = PBXBuildFile; fileRef = 9FA72CC82B9240E200246E76 /* AddNewListButton.swift */; };
		9FAE26E32B35BA9F0023E5C4 /* AppVersionManager.swift in Sources */ = {isa = PBXBuildFile; fileRef = 9FAE26E22B35BA9F0023E5C4 /* AppVersionManager.swift */; };
		9FC583162AE6F70900A56141 /* VocabloApp.swift in Sources */ = {isa = PBXBuildFile; fileRef = 9FC583152AE6F70900A56141 /* VocabloApp.swift */; };
		9FC5831A2AE6F70A00A56141 /* Assets.xcassets in Resources */ = {isa = PBXBuildFile; fileRef = 9FC583192AE6F70A00A56141 /* Assets.xcassets */; };
		9FC5831E2AE6F70A00A56141 /* Preview Assets.xcassets in Resources */ = {isa = PBXBuildFile; fileRef = 9FC5831D2AE6F70A00A56141 /* Preview Assets.xcassets */; };
		9FC583272AE7080E00A56141 /* SchemaV1 VocabularyList.swift in Sources */ = {isa = PBXBuildFile; fileRef = 9FC583262AE7080E00A56141 /* SchemaV1 VocabularyList.swift */; };
		9FC583292AE7085400A56141 /* SchemaV1 Vocabulary.swift in Sources */ = {isa = PBXBuildFile; fileRef = 9FC583282AE7085400A56141 /* SchemaV1 Vocabulary.swift */; };
		9FC5832B2AE7088B00A56141 /* WordGroup.swift in Sources */ = {isa = PBXBuildFile; fileRef = 9FC5832A2AE7088B00A56141 /* WordGroup.swift */; };
		9FD513492B69177E00B7955B /* DuplicateWarningLabel.swift in Sources */ = {isa = PBXBuildFile; fileRef = 9FD513482B69177E00B7955B /* DuplicateWarningLabel.swift */; };
		9FD5134B2B69183700B7955B /* DuplicateVocabulariesPopover.swift in Sources */ = {isa = PBXBuildFile; fileRef = 9FD5134A2B69183700B7955B /* DuplicateVocabulariesPopover.swift */; };
		9FD5134D2B695A3D00B7955B /* SheetContext.swift in Sources */ = {isa = PBXBuildFile; fileRef = 9FD5134C2B695A3D00B7955B /* SheetContext.swift */; };
		9FD513512B6A97FD00B7955B /* DuplicateVocabularyPopoverButton.swift in Sources */ = {isa = PBXBuildFile; fileRef = 9FD513502B6A97FD00B7955B /* DuplicateVocabularyPopoverButton.swift */; };
		9FDB9CE02B3723CC00646B67 /* SchemaV1.swift in Sources */ = {isa = PBXBuildFile; fileRef = 9FDB9CDF2B3723CC00646B67 /* SchemaV1.swift */; };
		9FDB9CE22B37242200646B67 /* current model typealias.swift in Sources */ = {isa = PBXBuildFile; fileRef = 9FDB9CE12B37242200646B67 /* current model typealias.swift */; };
		9FDE39DB2B1E78E7000EC63E /* LearningSheet.swift in Sources */ = {isa = PBXBuildFile; fileRef = 9FDE39DA2B1E78E7000EC63E /* LearningSheet.swift */; };
		9FEAC8082B24D06100AA7133 /* VocabloScene.swift in Sources */ = {isa = PBXBuildFile; fileRef = 9FEAC8072B24D06100AA7133 /* VocabloScene.swift */; };
		9FEDFF122B7B9D6300728D7C /* SearchingText.swift in Sources */ = {isa = PBXBuildFile; fileRef = 9FEDFF112B7B9D6300728D7C /* SearchingText.swift */; };
		9FF01AAC2B152EB30038BEAE /* DetailView.swift in Sources */ = {isa = PBXBuildFile; fileRef = 9FF01AAB2B152EB30038BEAE /* DetailView.swift */; };
		9FF7461E2B9890DB00118E47 /* SearchingVocabularyListView.swift in Sources */ = {isa = PBXBuildFile; fileRef = 9FF7461D2B9890DB00118E47 /* SearchingVocabularyListView.swift */; };
		9FF746202B9891E700118E47 /* ListVocabularyListView.swift in Sources */ = {isa = PBXBuildFile; fileRef = 9FF7461F2B9891E700118E47 /* ListVocabularyListView.swift */; };
		9FF746222B98941300118E47 /* VocabularyListViewContextMenu.swift in Sources */ = {isa = PBXBuildFile; fileRef = 9FF746212B98941300118E47 /* VocabularyListViewContextMenu.swift */; };
		9FF746242B98942D00118E47 /* VocabularyListViewToolbar.swift in Sources */ = {isa = PBXBuildFile; fileRef = 9FF746232B98942D00118E47 /* VocabularyListViewToolbar.swift */; };
		9FF746262B98974200118E47 /* AllVocabularyListView.swift in Sources */ = {isa = PBXBuildFile; fileRef = 9FF746252B98974200118E47 /* AllVocabularyListView.swift */; };
		9FF78ED12B481718006F6756 /* ModelContainer.swift in Sources */ = {isa = PBXBuildFile; fileRef = 9FF78ED02B481718006F6756 /* ModelContainer.swift */; };
		9FF78ED42B481C20006F6756 /* SelectionContext.swift in Sources */ = {isa = PBXBuildFile; fileRef = 9FF78ED32B481C20006F6756 /* SelectionContext.swift */; };
		9FF78ED82B484B7D006F6756 /* Set.swift in Sources */ = {isa = PBXBuildFile; fileRef = 9FF78ED72B484B7D006F6756 /* Set.swift */; };
		9FFB36182AED93A500E510CA /* Learnable.swift in Sources */ = {isa = PBXBuildFile; fileRef = 9FFB36172AED93A500E510CA /* Learnable.swift */; };
		9FFB361A2AED952C00E510CA /* LearningState.swift in Sources */ = {isa = PBXBuildFile; fileRef = 9FFB36192AED952C00E510CA /* LearningState.swift */; };
		9FFB361E2AED9AE300E510CA /* LearningView.swift in Sources */ = {isa = PBXBuildFile; fileRef = 9FFB361D2AED9AE300E510CA /* LearningView.swift */; };
		9FFB36222AF0427F00E510CA /* LearningLevel.swift in Sources */ = {isa = PBXBuildFile; fileRef = 9FFB36212AF0427F00E510CA /* LearningLevel.swift */; };
/* End PBXBuildFile section */

/* Begin PBXContainerItemProxy section */
		9F6C1B112B4C584F008717D5 /* PBXContainerItemProxy */ = {
			isa = PBXContainerItemProxy;
			containerPortal = 9FC5830A2AE6F70900A56141 /* Project object */;
			proxyType = 1;
			remoteGlobalIDString = 9FC583112AE6F70900A56141;
			remoteInfo = Vocablo;
		};
/* End PBXContainerItemProxy section */

/* Begin PBXFileReference section */
		9F0975E12AF590C10001C9E3 /* ButtomToolbar.swift */ = {isa = PBXFileReference; lastKnownFileType = sourcecode.swift; path = ButtomToolbar.swift; sourceTree = "<group>"; };
		9F1019A62B2710B10041CB7D /* LearningStateExplenationPopoverButton.swift */ = {isa = PBXFileReference; lastKnownFileType = sourcecode.swift; path = LearningStateExplenationPopoverButton.swift; sourceTree = "<group>"; };
		9F11D7932B22726B0050A3AD /* CopyableVocabularies.swift */ = {isa = PBXFileReference; lastKnownFileType = sourcecode.swift; path = CopyableVocabularies.swift; sourceTree = "<group>"; };
		9F11D7952B2274BC0050A3AD /* CuttableVocabularies.swift */ = {isa = PBXFileReference; lastKnownFileType = sourcecode.swift; path = CuttableVocabularies.swift; sourceTree = "<group>"; };
		9F11D7972B22762C0050A3AD /* VocabulariesPasteDestination.swift */ = {isa = PBXFileReference; lastKnownFileType = sourcecode.swift; path = VocabulariesPasteDestination.swift; sourceTree = "<group>"; };
		9F13D95D2B5FD9B900DEBDDF /* ActionReactingService.swift */ = {isa = PBXFileReference; lastKnownFileType = sourcecode.swift; path = ActionReactingService.swift; sourceTree = "<group>"; };
		9F13D95F2B5FD9FF00DEBDDF /* ActionPublisher.swift */ = {isa = PBXFileReference; lastKnownFileType = sourcecode.swift; path = ActionPublisher.swift; sourceTree = "<group>"; };
		9F13D9612B5FDE0600DEBDDF /* onActionViewModifier.swift */ = {isa = PBXFileReference; lastKnownFileType = sourcecode.swift; path = onActionViewModifier.swift; sourceTree = "<group>"; };
		9F13D9632B5FDE2E00DEBDDF /* ActionReactingService EnvrionmentKey.swift */ = {isa = PBXFileReference; lastKnownFileType = sourcecode.swift; path = "ActionReactingService EnvrionmentKey.swift"; sourceTree = "<group>"; };
		9F13D9652B60038200DEBDDF /* onAction.swift */ = {isa = PBXFileReference; lastKnownFileType = sourcecode.swift; path = onAction.swift; sourceTree = "<group>"; };
		9F13D9672B60045D00DEBDDF /* AddingVocabularPublisher.swift */ = {isa = PBXFileReference; lastKnownFileType = sourcecode.swift; path = AddingVocabularPublisher.swift; sourceTree = "<group>"; };
		9F13D9692B6005FF00DEBDDF /* AddingVocabularyListPublisher.swift */ = {isa = PBXFileReference; lastKnownFileType = sourcecode.swift; path = AddingVocabularyListPublisher.swift; sourceTree = "<group>"; };
		9F13D96B2B62B96000DEBDDF /* Documentation.docc */ = {isa = PBXFileReference; lastKnownFileType = folder.documentationcatalog; path = Documentation.docc; sourceTree = "<group>"; };
		9F1949B92B73D51200E28B9B /* ListSelectionSet.swift */ = {isa = PBXFileReference; lastKnownFileType = sourcecode.swift; path = ListSelectionSet.swift; sourceTree = "<group>"; };
		9F1949BB2B73D52C00E28B9B /* ListSelectionValue.swift */ = {isa = PBXFileReference; lastKnownFileType = sourcecode.swift; path = ListSelectionValue.swift; sourceTree = "<group>"; };
		9F23D9402B0BF53200C90BBB /* Array.swift */ = {isa = PBXFileReference; lastKnownFileType = sourcecode.swift; path = Array.swift; sourceTree = "<group>"; };
		9F2767312B0525A900C99231 /* Vocabulary UTType.swift */ = {isa = PBXFileReference; lastKnownFileType = sourcecode.swift; path = "Vocabulary UTType.swift"; sourceTree = "<group>"; };
		9F2935EA2B5A81D90016A413 /* VocabularyListDetailView.swift */ = {isa = PBXFileReference; lastKnownFileType = sourcecode.swift; path = VocabularyListDetailView.swift; sourceTree = "<group>"; };
		9F323B542B95F54800A88947 /* WindowGroupScene.swift */ = {isa = PBXFileReference; lastKnownFileType = sourcecode.swift; path = WindowGroupScene.swift; sourceTree = "<group>"; };
		9F323B562B9605A400A88947 /* SetWordGroupMenu.swift */ = {isa = PBXFileReference; lastKnownFileType = sourcecode.swift; path = SetWordGroupMenu.swift; sourceTree = "<group>"; };
		9F323B582B96081E00A88947 /* ResetListButton.swift */ = {isa = PBXFileReference; lastKnownFileType = sourcecode.swift; path = ResetListButton.swift; sourceTree = "<group>"; };
		9F323B5A2B960A4E00A88947 /* DeleteListButton.swift */ = {isa = PBXFileReference; lastKnownFileType = sourcecode.swift; path = DeleteListButton.swift; sourceTree = "<group>"; };
		9F323B5D2B97513C00A88947 /* OpenEditVocabularyViewButton.swift */ = {isa = PBXFileReference; lastKnownFileType = sourcecode.swift; path = OpenEditVocabularyViewButton.swift; sourceTree = "<group>"; };
		9F323B602B9756F500A88947 /* SelectedList.swift */ = {isa = PBXFileReference; lastKnownFileType = sourcecode.swift; path = SelectedList.swift; sourceTree = "<group>"; };
		9F323B622B97572F00A88947 /* SelectedVocabularies.swift */ = {isa = PBXFileReference; lastKnownFileType = sourcecode.swift; path = SelectedVocabularies.swift; sourceTree = "<group>"; };
		9F334D9B2B2BA9E40004AAC9 /* VocabulariesListView.swift */ = {isa = PBXFileReference; lastKnownFileType = sourcecode.swift; path = VocabulariesListView.swift; sourceTree = "<group>"; };
		9F334D9D2B2BAADD0004AAC9 /* VocabularyItem.swift */ = {isa = PBXFileReference; lastKnownFileType = sourcecode.swift; path = VocabularyItem.swift; sourceTree = "<group>"; };
		9F3482652B9F718400C8CBD2 /* CopyableVocabulariesModifier.swift */ = {isa = PBXFileReference; lastKnownFileType = sourcecode.swift; path = CopyableVocabulariesModifier.swift; sourceTree = "<group>"; };
		9F3482672B9F71A400C8CBD2 /* CuttableVocabulariesModifier.swift */ = {isa = PBXFileReference; lastKnownFileType = sourcecode.swift; path = CuttableVocabulariesModifier.swift; sourceTree = "<group>"; };
		9F3482692B9F72D500C8CBD2 /* PasteVocabulariesModifier.swift */ = {isa = PBXFileReference; lastKnownFileType = sourcecode.swift; path = PasteVocabulariesModifier.swift; sourceTree = "<group>"; };
		9F3C66B62B2A572B00E75793 /* LinkUndoManager.swift */ = {isa = PBXFileReference; lastKnownFileType = sourcecode.swift; path = LinkUndoManager.swift; sourceTree = "<group>"; };
		9F46EFBB2AE81F5D0006E5F3 /* SchemaV1 Tag.swift */ = {isa = PBXFileReference; lastKnownFileType = sourcecode.swift; path = "SchemaV1 Tag.swift"; sourceTree = "<group>"; };
		9F46EFBE2AE83C510006E5F3 /* ContentView.swift */ = {isa = PBXFileReference; lastKnownFileType = sourcecode.swift; path = ContentView.swift; sourceTree = "<group>"; };
		9F46EFC02AE83EB90006E5F3 /* ListTableView.swift */ = {isa = PBXFileReference; lastKnownFileType = sourcecode.swift; path = ListTableView.swift; sourceTree = "<group>"; };
		9F56C16D2B504CEB0013442E /* LearningValueManagerTests.swift */ = {isa = PBXFileReference; lastKnownFileType = sourcecode.swift; path = LearningValueManagerTests.swift; sourceTree = "<group>"; };
		9F66361B2B83811C008C7980 /* FetchDescriptor +ext.swift */ = {isa = PBXFileReference; lastKnownFileType = sourcecode.swift; path = "FetchDescriptor +ext.swift"; sourceTree = "<group>"; };
		9F66361D2B838405008C7980 /* VocabularyList +ext.swift */ = {isa = PBXFileReference; lastKnownFileType = sourcecode.swift; path = "VocabularyList +ext.swift"; sourceTree = "<group>"; };
		9F66361F2B839026008C7980 /* Optional.swift */ = {isa = PBXFileReference; lastKnownFileType = sourcecode.swift; path = Optional.swift; sourceTree = "<group>"; };
		9F6636212B839C7B008C7980 /* Vocabulary +ext.swift */ = {isa = PBXFileReference; lastKnownFileType = sourcecode.swift; path = "Vocabulary +ext.swift"; sourceTree = "<group>"; };
		9F6C1B0D2B4C584F008717D5 /* VocabloTests.xctest */ = {isa = PBXFileReference; explicitFileType = wrapper.cfbundle; includeInIndex = 0; path = VocabloTests.xctest; sourceTree = BUILT_PRODUCTS_DIR; };
		9F6C1B0F2B4C584F008717D5 /* LearningValueTests.swift */ = {isa = PBXFileReference; lastKnownFileType = sourcecode.swift; path = LearningValueTests.swift; sourceTree = "<group>"; };
		9F6C1B162B4C58D1008717D5 /* ModelContextTests.swift */ = {isa = PBXFileReference; lastKnownFileType = sourcecode.swift; path = ModelContextTests.swift; sourceTree = "<group>"; };
		9F7741192B1343DC00565B42 /* EditVocabularyView OLD.swift */ = {isa = PBXFileReference; lastKnownFileType = sourcecode.swift; path = "EditVocabularyView OLD.swift"; sourceTree = "<group>"; };
		9F7741202B1345DA00565B42 /* WordGroupPicker OLD.swift */ = {isa = PBXFileReference; lastKnownFileType = sourcecode.swift; path = "WordGroupPicker OLD.swift"; sourceTree = "<group>"; };
		9F7741222B1345F100565B42 /* TagMultiPicker.swift */ = {isa = PBXFileReference; lastKnownFileType = sourcecode.swift; path = TagMultiPicker.swift; sourceTree = "<group>"; };
		9F7741242B134AC500565B42 /* LearningLevelPicker.swift */ = {isa = PBXFileReference; lastKnownFileType = sourcecode.swift; path = LearningLevelPicker.swift; sourceTree = "<group>"; };
		9F7F6C422B168D75001B266A /* ModelContext.swift */ = {isa = PBXFileReference; lastKnownFileType = sourcecode.swift; path = ModelContext.swift; sourceTree = "<group>"; };
		9F7F6C442B177E7D001B266A /* SidebarView.swift */ = {isa = PBXFileReference; lastKnownFileType = sourcecode.swift; path = SidebarView.swift; sourceTree = "<group>"; };
		9F7F6C462B1781E2001B266A /* Badge.swift */ = {isa = PBXFileReference; lastKnownFileType = sourcecode.swift; path = Badge.swift; sourceTree = "<group>"; };
		9F7F6C4C2B17A188001B266A /* TransferConvertable.swift */ = {isa = PBXFileReference; lastKnownFileType = sourcecode.swift; path = TransferConvertable.swift; sourceTree = "<group>"; };
		9F7FBC8E2B2BB7BC0033EBAC /* WelcomeSheet.swift */ = {isa = PBXFileReference; lastKnownFileType = sourcecode.swift; path = WelcomeSheet.swift; sourceTree = "<group>"; };
		9F7FBC902B2CFB760033EBAC /* OpacityBool.swift */ = {isa = PBXFileReference; lastKnownFileType = sourcecode.swift; path = OpacityBool.swift; sourceTree = "<group>"; };
		9F7FBC932B2CFBB60033EBAC /* LearningValue.swift */ = {isa = PBXFileReference; lastKnownFileType = sourcecode.swift; path = LearningValue.swift; sourceTree = "<group>"; };
		9F7FBC952B2CFE710033EBAC /* LearningValueManager.swift */ = {isa = PBXFileReference; lastKnownFileType = sourcecode.swift; path = LearningValueManager.swift; sourceTree = "<group>"; };
		9F7FBC972B2CFF790033EBAC /* SettingsScene.swift */ = {isa = PBXFileReference; lastKnownFileType = sourcecode.swift; path = SettingsScene.swift; sourceTree = "<group>"; };
		9F9491132B3323B20018AF4C /* Date.swift */ = {isa = PBXFileReference; lastKnownFileType = sourcecode.swift; path = Date.swift; sourceTree = "<group>"; };
		9F9BD2282B83AC0A009DE663 /* FetchDescriptor +ext for Duplcates .swift */ = {isa = PBXFileReference; lastKnownFileType = sourcecode.swift; path = "FetchDescriptor +ext for Duplcates .swift"; sourceTree = "<group>"; };
		9FA72C992B8F8A5000246E76 /* ContentNavigationView.swift */ = {isa = PBXFileReference; lastKnownFileType = sourcecode.swift; path = ContentNavigationView.swift; sourceTree = "<group>"; };
		9FA72C9B2B8F8C2D00246E76 /* Sidebar.swift */ = {isa = PBXFileReference; lastKnownFileType = sourcecode.swift; path = Sidebar.swift; sourceTree = "<group>"; };
		9FA72C9D2B90B3F900246E76 /* Detail.swift */ = {isa = PBXFileReference; lastKnownFileType = sourcecode.swift; path = Detail.swift; sourceTree = "<group>"; };
		9FA72C9F2B90B96600246E76 /* VocabularyRow.swift */ = {isa = PBXFileReference; lastKnownFileType = sourcecode.swift; path = VocabularyRow.swift; sourceTree = "<group>"; };
		9FA72CA12B90DC2600246E76 /* VocabularyListView.swift */ = {isa = PBXFileReference; lastKnownFileType = sourcecode.swift; path = VocabularyListView.swift; sourceTree = "<group>"; };
		9FA72CA42B90DD6800246E76 /* VocabularyListRow.swift */ = {isa = PBXFileReference; lastKnownFileType = sourcecode.swift; path = VocabularyListRow.swift; sourceTree = "<group>"; };
		9FA72CA72B90EDDF00246E76 /* ListSelectingValue.swift */ = {isa = PBXFileReference; lastKnownFileType = sourcecode.swift; path = ListSelectingValue.swift; sourceTree = "<group>"; };
		9FA72CA92B90EE2D00246E76 /* LearningCommands.swift */ = {isa = PBXFileReference; lastKnownFileType = sourcecode.swift; path = LearningCommands.swift; sourceTree = "<group>"; };
		9FA72CAB2B921D8F00246E76 /* String +ext.swift */ = {isa = PBXFileReference; lastKnownFileType = sourcecode.swift; path = "String +ext.swift"; sourceTree = "<group>"; };
		9FA72CAD2B921FB600246E76 /* EditVocabularyView.swift */ = {isa = PBXFileReference; lastKnownFileType = sourcecode.swift; path = EditVocabularyView.swift; sourceTree = "<group>"; };
		9FA72CB02B92211700246E76 /* WordGroupPicker.swift */ = {isa = PBXFileReference; lastKnownFileType = sourcecode.swift; path = WordGroupPicker.swift; sourceTree = "<group>"; };
		9FA72CB62B92294600246E76 /* VocabularyCommands.swift */ = {isa = PBXFileReference; lastKnownFileType = sourcecode.swift; path = VocabularyCommands.swift; sourceTree = "<group>"; };
		9FA72CB82B92295200246E76 /* ListCommands.swift */ = {isa = PBXFileReference; lastKnownFileType = sourcecode.swift; path = ListCommands.swift; sourceTree = "<group>"; };
		9FA72CBA2B9236E900246E76 /* AddNewVocabularyButton.swift */ = {isa = PBXFileReference; lastKnownFileType = sourcecode.swift; path = AddNewVocabularyButton.swift; sourceTree = "<group>"; };
		9FA72CBE2B92383C00246E76 /* SetVocabularyToLearnButton.swift */ = {isa = PBXFileReference; lastKnownFileType = sourcecode.swift; path = SetVocabularyToLearnButton.swift; sourceTree = "<group>"; };
		9FA72CC02B9239E800246E76 /* ResetVocabulariesButton.swift */ = {isa = PBXFileReference; lastKnownFileType = sourcecode.swift; path = ResetVocabulariesButton.swift; sourceTree = "<group>"; };
		9FA72CC22B923AA300246E76 /* DeleteVocabulariesButton.swift */ = {isa = PBXFileReference; lastKnownFileType = sourcecode.swift; path = DeleteVocabulariesButton.swift; sourceTree = "<group>"; };
		9FA72CC42B923CE200246E76 /* LastRepetitionDatePicker.swift */ = {isa = PBXFileReference; lastKnownFileType = sourcecode.swift; path = LastRepetitionDatePicker.swift; sourceTree = "<group>"; };
		9FA72CC62B923EBE00246E76 /* ResetLearningStateButton.swift */ = {isa = PBXFileReference; lastKnownFileType = sourcecode.swift; path = ResetLearningStateButton.swift; sourceTree = "<group>"; };
		9FA72CC82B9240E200246E76 /* AddNewListButton.swift */ = {isa = PBXFileReference; lastKnownFileType = sourcecode.swift; path = AddNewListButton.swift; sourceTree = "<group>"; };
		9FAE26E22B35BA9F0023E5C4 /* AppVersionManager.swift */ = {isa = PBXFileReference; lastKnownFileType = sourcecode.swift; path = AppVersionManager.swift; sourceTree = "<group>"; };
		9FAF88472AEAE9E000D81CE0 /* Info.plist */ = {isa = PBXFileReference; lastKnownFileType = text.plist; path = Info.plist; sourceTree = "<group>"; };
		9FC583122AE6F70900A56141 /* Vocablo.app */ = {isa = PBXFileReference; explicitFileType = wrapper.application; includeInIndex = 0; path = Vocablo.app; sourceTree = BUILT_PRODUCTS_DIR; };
		9FC583152AE6F70900A56141 /* VocabloApp.swift */ = {isa = PBXFileReference; lastKnownFileType = sourcecode.swift; path = VocabloApp.swift; sourceTree = "<group>"; };
		9FC583192AE6F70A00A56141 /* Assets.xcassets */ = {isa = PBXFileReference; lastKnownFileType = folder.assetcatalog; path = Assets.xcassets; sourceTree = "<group>"; };
		9FC5831B2AE6F70A00A56141 /* Vocablo.entitlements */ = {isa = PBXFileReference; lastKnownFileType = text.plist.entitlements; path = Vocablo.entitlements; sourceTree = "<group>"; };
		9FC5831D2AE6F70A00A56141 /* Preview Assets.xcassets */ = {isa = PBXFileReference; lastKnownFileType = folder.assetcatalog; path = "Preview Assets.xcassets"; sourceTree = "<group>"; };
		9FC583262AE7080E00A56141 /* SchemaV1 VocabularyList.swift */ = {isa = PBXFileReference; lastKnownFileType = sourcecode.swift; path = "SchemaV1 VocabularyList.swift"; sourceTree = "<group>"; };
		9FC583282AE7085400A56141 /* SchemaV1 Vocabulary.swift */ = {isa = PBXFileReference; lastKnownFileType = sourcecode.swift; path = "SchemaV1 Vocabulary.swift"; sourceTree = "<group>"; };
		9FC5832A2AE7088B00A56141 /* WordGroup.swift */ = {isa = PBXFileReference; lastKnownFileType = sourcecode.swift; path = WordGroup.swift; sourceTree = "<group>"; };
		9FD513482B69177E00B7955B /* DuplicateWarningLabel.swift */ = {isa = PBXFileReference; lastKnownFileType = sourcecode.swift; path = DuplicateWarningLabel.swift; sourceTree = "<group>"; };
		9FD5134A2B69183700B7955B /* DuplicateVocabulariesPopover.swift */ = {isa = PBXFileReference; lastKnownFileType = sourcecode.swift; path = DuplicateVocabulariesPopover.swift; sourceTree = "<group>"; };
		9FD5134C2B695A3D00B7955B /* SheetContext.swift */ = {isa = PBXFileReference; lastKnownFileType = sourcecode.swift; path = SheetContext.swift; sourceTree = "<group>"; };
		9FD513502B6A97FD00B7955B /* DuplicateVocabularyPopoverButton.swift */ = {isa = PBXFileReference; lastKnownFileType = sourcecode.swift; path = DuplicateVocabularyPopoverButton.swift; sourceTree = "<group>"; };
		9FDB9CDF2B3723CC00646B67 /* SchemaV1.swift */ = {isa = PBXFileReference; lastKnownFileType = sourcecode.swift; path = SchemaV1.swift; sourceTree = "<group>"; };
		9FDB9CE12B37242200646B67 /* current model typealias.swift */ = {isa = PBXFileReference; lastKnownFileType = sourcecode.swift; path = "current model typealias.swift"; sourceTree = "<group>"; };
		9FDE39DA2B1E78E7000EC63E /* LearningSheet.swift */ = {isa = PBXFileReference; lastKnownFileType = sourcecode.swift; path = LearningSheet.swift; sourceTree = "<group>"; };
		9FEAC8072B24D06100AA7133 /* VocabloScene.swift */ = {isa = PBXFileReference; lastKnownFileType = sourcecode.swift; path = VocabloScene.swift; sourceTree = "<group>"; };
		9FEDFF112B7B9D6300728D7C /* SearchingText.swift */ = {isa = PBXFileReference; lastKnownFileType = sourcecode.swift; path = SearchingText.swift; sourceTree = "<group>"; };
		9FF01AAB2B152EB30038BEAE /* DetailView.swift */ = {isa = PBXFileReference; lastKnownFileType = sourcecode.swift; path = DetailView.swift; sourceTree = "<group>"; };
		9FF7461D2B9890DB00118E47 /* SearchingVocabularyListView.swift */ = {isa = PBXFileReference; lastKnownFileType = sourcecode.swift; path = SearchingVocabularyListView.swift; sourceTree = "<group>"; };
		9FF7461F2B9891E700118E47 /* ListVocabularyListView.swift */ = {isa = PBXFileReference; lastKnownFileType = sourcecode.swift; path = ListVocabularyListView.swift; sourceTree = "<group>"; };
		9FF746212B98941300118E47 /* VocabularyListViewContextMenu.swift */ = {isa = PBXFileReference; lastKnownFileType = sourcecode.swift; path = VocabularyListViewContextMenu.swift; sourceTree = "<group>"; };
		9FF746232B98942D00118E47 /* VocabularyListViewToolbar.swift */ = {isa = PBXFileReference; lastKnownFileType = sourcecode.swift; path = VocabularyListViewToolbar.swift; sourceTree = "<group>"; };
		9FF746252B98974200118E47 /* AllVocabularyListView.swift */ = {isa = PBXFileReference; lastKnownFileType = sourcecode.swift; path = AllVocabularyListView.swift; sourceTree = "<group>"; };
		9FF78ED02B481718006F6756 /* ModelContainer.swift */ = {isa = PBXFileReference; lastKnownFileType = sourcecode.swift; path = ModelContainer.swift; sourceTree = "<group>"; };
		9FF78ED32B481C20006F6756 /* SelectionContext.swift */ = {isa = PBXFileReference; lastKnownFileType = sourcecode.swift; path = SelectionContext.swift; sourceTree = "<group>"; };
		9FF78ED72B484B7D006F6756 /* Set.swift */ = {isa = PBXFileReference; lastKnownFileType = sourcecode.swift; path = Set.swift; sourceTree = "<group>"; };
		9FFB36172AED93A500E510CA /* Learnable.swift */ = {isa = PBXFileReference; lastKnownFileType = sourcecode.swift; path = Learnable.swift; sourceTree = "<group>"; };
		9FFB36192AED952C00E510CA /* LearningState.swift */ = {isa = PBXFileReference; lastKnownFileType = sourcecode.swift; path = LearningState.swift; sourceTree = "<group>"; };
		9FFB361D2AED9AE300E510CA /* LearningView.swift */ = {isa = PBXFileReference; lastKnownFileType = sourcecode.swift; path = LearningView.swift; sourceTree = "<group>"; };
		9FFB36212AF0427F00E510CA /* LearningLevel.swift */ = {isa = PBXFileReference; lastKnownFileType = sourcecode.swift; path = LearningLevel.swift; sourceTree = "<group>"; };
/* End PBXFileReference section */

/* Begin PBXFrameworksBuildPhase section */
		9F6C1B0A2B4C584F008717D5 /* Frameworks */ = {
			isa = PBXFrameworksBuildPhase;
			buildActionMask = 2147483647;
			files = (
			);
			runOnlyForDeploymentPostprocessing = 0;
		};
		9FC5830F2AE6F70900A56141 /* Frameworks */ = {
			isa = PBXFrameworksBuildPhase;
			buildActionMask = 2147483647;
			files = (
			);
			runOnlyForDeploymentPostprocessing = 0;
		};
/* End PBXFrameworksBuildPhase section */

/* Begin PBXGroup section */
		9F0975E02AF590810001C9E3 /* view modifiers */ = {
			isa = PBXGroup;
			children = (
				9F0975E12AF590C10001C9E3 /* ButtomToolbar.swift */,
				9F7F6C462B1781E2001B266A /* Badge.swift */,
				9F11D7932B22726B0050A3AD /* CopyableVocabularies.swift */,
				9F11D7952B2274BC0050A3AD /* CuttableVocabularies.swift */,
				9F11D7972B22762C0050A3AD /* VocabulariesPasteDestination.swift */,
				9F3C66B62B2A572B00E75793 /* LinkUndoManager.swift */,
				9F13D9652B60038200DEBDDF /* onAction.swift */,
			);
			path = "view modifiers";
			sourceTree = "<group>";
		};
		9F13D95C2B5FD9A800DEBDDF /* ActionPublisherService */ = {
			isa = PBXGroup;
			children = (
				9F13D95D2B5FD9B900DEBDDF /* ActionReactingService.swift */,
				9F13D95F2B5FD9FF00DEBDDF /* ActionPublisher.swift */,
				9F13D9632B5FDE2E00DEBDDF /* ActionReactingService EnvrionmentKey.swift */,
				9F13D9612B5FDE0600DEBDDF /* onActionViewModifier.swift */,
				9F13D9672B60045D00DEBDDF /* AddingVocabularPublisher.swift */,
				9F13D9692B6005FF00DEBDDF /* AddingVocabularyListPublisher.swift */,
			);
			path = ActionPublisherService;
			sourceTree = "<group>";
		};
		9F1949B82B73D4F200E28B9B /* SelectionContext */ = {
			isa = PBXGroup;
			children = (
				9FF78ED32B481C20006F6756 /* SelectionContext.swift */,
				9F1949B92B73D51200E28B9B /* ListSelectionSet.swift */,
				9F1949BB2B73D52C00E28B9B /* ListSelectionValue.swift */,
			);
			path = SelectionContext;
			sourceTree = "<group>";
		};
		9F1C25292B17EA3900E407C1 /* archiev */ = {
			isa = PBXGroup;
			children = (
				9FF01AAB2B152EB30038BEAE /* DetailView.swift */,
				9F334D9B2B2BA9E40004AAC9 /* VocabulariesListView.swift */,
				9F7741222B1345F100565B42 /* TagMultiPicker.swift */,
				9FFB361D2AED9AE300E510CA /* LearningView.swift */,
				9F46EFC02AE83EB90006E5F3 /* ListTableView.swift */,
			);
			path = archiev;
			sourceTree = "<group>";
		};
		9F23D93F2B0BF52800C90BBB /* extensions */ = {
			isa = PBXGroup;
			children = (
				9F23D9402B0BF53200C90BBB /* Array.swift */,
				9F7F6C422B168D75001B266A /* ModelContext.swift */,
				9F9491132B3323B20018AF4C /* Date.swift */,
				9FF78ED02B481718006F6756 /* ModelContainer.swift */,
				9FF78ED72B484B7D006F6756 /* Set.swift */,
				9F66361B2B83811C008C7980 /* FetchDescriptor +ext.swift */,
				9F66361D2B838405008C7980 /* VocabularyList +ext.swift */,
				9F66361F2B839026008C7980 /* Optional.swift */,
				9F6636212B839C7B008C7980 /* Vocabulary +ext.swift */,
			);
			path = extensions;
			sourceTree = "<group>";
		};
		9F2935EC2B5A89E90016A413 /* main views */ = {
			isa = PBXGroup;
			children = (
				9FEAC8072B24D06100AA7133 /* VocabloScene.swift */,
				9F7FBC972B2CFF790033EBAC /* SettingsScene.swift */,
				9F46EFBE2AE83C510006E5F3 /* ContentView.swift */,
				9F7F6C442B177E7D001B266A /* SidebarView.swift */,
				9F2935EA2B5A81D90016A413 /* VocabularyListDetailView.swift */,
				9F7741192B1343DC00565B42 /* EditVocabularyView OLD.swift */,
				9F7FBC8E2B2BB7BC0033EBAC /* WelcomeSheet.swift */,
				9FDE39DA2B1E78E7000EC63E /* LearningSheet.swift */,
			);
			path = "main views";
			sourceTree = "<group>";
		};
		9F2935ED2B5A89EF0016A413 /* sub views */ = {
			isa = PBXGroup;
			children = (
				9F334D9D2B2BAADD0004AAC9 /* VocabularyItem.swift */,
			);
			path = "sub views";
			sourceTree = "<group>";
		};
		9F323B5C2B96170200A88947 /* list controls */ = {
			isa = PBXGroup;
			children = (
				9FA72CC82B9240E200246E76 /* AddNewListButton.swift */,
				9F323B582B96081E00A88947 /* ResetListButton.swift */,
				9F323B5A2B960A4E00A88947 /* DeleteListButton.swift */,
			);
			path = "list controls";
			sourceTree = "<group>";
		};
		9F323B5F2B9756DB00A88947 /* focused values */ = {
			isa = PBXGroup;
			children = (
				9F323B602B9756F500A88947 /* SelectedList.swift */,
				9F323B622B97572F00A88947 /* SelectedVocabularies.swift */,
			);
			path = "focused values";
			sourceTree = "<group>";
		};
		9F46EFBD2AE823D20006E5F3 /* types */ = {
			isa = PBXGroup;
			children = (
				9FC5832A2AE7088B00A56141 /* WordGroup.swift */,
				9FFB36192AED952C00E510CA /* LearningState.swift */,
				9FFB36212AF0427F00E510CA /* LearningLevel.swift */,
			);
			path = types;
			sourceTree = "<group>";
		};
		9F6C1B0E2B4C584F008717D5 /* VocabloTests */ = {
			isa = PBXGroup;
			children = (
				9F6C1B0F2B4C584F008717D5 /* LearningValueTests.swift */,
				9F56C16D2B504CEB0013442E /* LearningValueManagerTests.swift */,
				9F6C1B162B4C58D1008717D5 /* ModelContextTests.swift */,
			);
			path = VocabloTests;
			sourceTree = "<group>";
		};
		9F77411B2B13452D00565B42 /* view components */ = {
			isa = PBXGroup;
			children = (
				9F7741202B1345DA00565B42 /* WordGroupPicker OLD.swift */,
				9F1019A62B2710B10041CB7D /* LearningStateExplenationPopoverButton.swift */,
			);
			path = "view components";
			sourceTree = "<group>";
		};
		9F7FBC8C2B2BB5310033EBAC /* schemas */ = {
			isa = PBXGroup;
			children = (
				9FDB9CE12B37242200646B67 /* current model typealias.swift */,
				9FDB9CE32B3724AF00646B67 /* schemaV1 */,
			);
			path = schemas;
			sourceTree = "<group>";
		};
		9F7FBC8D2B2BB5610033EBAC /* protocols */ = {
			isa = PBXGroup;
			children = (
				9FFB36172AED93A500E510CA /* Learnable.swift */,
				9F7F6C4C2B17A188001B266A /* TransferConvertable.swift */,
			);
			path = protocols;
			sourceTree = "<group>";
		};
		9F7FBC922B2CFB810033EBAC /* property wrappers */ = {
			isa = PBXGroup;
			children = (
				9F7FBC902B2CFB760033EBAC /* OpacityBool.swift */,
				9F7FBC932B2CFBB60033EBAC /* LearningValue.swift */,
			);
			path = "property wrappers";
			sourceTree = "<group>";
		};
		9F7FBC9E2B2DAC840033EBAC /* managers */ = {
			isa = PBXGroup;
			children = (
				9F7FBC952B2CFE710033EBAC /* LearningValueManager.swift */,
				9FAE26E22B35BA9F0023E5C4 /* AppVersionManager.swift */,
			);
			path = managers;
			sourceTree = "<group>";
		};
		9FA72C8A2B8F88E200246E76 /* project */ = {
			isa = PBXGroup;
			children = (
				9FC583152AE6F70900A56141 /* VocabloApp.swift */,
				9F323B542B95F54800A88947 /* WindowGroupScene.swift */,
				9FA72CB82B92295200246E76 /* ListCommands.swift */,
				9FA72CB62B92294600246E76 /* VocabularyCommands.swift */,
				9FA72CA92B90EE2D00246E76 /* LearningCommands.swift */,
				9FA72C8C2B8F88F400246E76 /* ui */,
				9FA72C8D2B8F890300246E76 /* data */,
				9FA72C8E2B8F895E00246E76 /* services */,
				9FA72C902B8F896F00246E76 /* utilitites */,
			);
			path = project;
			sourceTree = "<group>";
		};
		9FA72C8B2B8F88EF00246E76 /* navigation */ = {
			isa = PBXGroup;
			children = (
				9FA72C992B8F8A5000246E76 /* ContentNavigationView.swift */,
				9FA72C9B2B8F8C2D00246E76 /* Sidebar.swift */,
				9FA72C9D2B90B3F900246E76 /* Detail.swift */,
				9FF746252B98974200118E47 /* AllVocabularyListView.swift */,
				9FF7461D2B9890DB00118E47 /* SearchingVocabularyListView.swift */,
				9FF7461F2B9891E700118E47 /* ListVocabularyListView.swift */,
			);
			path = navigation;
			sourceTree = "<group>";
		};
		9FA72C8C2B8F88F400246E76 /* ui */ = {
			isa = PBXGroup;
			children = (
				9FA72C8B2B8F88EF00246E76 /* navigation */,
				9FA72C942B8F89E800246E76 /* views */,
				9F323B5C2B96170200A88947 /* list controls */,
				9FA72CAF2B92210B00246E76 /* vocabulary controls */,
				9FA72C962B8F8A0800246E76 /* modifiers */,
				9FA72CA62B90EDC700246E76 /* utiltities */,
			);
			path = ui;
			sourceTree = "<group>";
		};
		9FA72C8D2B8F890300246E76 /* data */ = {
			isa = PBXGroup;
			children = (
				9FA72C952B8F89F700246E76 /* models */,
				9FA72C932B8F89CD00246E76 /* extensions */,
			);
			path = data;
			sourceTree = "<group>";
		};
		9FA72C8E2B8F895E00246E76 /* services */ = {
			isa = PBXGroup;
			children = (
			);
			path = services;
			sourceTree = "<group>";
		};
		9FA72C8F2B8F896800246E76 /* extensions */ = {
			isa = PBXGroup;
			children = (
				9FA72CAB2B921D8F00246E76 /* String +ext.swift */,
			);
			path = extensions;
			sourceTree = "<group>";
		};
		9FA72C902B8F896F00246E76 /* utilitites */ = {
			isa = PBXGroup;
			children = (
				9FA72C8F2B8F896800246E76 /* extensions */,
			);
			path = utilitites;
			sourceTree = "<group>";
		};
		9FA72C922B8F89B600246E76 /* extensions */ = {
			isa = PBXGroup;
			children = (
			);
			path = extensions;
			sourceTree = "<group>";
		};
		9FA72C932B8F89CD00246E76 /* extensions */ = {
			isa = PBXGroup;
			children = (
			);
			path = extensions;
			sourceTree = "<group>";
		};
		9FA72C942B8F89E800246E76 /* views */ = {
			isa = PBXGroup;
			children = (
				9FA72CA42B90DD6800246E76 /* VocabularyListRow.swift */,
				9FA72CA12B90DC2600246E76 /* VocabularyListView.swift */,
				9FF746212B98941300118E47 /* VocabularyListViewContextMenu.swift */,
				9FF746232B98942D00118E47 /* VocabularyListViewToolbar.swift */,
				9FA72C9F2B90B96600246E76 /* VocabularyRow.swift */,
				9FA72CAD2B921FB600246E76 /* EditVocabularyView.swift */,
			);
			path = views;
			sourceTree = "<group>";
		};
		9FA72C952B8F89F700246E76 /* models */ = {
			isa = PBXGroup;
			children = (
			);
			path = models;
			sourceTree = "<group>";
		};
		9FA72C962B8F8A0800246E76 /* modifiers */ = {
			isa = PBXGroup;
			children = (
				9F3482652B9F718400C8CBD2 /* CopyableVocabulariesModifier.swift */,
				9F3482672B9F71A400C8CBD2 /* CuttableVocabulariesModifier.swift */,
				9F3482692B9F72D500C8CBD2 /* PasteVocabulariesModifier.swift */,
			);
			path = modifiers;
			sourceTree = "<group>";
		};
		9FA72CA62B90EDC700246E76 /* utiltities */ = {
			isa = PBXGroup;
			children = (
				9F323B5F2B9756DB00A88947 /* focused values */,
				9FA72C922B8F89B600246E76 /* extensions */,
				9FA72CA72B90EDDF00246E76 /* ListSelectingValue.swift */,
			);
			path = utiltities;
			sourceTree = "<group>";
		};
		9FA72CAF2B92210B00246E76 /* vocabulary controls */ = {
			isa = PBXGroup;
			children = (
				9FA72CBA2B9236E900246E76 /* AddNewVocabularyButton.swift */,
				9FA72CC02B9239E800246E76 /* ResetVocabulariesButton.swift */,
				9FA72CC22B923AA300246E76 /* DeleteVocabulariesButton.swift */,
				9FA72CB02B92211700246E76 /* WordGroupPicker.swift */,
				9F323B562B9605A400A88947 /* SetWordGroupMenu.swift */,
				9FA72CC62B923EBE00246E76 /* ResetLearningStateButton.swift */,
				9F7741242B134AC500565B42 /* LearningLevelPicker.swift */,
				9FA72CBE2B92383C00246E76 /* SetVocabularyToLearnButton.swift */,
				9FA72CC42B923CE200246E76 /* LastRepetitionDatePicker.swift */,
				9F323B5D2B97513C00A88947 /* OpenEditVocabularyViewButton.swift */,
			);
			path = "vocabulary controls";
			sourceTree = "<group>";
		};
		9FBDDE412B6AA64A00429B52 /* view elements */ = {
			isa = PBXGroup;
			children = (
				9FD513482B69177E00B7955B /* DuplicateWarningLabel.swift */,
				9FD5134A2B69183700B7955B /* DuplicateVocabulariesPopover.swift */,
				9FD513502B6A97FD00B7955B /* DuplicateVocabularyPopoverButton.swift */,
			);
			path = "view elements";
			sourceTree = "<group>";
		};
		9FC583092AE6F70900A56141 = {
			isa = PBXGroup;
			children = (
				9FC583142AE6F70900A56141 /* Vocablo */,
				9F6C1B0E2B4C584F008717D5 /* VocabloTests */,
				9FC583132AE6F70900A56141 /* Products */,
			);
			sourceTree = "<group>";
		};
		9FC583132AE6F70900A56141 /* Products */ = {
			isa = PBXGroup;
			children = (
				9FC583122AE6F70900A56141 /* Vocablo.app */,
				9F6C1B0D2B4C584F008717D5 /* VocabloTests.xctest */,
			);
			name = Products;
			sourceTree = "<group>";
		};
		9FC583142AE6F70900A56141 /* Vocablo */ = {
			isa = PBXGroup;
			children = (
				9FA72C8A2B8F88E200246E76 /* project */,
				9FAF88472AEAE9E000D81CE0 /* Info.plist */,
				9FC583252AE707CB00A56141 /* ui */,
				9FC583242AE707C600A56141 /* data */,
				9FC583192AE6F70A00A56141 /* Assets.xcassets */,
				9F13D96B2B62B96000DEBDDF /* Documentation.docc */,
				9FC5831B2AE6F70A00A56141 /* Vocablo.entitlements */,
				9FC5831C2AE6F70A00A56141 /* Preview Content */,
				9F1C25292B17EA3900E407C1 /* archiev */,
			);
			path = Vocablo;
			sourceTree = "<group>";
		};
		9FC5831C2AE6F70A00A56141 /* Preview Content */ = {
			isa = PBXGroup;
			children = (
				9FC5831D2AE6F70A00A56141 /* Preview Assets.xcassets */,
			);
			path = "Preview Content";
			sourceTree = "<group>";
		};
		9FC583242AE707C600A56141 /* data */ = {
			isa = PBXGroup;
			children = (
				9F1949B82B73D4F200E28B9B /* SelectionContext */,
				9F13D95C2B5FD9A800DEBDDF /* ActionPublisherService */,
				9FD513452B69163A00B7955B /* DuplicateModelService */,
				9F7FBC8D2B2BB5610033EBAC /* protocols */,
				9F7FBC8C2B2BB5310033EBAC /* schemas */,
				9F46EFBD2AE823D20006E5F3 /* types */,
				9F7FBC922B2CFB810033EBAC /* property wrappers */,
				9F7FBC9E2B2DAC840033EBAC /* managers */,
				9F23D93F2B0BF52800C90BBB /* extensions */,
				9FF0F69E2B0401E200693857 /* uttypes */,
			);
			path = data;
			sourceTree = "<group>";
		};
		9FC583252AE707CB00A56141 /* ui */ = {
			isa = PBXGroup;
			children = (
				9F2935EC2B5A89E90016A413 /* main views */,
				9F2935ED2B5A89EF0016A413 /* sub views */,
				9F0975E02AF590810001C9E3 /* view modifiers */,
				9F77411B2B13452D00565B42 /* view components */,
				9FF78ED22B481C01006F6756 /* envrionmentkeys */,
			);
			path = ui;
			sourceTree = "<group>";
		};
		9FD513452B69163A00B7955B /* DuplicateModelService */ = {
			isa = PBXGroup;
			children = (
				9F9BD2282B83AC0A009DE663 /* FetchDescriptor +ext for Duplcates .swift */,
				9FBDDE412B6AA64A00429B52 /* view elements */,
			);
			path = DuplicateModelService;
			sourceTree = "<group>";
		};
		9FDB9CE32B3724AF00646B67 /* schemaV1 */ = {
			isa = PBXGroup;
			children = (
				9FDB9CDF2B3723CC00646B67 /* SchemaV1.swift */,
				9FC583262AE7080E00A56141 /* SchemaV1 VocabularyList.swift */,
				9FC583282AE7085400A56141 /* SchemaV1 Vocabulary.swift */,
				9F46EFBB2AE81F5D0006E5F3 /* SchemaV1 Tag.swift */,
			);
			path = schemaV1;
			sourceTree = "<group>";
		};
		9FF0F69E2B0401E200693857 /* uttypes */ = {
			isa = PBXGroup;
			children = (
				9F2767312B0525A900C99231 /* Vocabulary UTType.swift */,
			);
			path = uttypes;
			sourceTree = "<group>";
		};
		9FF78ED22B481C01006F6756 /* envrionmentkeys */ = {
			isa = PBXGroup;
			children = (
				9FD5134C2B695A3D00B7955B /* SheetContext.swift */,
				9FEDFF112B7B9D6300728D7C /* SearchingText.swift */,
			);
			path = envrionmentkeys;
			sourceTree = "<group>";
		};
/* End PBXGroup section */

/* Begin PBXNativeTarget section */
		9F6C1B0C2B4C584F008717D5 /* VocabloTests */ = {
			isa = PBXNativeTarget;
			buildConfigurationList = 9F6C1B152B4C584F008717D5 /* Build configuration list for PBXNativeTarget "VocabloTests" */;
			buildPhases = (
				9F6C1B092B4C584F008717D5 /* Sources */,
				9F6C1B0A2B4C584F008717D5 /* Frameworks */,
				9F6C1B0B2B4C584F008717D5 /* Resources */,
			);
			buildRules = (
			);
			dependencies = (
				9F6C1B122B4C584F008717D5 /* PBXTargetDependency */,
			);
			name = VocabloTests;
			productName = VocabloTests;
			productReference = 9F6C1B0D2B4C584F008717D5 /* VocabloTests.xctest */;
			productType = "com.apple.product-type.bundle.unit-test";
		};
		9FC583112AE6F70900A56141 /* Vocablo */ = {
			isa = PBXNativeTarget;
			buildConfigurationList = 9FC583212AE6F70A00A56141 /* Build configuration list for PBXNativeTarget "Vocablo" */;
			buildPhases = (
				9FC5830E2AE6F70900A56141 /* Sources */,
				9FC5830F2AE6F70900A56141 /* Frameworks */,
				9FC583102AE6F70900A56141 /* Resources */,
			);
			buildRules = (
			);
			dependencies = (
			);
			name = Vocablo;
			productName = Vocablo;
			productReference = 9FC583122AE6F70900A56141 /* Vocablo.app */;
			productType = "com.apple.product-type.application";
		};
/* End PBXNativeTarget section */

/* Begin PBXProject section */
		9FC5830A2AE6F70900A56141 /* Project object */ = {
			isa = PBXProject;
			attributes = {
				BuildIndependentTargetsInParallel = 1;
				LastSwiftUpdateCheck = 1510;
				LastUpgradeCheck = 1500;
				TargetAttributes = {
					9F6C1B0C2B4C584F008717D5 = {
						CreatedOnToolsVersion = 15.1;
						TestTargetID = 9FC583112AE6F70900A56141;
					};
					9FC583112AE6F70900A56141 = {
						CreatedOnToolsVersion = 15.0.1;
					};
				};
			};
			buildConfigurationList = 9FC5830D2AE6F70900A56141 /* Build configuration list for PBXProject "Vocablo" */;
			compatibilityVersion = "Xcode 14.0";
			developmentRegion = en;
			hasScannedForEncodings = 0;
			knownRegions = (
				en,
				Base,
			);
			mainGroup = 9FC583092AE6F70900A56141;
			productRefGroup = 9FC583132AE6F70900A56141 /* Products */;
			projectDirPath = "";
			projectRoot = "";
			targets = (
				9FC583112AE6F70900A56141 /* Vocablo */,
				9F6C1B0C2B4C584F008717D5 /* VocabloTests */,
			);
		};
/* End PBXProject section */

/* Begin PBXResourcesBuildPhase section */
		9F6C1B0B2B4C584F008717D5 /* Resources */ = {
			isa = PBXResourcesBuildPhase;
			buildActionMask = 2147483647;
			files = (
			);
			runOnlyForDeploymentPostprocessing = 0;
		};
		9FC583102AE6F70900A56141 /* Resources */ = {
			isa = PBXResourcesBuildPhase;
			buildActionMask = 2147483647;
			files = (
				9FC5831E2AE6F70A00A56141 /* Preview Assets.xcassets in Resources */,
				9FC5831A2AE6F70A00A56141 /* Assets.xcassets in Resources */,
			);
			runOnlyForDeploymentPostprocessing = 0;
		};
/* End PBXResourcesBuildPhase section */

/* Begin PBXSourcesBuildPhase section */
		9F6C1B092B4C584F008717D5 /* Sources */ = {
			isa = PBXSourcesBuildPhase;
			buildActionMask = 2147483647;
			files = (
				9F6C1B102B4C584F008717D5 /* LearningValueTests.swift in Sources */,
				9F56C16E2B504CEB0013442E /* LearningValueManagerTests.swift in Sources */,
				9F6C1B172B4C58D1008717D5 /* ModelContextTests.swift in Sources */,
			);
			runOnlyForDeploymentPostprocessing = 0;
		};
		9FC5830E2AE6F70900A56141 /* Sources */ = {
			isa = PBXSourcesBuildPhase;
			buildActionMask = 2147483647;
			files = (
				9F13D9662B60038200DEBDDF /* onAction.swift in Sources */,
				9F334D9C2B2BA9E40004AAC9 /* VocabulariesListView.swift in Sources */,
				9F66361C2B83811C008C7980 /* FetchDescriptor +ext.swift in Sources */,
				9FFB36222AF0427F00E510CA /* LearningLevel.swift in Sources */,
				9F323B632B97572F00A88947 /* SelectedVocabularies.swift in Sources */,
				9F46EFBC2AE81F5D0006E5F3 /* SchemaV1 Tag.swift in Sources */,
				9F13D9682B60045D00DEBDDF /* AddingVocabularPublisher.swift in Sources */,
				9F7FBC8F2B2BB7BC0033EBAC /* WelcomeSheet.swift in Sources */,
				9F6636222B839C7B008C7980 /* Vocabulary +ext.swift in Sources */,
				9F13D9602B5FD9FF00DEBDDF /* ActionPublisher.swift in Sources */,
				9FF746202B9891E700118E47 /* ListVocabularyListView.swift in Sources */,
				9F7741212B1345DA00565B42 /* WordGroupPicker OLD.swift in Sources */,
				9F13D9622B5FDE0600DEBDDF /* onActionViewModifier.swift in Sources */,
				9F0975E22AF590C10001C9E3 /* ButtomToolbar.swift in Sources */,
				9F13D95E2B5FD9B900DEBDDF /* ActionReactingService.swift in Sources */,
				9F323B5E2B97513C00A88947 /* OpenEditVocabularyViewButton.swift in Sources */,
				9F3482682B9F71A400C8CBD2 /* CuttableVocabulariesModifier.swift in Sources */,
				9F7741232B1345F100565B42 /* TagMultiPicker.swift in Sources */,
				9FD5134B2B69183700B7955B /* DuplicateVocabulariesPopover.swift in Sources */,
				9FA72CAE2B921FB600246E76 /* EditVocabularyView.swift in Sources */,
				9FDB9CE22B37242200646B67 /* current model typealias.swift in Sources */,
				9F2935EB2B5A81D90016A413 /* VocabularyListDetailView.swift in Sources */,
				9FA72CBB2B9236E900246E76 /* AddNewVocabularyButton.swift in Sources */,
				9F323B592B96081E00A88947 /* ResetListButton.swift in Sources */,
				9FEAC8082B24D06100AA7133 /* VocabloScene.swift in Sources */,
				9F46EFC12AE83EB90006E5F3 /* ListTableView.swift in Sources */,
				9FA72CAC2B921D8F00246E76 /* String +ext.swift in Sources */,
				9FA72CAA2B90EE2D00246E76 /* LearningCommands.swift in Sources */,
				9F66361E2B838405008C7980 /* VocabularyList +ext.swift in Sources */,
				9FA72CC52B923CE200246E76 /* LastRepetitionDatePicker.swift in Sources */,
				9F7741252B134AC600565B42 /* LearningLevelPicker.swift in Sources */,
				9FF746262B98974200118E47 /* AllVocabularyListView.swift in Sources */,
				9F9BD2292B83AC0A009DE663 /* FetchDescriptor +ext for Duplcates .swift in Sources */,
				9FF78ED12B481718006F6756 /* ModelContainer.swift in Sources */,
				9F7FBC912B2CFB760033EBAC /* OpacityBool.swift in Sources */,
				9F334D9E2B2BAADD0004AAC9 /* VocabularyItem.swift in Sources */,
				9F13D96A2B6005FF00DEBDDF /* AddingVocabularyListPublisher.swift in Sources */,
				9FA72CA22B90DC2600246E76 /* VocabularyListView.swift in Sources */,
				9FA72C9A2B8F8A5000246E76 /* ContentNavigationView.swift in Sources */,
				9F7F6C432B168D75001B266A /* ModelContext.swift in Sources */,
				9FA72CB92B92295200246E76 /* ListCommands.swift in Sources */,
				9FC5832B2AE7088B00A56141 /* WordGroup.swift in Sources */,
				9F11D7982B22762C0050A3AD /* VocabulariesPasteDestination.swift in Sources */,
				9F6636202B839026008C7980 /* Optional.swift in Sources */,
				9F323B612B9756F500A88947 /* SelectedList.swift in Sources */,
				9FA72CC92B9240E200246E76 /* AddNewListButton.swift in Sources */,
				9F9491142B3323B20018AF4C /* Date.swift in Sources */,
				9F23D9412B0BF53200C90BBB /* Array.swift in Sources */,
				9FC583272AE7080E00A56141 /* SchemaV1 VocabularyList.swift in Sources */,
				9FD513512B6A97FD00B7955B /* DuplicateVocabularyPopoverButton.swift in Sources */,
				9FA72CC72B923EBE00246E76 /* ResetLearningStateButton.swift in Sources */,
				9FDB9CE02B3723CC00646B67 /* SchemaV1.swift in Sources */,
				9FFB36182AED93A500E510CA /* Learnable.swift in Sources */,
				9FF7461E2B9890DB00118E47 /* SearchingVocabularyListView.swift in Sources */,
				9FAE26E32B35BA9F0023E5C4 /* AppVersionManager.swift in Sources */,
				9F13D9642B5FDE2E00DEBDDF /* ActionReactingService EnvrionmentKey.swift in Sources */,
				9FC583162AE6F70900A56141 /* VocabloApp.swift in Sources */,
				9F1949BA2B73D51200E28B9B /* ListSelectionSet.swift in Sources */,
				9F11D7962B2274BC0050A3AD /* CuttableVocabularies.swift in Sources */,
				9FA72CB72B92294600246E76 /* VocabularyCommands.swift in Sources */,
				9FA72CC32B923AA300246E76 /* DeleteVocabulariesButton.swift in Sources */,
				9F7F6C4D2B17A188001B266A /* TransferConvertable.swift in Sources */,
				9FFB361E2AED9AE300E510CA /* LearningView.swift in Sources */,
				9F11D7942B22726B0050A3AD /* CopyableVocabularies.swift in Sources */,
				9FA72CC12B9239E800246E76 /* ResetVocabulariesButton.swift in Sources */,
				9FA72C9C2B8F8C2D00246E76 /* Sidebar.swift in Sources */,
				9F323B552B95F54800A88947 /* WindowGroupScene.swift in Sources */,
				9F7FBC982B2CFF790033EBAC /* SettingsScene.swift in Sources */,
				9F1019A72B2710B10041CB7D /* LearningStateExplenationPopoverButton.swift in Sources */,
				9FF746222B98941300118E47 /* VocabularyListViewContextMenu.swift in Sources */,
				9FA72CA52B90DD6800246E76 /* VocabularyListRow.swift in Sources */,
				9FD5134D2B695A3D00B7955B /* SheetContext.swift in Sources */,
				9F2767322B0525A900C99231 /* Vocabulary UTType.swift in Sources */,
				9F7F6C452B177E7D001B266A /* SidebarView.swift in Sources */,
				9FEDFF122B7B9D6300728D7C /* SearchingText.swift in Sources */,
				9F3C66B72B2A572B00E75793 /* LinkUndoManager.swift in Sources */,
				9F77411A2B1343DC00565B42 /* EditVocabularyView OLD.swift in Sources */,
				9FA72CB12B92211700246E76 /* WordGroupPicker.swift in Sources */,
				9FA72C9E2B90B3F900246E76 /* Detail.swift in Sources */,
				9F7FBC942B2CFBB60033EBAC /* LearningValue.swift in Sources */,
				9FA72CA02B90B96600246E76 /* VocabularyRow.swift in Sources */,
				9F1949BC2B73D52C00E28B9B /* ListSelectionValue.swift in Sources */,
				9FC583292AE7085400A56141 /* SchemaV1 Vocabulary.swift in Sources */,
				9F7FBC962B2CFE710033EBAC /* LearningValueManager.swift in Sources */,
				9FD513492B69177E00B7955B /* DuplicateWarningLabel.swift in Sources */,
				9F7F6C472B1781E2001B266A /* Badge.swift in Sources */,
				9FDE39DB2B1E78E7000EC63E /* LearningSheet.swift in Sources */,
				9F323B5B2B960A4E00A88947 /* DeleteListButton.swift in Sources */,
				9FF78ED42B481C20006F6756 /* SelectionContext.swift in Sources */,
				9FA72CA82B90EDDF00246E76 /* ListSelectingValue.swift in Sources */,
				9F3482662B9F718400C8CBD2 /* CopyableVocabulariesModifier.swift in Sources */,
				9F13D96C2B62B96000DEBDDF /* Documentation.docc in Sources */,
				9FA72CBF2B92383C00246E76 /* SetVocabularyToLearnButton.swift in Sources */,
				9F323B572B9605A400A88947 /* SetWordGroupMenu.swift in Sources */,
				9F34826A2B9F72D500C8CBD2 /* PasteVocabulariesModifier.swift in Sources */,
				9FF78ED82B484B7D006F6756 /* Set.swift in Sources */,
				9FF746242B98942D00118E47 /* VocabularyListViewToolbar.swift in Sources */,
				9F46EFBF2AE83C510006E5F3 /* ContentView.swift in Sources */,
				9FF01AAC2B152EB30038BEAE /* DetailView.swift in Sources */,
				9FFB361A2AED952C00E510CA /* LearningState.swift in Sources */,
			);
			runOnlyForDeploymentPostprocessing = 0;
		};
/* End PBXSourcesBuildPhase section */

/* Begin PBXTargetDependency section */
		9F6C1B122B4C584F008717D5 /* PBXTargetDependency */ = {
			isa = PBXTargetDependency;
			target = 9FC583112AE6F70900A56141 /* Vocablo */;
			targetProxy = 9F6C1B112B4C584F008717D5 /* PBXContainerItemProxy */;
		};
/* End PBXTargetDependency section */

/* Begin XCBuildConfiguration section */
		9F6C1B132B4C584F008717D5 /* Debug */ = {
			isa = XCBuildConfiguration;
			buildSettings = {
				BUNDLE_LOADER = "$(TEST_HOST)";
				CODE_SIGN_STYLE = Automatic;
				CURRENT_PROJECT_VERSION = 1;
				DEVELOPMENT_TEAM = 5B4LV69C8H;
				GENERATE_INFOPLIST_FILE = YES;
				MACOSX_DEPLOYMENT_TARGET = 14.2;
				MARKETING_VERSION = 1.0;
				PRODUCT_BUNDLE_IDENTIFIER = com.marceljaeger.VocabloTests;
				PRODUCT_NAME = "$(TARGET_NAME)";
				SDKROOT = macosx;
				SWIFT_EMIT_LOC_STRINGS = NO;
				SWIFT_VERSION = 5.0;
				TEST_HOST = "$(BUILT_PRODUCTS_DIR)/Vocablo.app/$(BUNDLE_EXECUTABLE_FOLDER_PATH)/Vocablo";
			};
			name = Debug;
		};
		9F6C1B142B4C584F008717D5 /* Release */ = {
			isa = XCBuildConfiguration;
			buildSettings = {
				BUNDLE_LOADER = "$(TEST_HOST)";
				CODE_SIGN_STYLE = Automatic;
				CURRENT_PROJECT_VERSION = 1;
				DEVELOPMENT_TEAM = 5B4LV69C8H;
				GENERATE_INFOPLIST_FILE = YES;
				MACOSX_DEPLOYMENT_TARGET = 14.2;
				MARKETING_VERSION = 1.0;
				PRODUCT_BUNDLE_IDENTIFIER = com.marceljaeger.VocabloTests;
				PRODUCT_NAME = "$(TARGET_NAME)";
				SDKROOT = macosx;
				SWIFT_EMIT_LOC_STRINGS = NO;
				SWIFT_VERSION = 5.0;
				TEST_HOST = "$(BUILT_PRODUCTS_DIR)/Vocablo.app/$(BUNDLE_EXECUTABLE_FOLDER_PATH)/Vocablo";
			};
			name = Release;
		};
		9FC5831F2AE6F70A00A56141 /* Debug */ = {
			isa = XCBuildConfiguration;
			buildSettings = {
				ALWAYS_SEARCH_USER_PATHS = NO;
				ASSETCATALOG_COMPILER_GENERATE_SWIFT_ASSET_SYMBOL_EXTENSIONS = YES;
				CLANG_ANALYZER_NONNULL = YES;
				CLANG_ANALYZER_NUMBER_OBJECT_CONVERSION = YES_AGGRESSIVE;
				CLANG_CXX_LANGUAGE_STANDARD = "gnu++20";
				CLANG_ENABLE_MODULES = YES;
				CLANG_ENABLE_OBJC_ARC = YES;
				CLANG_ENABLE_OBJC_WEAK = YES;
				CLANG_WARN_BLOCK_CAPTURE_AUTORELEASING = YES;
				CLANG_WARN_BOOL_CONVERSION = YES;
				CLANG_WARN_COMMA = YES;
				CLANG_WARN_CONSTANT_CONVERSION = YES;
				CLANG_WARN_DEPRECATED_OBJC_IMPLEMENTATIONS = YES;
				CLANG_WARN_DIRECT_OBJC_ISA_USAGE = YES_ERROR;
				CLANG_WARN_DOCUMENTATION_COMMENTS = YES;
				CLANG_WARN_EMPTY_BODY = YES;
				CLANG_WARN_ENUM_CONVERSION = YES;
				CLANG_WARN_INFINITE_RECURSION = YES;
				CLANG_WARN_INT_CONVERSION = YES;
				CLANG_WARN_NON_LITERAL_NULL_CONVERSION = YES;
				CLANG_WARN_OBJC_IMPLICIT_RETAIN_SELF = YES;
				CLANG_WARN_OBJC_LITERAL_CONVERSION = YES;
				CLANG_WARN_OBJC_ROOT_CLASS = YES_ERROR;
				CLANG_WARN_QUOTED_INCLUDE_IN_FRAMEWORK_HEADER = YES;
				CLANG_WARN_RANGE_LOOP_ANALYSIS = YES;
				CLANG_WARN_STRICT_PROTOTYPES = YES;
				CLANG_WARN_SUSPICIOUS_MOVE = YES;
				CLANG_WARN_UNGUARDED_AVAILABILITY = YES_AGGRESSIVE;
				CLANG_WARN_UNREACHABLE_CODE = YES;
				CLANG_WARN__DUPLICATE_METHOD_MATCH = YES;
				COPY_PHASE_STRIP = NO;
				DEBUG_INFORMATION_FORMAT = dwarf;
				ENABLE_STRICT_OBJC_MSGSEND = YES;
				ENABLE_TESTABILITY = YES;
				ENABLE_USER_SCRIPT_SANDBOXING = YES;
				GCC_C_LANGUAGE_STANDARD = gnu17;
				GCC_DYNAMIC_NO_PIC = NO;
				GCC_NO_COMMON_BLOCKS = YES;
				GCC_OPTIMIZATION_LEVEL = 0;
				GCC_PREPROCESSOR_DEFINITIONS = (
					"DEBUG=1",
					"$(inherited)",
				);
				GCC_WARN_64_TO_32_BIT_CONVERSION = YES;
				GCC_WARN_ABOUT_RETURN_TYPE = YES_ERROR;
				GCC_WARN_UNDECLARED_SELECTOR = YES;
				GCC_WARN_UNINITIALIZED_AUTOS = YES_AGGRESSIVE;
				GCC_WARN_UNUSED_FUNCTION = YES;
				GCC_WARN_UNUSED_VARIABLE = YES;
				LOCALIZATION_PREFERS_STRING_CATALOGS = YES;
				MTL_ENABLE_DEBUG_INFO = INCLUDE_SOURCE;
				MTL_FAST_MATH = YES;
				ONLY_ACTIVE_ARCH = YES;
				SWIFT_ACTIVE_COMPILATION_CONDITIONS = "DEBUG $(inherited)";
				SWIFT_OPTIMIZATION_LEVEL = "-Onone";
			};
			name = Debug;
		};
		9FC583202AE6F70A00A56141 /* Release */ = {
			isa = XCBuildConfiguration;
			buildSettings = {
				ALWAYS_SEARCH_USER_PATHS = NO;
				ASSETCATALOG_COMPILER_GENERATE_SWIFT_ASSET_SYMBOL_EXTENSIONS = YES;
				CLANG_ANALYZER_NONNULL = YES;
				CLANG_ANALYZER_NUMBER_OBJECT_CONVERSION = YES_AGGRESSIVE;
				CLANG_CXX_LANGUAGE_STANDARD = "gnu++20";
				CLANG_ENABLE_MODULES = YES;
				CLANG_ENABLE_OBJC_ARC = YES;
				CLANG_ENABLE_OBJC_WEAK = YES;
				CLANG_WARN_BLOCK_CAPTURE_AUTORELEASING = YES;
				CLANG_WARN_BOOL_CONVERSION = YES;
				CLANG_WARN_COMMA = YES;
				CLANG_WARN_CONSTANT_CONVERSION = YES;
				CLANG_WARN_DEPRECATED_OBJC_IMPLEMENTATIONS = YES;
				CLANG_WARN_DIRECT_OBJC_ISA_USAGE = YES_ERROR;
				CLANG_WARN_DOCUMENTATION_COMMENTS = YES;
				CLANG_WARN_EMPTY_BODY = YES;
				CLANG_WARN_ENUM_CONVERSION = YES;
				CLANG_WARN_INFINITE_RECURSION = YES;
				CLANG_WARN_INT_CONVERSION = YES;
				CLANG_WARN_NON_LITERAL_NULL_CONVERSION = YES;
				CLANG_WARN_OBJC_IMPLICIT_RETAIN_SELF = YES;
				CLANG_WARN_OBJC_LITERAL_CONVERSION = YES;
				CLANG_WARN_OBJC_ROOT_CLASS = YES_ERROR;
				CLANG_WARN_QUOTED_INCLUDE_IN_FRAMEWORK_HEADER = YES;
				CLANG_WARN_RANGE_LOOP_ANALYSIS = YES;
				CLANG_WARN_STRICT_PROTOTYPES = YES;
				CLANG_WARN_SUSPICIOUS_MOVE = YES;
				CLANG_WARN_UNGUARDED_AVAILABILITY = YES_AGGRESSIVE;
				CLANG_WARN_UNREACHABLE_CODE = YES;
				CLANG_WARN__DUPLICATE_METHOD_MATCH = YES;
				COPY_PHASE_STRIP = NO;
				DEBUG_INFORMATION_FORMAT = "dwarf-with-dsym";
				ENABLE_NS_ASSERTIONS = NO;
				ENABLE_STRICT_OBJC_MSGSEND = YES;
				ENABLE_USER_SCRIPT_SANDBOXING = YES;
				GCC_C_LANGUAGE_STANDARD = gnu17;
				GCC_NO_COMMON_BLOCKS = YES;
				GCC_WARN_64_TO_32_BIT_CONVERSION = YES;
				GCC_WARN_ABOUT_RETURN_TYPE = YES_ERROR;
				GCC_WARN_UNDECLARED_SELECTOR = YES;
				GCC_WARN_UNINITIALIZED_AUTOS = YES_AGGRESSIVE;
				GCC_WARN_UNUSED_FUNCTION = YES;
				GCC_WARN_UNUSED_VARIABLE = YES;
				LOCALIZATION_PREFERS_STRING_CATALOGS = YES;
				MTL_ENABLE_DEBUG_INFO = NO;
				MTL_FAST_MATH = YES;
				SWIFT_COMPILATION_MODE = wholemodule;
			};
			name = Release;
		};
		9FC583222AE6F70A00A56141 /* Debug */ = {
			isa = XCBuildConfiguration;
			buildSettings = {
				ASSETCATALOG_COMPILER_APPICON_NAME = Appicon;
				ASSETCATALOG_COMPILER_GLOBAL_ACCENT_COLOR_NAME = AccentColor;
				CODE_SIGN_ENTITLEMENTS = Vocablo/Vocablo.entitlements;
				CODE_SIGN_IDENTITY = "Apple Development";
				CODE_SIGN_STYLE = Automatic;
				CURRENT_PROJECT_VERSION = 1;
				DEVELOPMENT_ASSET_PATHS = "\"Vocablo/Preview Content\"";
				DEVELOPMENT_TEAM = 5B4LV69C8H;
				ENABLE_HARDENED_RUNTIME = YES;
				ENABLE_PREVIEWS = YES;
				GENERATE_INFOPLIST_FILE = YES;
				INFOPLIST_FILE = Vocablo/Info.plist;
				"INFOPLIST_KEY_UIApplicationSceneManifest_Generation[sdk=iphoneos*]" = YES;
				"INFOPLIST_KEY_UIApplicationSceneManifest_Generation[sdk=iphonesimulator*]" = YES;
				"INFOPLIST_KEY_UIApplicationSupportsIndirectInputEvents[sdk=iphoneos*]" = YES;
				"INFOPLIST_KEY_UIApplicationSupportsIndirectInputEvents[sdk=iphonesimulator*]" = YES;
				"INFOPLIST_KEY_UILaunchScreen_Generation[sdk=iphoneos*]" = YES;
				"INFOPLIST_KEY_UILaunchScreen_Generation[sdk=iphonesimulator*]" = YES;
				"INFOPLIST_KEY_UIStatusBarStyle[sdk=iphoneos*]" = UIStatusBarStyleDefault;
				"INFOPLIST_KEY_UIStatusBarStyle[sdk=iphonesimulator*]" = UIStatusBarStyleDefault;
				INFOPLIST_KEY_UISupportedInterfaceOrientations_iPad = "UIInterfaceOrientationPortrait UIInterfaceOrientationPortraitUpsideDown UIInterfaceOrientationLandscapeLeft UIInterfaceOrientationLandscapeRight";
				INFOPLIST_KEY_UISupportedInterfaceOrientations_iPhone = "UIInterfaceOrientationPortrait UIInterfaceOrientationLandscapeLeft UIInterfaceOrientationLandscapeRight";
				INFOPLIST_KEY_UISupportsDocumentBrowser = YES;
				IPHONEOS_DEPLOYMENT_TARGET = 17.0;
				LD_RUNPATH_SEARCH_PATHS = "@executable_path/Frameworks";
				"LD_RUNPATH_SEARCH_PATHS[sdk=macosx*]" = "@executable_path/../Frameworks";
				MACOSX_DEPLOYMENT_TARGET = 14.2;
				MARKETING_VERSION = 0.4;
				PRODUCT_BUNDLE_IDENTIFIER = com.marceljaeger.Vocablo;
				PRODUCT_NAME = "$(TARGET_NAME)";
				PROVISIONING_PROFILE_SPECIFIER = "";
				SDKROOT = auto;
				SUPPORTED_PLATFORMS = macosx;
				SUPPORTS_MACCATALYST = NO;
				SWIFT_EMIT_LOC_STRINGS = YES;
				SWIFT_VERSION = 5.0;
			};
			name = Debug;
		};
		9FC583232AE6F70A00A56141 /* Release */ = {
			isa = XCBuildConfiguration;
			buildSettings = {
				ASSETCATALOG_COMPILER_APPICON_NAME = Appicon;
				ASSETCATALOG_COMPILER_GLOBAL_ACCENT_COLOR_NAME = AccentColor;
				CODE_SIGN_ENTITLEMENTS = Vocablo/Vocablo.entitlements;
				CODE_SIGN_IDENTITY = "Apple Development";
				CODE_SIGN_STYLE = Automatic;
				CURRENT_PROJECT_VERSION = 1;
				DEVELOPMENT_ASSET_PATHS = "\"Vocablo/Preview Content\"";
				DEVELOPMENT_TEAM = 5B4LV69C8H;
				ENABLE_HARDENED_RUNTIME = YES;
				ENABLE_PREVIEWS = YES;
				GENERATE_INFOPLIST_FILE = YES;
				INFOPLIST_FILE = Vocablo/Info.plist;
				"INFOPLIST_KEY_UIApplicationSceneManifest_Generation[sdk=iphoneos*]" = YES;
				"INFOPLIST_KEY_UIApplicationSceneManifest_Generation[sdk=iphonesimulator*]" = YES;
				"INFOPLIST_KEY_UIApplicationSupportsIndirectInputEvents[sdk=iphoneos*]" = YES;
				"INFOPLIST_KEY_UIApplicationSupportsIndirectInputEvents[sdk=iphonesimulator*]" = YES;
				"INFOPLIST_KEY_UILaunchScreen_Generation[sdk=iphoneos*]" = YES;
				"INFOPLIST_KEY_UILaunchScreen_Generation[sdk=iphonesimulator*]" = YES;
				"INFOPLIST_KEY_UIStatusBarStyle[sdk=iphoneos*]" = UIStatusBarStyleDefault;
				"INFOPLIST_KEY_UIStatusBarStyle[sdk=iphonesimulator*]" = UIStatusBarStyleDefault;
				INFOPLIST_KEY_UISupportedInterfaceOrientations_iPad = "UIInterfaceOrientationPortrait UIInterfaceOrientationPortraitUpsideDown UIInterfaceOrientationLandscapeLeft UIInterfaceOrientationLandscapeRight";
				INFOPLIST_KEY_UISupportedInterfaceOrientations_iPhone = "UIInterfaceOrientationPortrait UIInterfaceOrientationLandscapeLeft UIInterfaceOrientationLandscapeRight";
				INFOPLIST_KEY_UISupportsDocumentBrowser = YES;
				IPHONEOS_DEPLOYMENT_TARGET = 17.0;
				LD_RUNPATH_SEARCH_PATHS = "@executable_path/Frameworks";
				"LD_RUNPATH_SEARCH_PATHS[sdk=macosx*]" = "@executable_path/../Frameworks";
				MACOSX_DEPLOYMENT_TARGET = 14.2;
				MARKETING_VERSION = 0.4;
				PRODUCT_BUNDLE_IDENTIFIER = com.marceljaeger.Vocablo;
				PRODUCT_NAME = "$(TARGET_NAME)";
				PROVISIONING_PROFILE_SPECIFIER = "";
				SDKROOT = auto;
				SUPPORTED_PLATFORMS = macosx;
				SUPPORTS_MACCATALYST = NO;
				SWIFT_EMIT_LOC_STRINGS = YES;
				SWIFT_VERSION = 5.0;
			};
			name = Release;
		};
/* End XCBuildConfiguration section */

/* Begin XCConfigurationList section */
		9F6C1B152B4C584F008717D5 /* Build configuration list for PBXNativeTarget "VocabloTests" */ = {
			isa = XCConfigurationList;
			buildConfigurations = (
				9F6C1B132B4C584F008717D5 /* Debug */,
				9F6C1B142B4C584F008717D5 /* Release */,
			);
			defaultConfigurationIsVisible = 0;
			defaultConfigurationName = Release;
		};
		9FC5830D2AE6F70900A56141 /* Build configuration list for PBXProject "Vocablo" */ = {
			isa = XCConfigurationList;
			buildConfigurations = (
				9FC5831F2AE6F70A00A56141 /* Debug */,
				9FC583202AE6F70A00A56141 /* Release */,
			);
			defaultConfigurationIsVisible = 0;
			defaultConfigurationName = Release;
		};
		9FC583212AE6F70A00A56141 /* Build configuration list for PBXNativeTarget "Vocablo" */ = {
			isa = XCConfigurationList;
			buildConfigurations = (
				9FC583222AE6F70A00A56141 /* Debug */,
				9FC583232AE6F70A00A56141 /* Release */,
			);
			defaultConfigurationIsVisible = 0;
			defaultConfigurationName = Release;
		};
/* End XCConfigurationList section */
	};
	rootObject = 9FC5830A2AE6F70900A56141 /* Project object */;
}
